{
  "version": 4,
  "terraform_version": "1.14.2",
  "serial": 416,
  "lineage": "5a9e6262-7148-c77b-895b-92f804357b69",
  "outputs": {
    "backend_domain_mapping_records": {
      "value": [
        {
          "name": "api",
          "rrdata": "ghs.googlehosted.com.",
          "type": "CNAME"
        }
      ],
      "type": [
        "list",
        [
          "object",
          {
            "name": "string",
            "rrdata": "string",
            "type": "string"
          }
        ]
      ]
    },
    "backend_url": {
      "value": "https://celestial-backend-qzdsdfovsq-an.a.run.app",
      "type": "string"
    },
    "db_instance_connection_name": {
      "value": "celestial-biome-480601:asia-northeast1:celestial-db-instance-abb9a544",
      "type": "string"
    },
    "db_password_secret_id": {
      "value": "projects/celestial-biome-480601/secrets/db-password",
      "type": "string"
    },
    "domain_mapping_records": {
      "value": [
        {
          "name": "app",
          "rrdata": "ghs.googlehosted.com.",
          "type": "CNAME"
        }
      ],
      "type": [
        "list",
        [
          "object",
          {
            "name": "string",
            "rrdata": "string",
            "type": "string"
          }
        ]
      ]
    },
    "frontend_url": {
      "value": "https://celestial-frontend-qzdsdfovsq-an.a.run.app",
      "type": "string"
    },
    "service_account_email": {
      "value": "github-actions-sa@celestial-biome-480601.iam.gserviceaccount.com",
      "type": "string"
    },
    "wif_provider_name": {
      "value": "projects/617827263662/locations/global/workloadIdentityPools/celestial-pool/providers/gh-provider-cloudshell",
      "type": "string"
    }
  },
  "resources": [
    {
      "module": "module.core",
      "mode": "data",
      "type": "google_compute_default_service_account",
      "name": "default",
      "provider": "provider[\"registry.terraform.io/hashicorp/google\"]",
      "instances": [
        {
          "schema_version": 0,
          "attributes": {
            "display_name": "Default compute service account",
            "email": "617827263662-compute@developer.gserviceaccount.com",
            "id": "projects/celestial-biome-480601/serviceAccounts/617827263662-compute@developer.gserviceaccount.com",
            "member": "serviceAccount:617827263662-compute@developer.gserviceaccount.com",
            "name": "projects/celestial-biome-480601/serviceAccounts/617827263662-compute@developer.gserviceaccount.com",
            "project": "celestial-biome-480601",
            "unique_id": "109503576291833524067"
          },
          "sensitive_attributes": [],
          "identity_schema_version": 0
        }
      ]
    },
    {
      "module": "module.core",
      "mode": "data",
      "type": "sentry_key",
      "name": "backend",
      "provider": "provider[\"registry.terraform.io/jianyuan/sentry\"]",
      "instances": [
        {
          "schema_version": 0,
          "attributes": {
            "dsn": {
              "cdn": "https://js.sentry-cdn.com/96babaf5b5622d23a6b96a111d3f3a39.min.js",
              "crons": "https://o4510703250046976.ingest.us.sentry.io/api/4510705457037312/cron/___MONITOR_SLUG___/96babaf5b5622d23a6b96a111d3f3a39/",
              "csp": "https://o4510703250046976.ingest.us.sentry.io/api/4510705457037312/csp-report/?sentry_key=96babaf5b5622d23a6b96a111d3f3a39",
              "integration": "https://o4510703250046976.ingest.us.sentry.io/api/4510705457037312/integration/",
              "minidump": "https://o4510703250046976.ingest.us.sentry.io/api/4510705457037312/minidump/?sentry_key=96babaf5b5622d23a6b96a111d3f3a39",
              "nel": "https://o4510703250046976.ingest.us.sentry.io/api/4510705457037312/nel/?sentry_key=96babaf5b5622d23a6b96a111d3f3a39",
              "otlp_logs": "https://o4510703250046976.ingest.us.sentry.io/api/4510705457037312/integration/otlp/v1/logs",
              "otlp_traces": "https://o4510703250046976.ingest.us.sentry.io/api/4510705457037312/integration/otlp/v1/traces",
              "playstation": "https://o4510703250046976.ingest.us.sentry.io/api/4510705457037312/playstation/?sentry_key=96babaf5b5622d23a6b96a111d3f3a39",
              "public": "https://96babaf5b5622d23a6b96a111d3f3a39@o4510703250046976.ingest.us.sentry.io/4510705457037312",
              "secret": "https://96babaf5b5622d23a6b96a111d3f3a39:6acebfb4517cdf5c15f261085dc0e8a9@o4510703250046976.ingest.us.sentry.io/4510705457037312",
              "security": "https://o4510703250046976.ingest.us.sentry.io/api/4510705457037312/security/?sentry_key=96babaf5b5622d23a6b96a111d3f3a39",
              "unreal": "https://o4510703250046976.ingest.us.sentry.io/api/4510705457037312/unreal/96babaf5b5622d23a6b96a111d3f3a39/"
            },
            "dsn_csp": "https://o4510703250046976.ingest.us.sentry.io/api/4510705457037312/csp-report/?sentry_key=96babaf5b5622d23a6b96a111d3f3a39",
            "dsn_public": "https://96babaf5b5622d23a6b96a111d3f3a39@o4510703250046976.ingest.us.sentry.io/4510705457037312",
            "dsn_secret": "https://96babaf5b5622d23a6b96a111d3f3a39:6acebfb4517cdf5c15f261085dc0e8a9@o4510703250046976.ingest.us.sentry.io/4510705457037312",
            "first": true,
            "id": "96babaf5b5622d23a6b96a111d3f3a39",
            "javascript_loader_script": {
              "browser_sdk_version": "10.x",
              "debug_enabled": false,
              "performance_monitoring_enabled": true,
              "session_replay_enabled": true
            },
            "name": "Default",
            "organization": "celestial-biome",
            "project": "celestial-biome-backend",
            "project_id": "4510705457037312",
            "public": "96babaf5b5622d23a6b96a111d3f3a39",
            "rate_limit_count": null,
            "rate_limit_window": null,
            "secret": "6acebfb4517cdf5c15f261085dc0e8a9"
          },
          "sensitive_attributes": [
            [
              {
                "type": "get_attr",
                "value": "dsn"
              }
            ],
            [
              {
                "type": "get_attr",
                "value": "dsn_secret"
              }
            ],
            [
              {
                "type": "get_attr",
                "value": "secret"
              }
            ]
          ],
          "identity_schema_version": 0
        }
      ]
    },
    {
      "module": "module.core",
      "mode": "data",
      "type": "sentry_key",
      "name": "frontend",
      "provider": "provider[\"registry.terraform.io/jianyuan/sentry\"]",
      "instances": [
        {
          "schema_version": 0,
          "attributes": {
            "dsn": {
              "cdn": "https://js.sentry-cdn.com/c20540cc8603616e5ce6f9c17df13821.min.js",
              "crons": "https://o4510703250046976.ingest.us.sentry.io/api/4510705457037313/cron/___MONITOR_SLUG___/c20540cc8603616e5ce6f9c17df13821/",
              "csp": "https://o4510703250046976.ingest.us.sentry.io/api/4510705457037313/csp-report/?sentry_key=c20540cc8603616e5ce6f9c17df13821",
              "integration": "https://o4510703250046976.ingest.us.sentry.io/api/4510705457037313/integration/",
              "minidump": "https://o4510703250046976.ingest.us.sentry.io/api/4510705457037313/minidump/?sentry_key=c20540cc8603616e5ce6f9c17df13821",
              "nel": "https://o4510703250046976.ingest.us.sentry.io/api/4510705457037313/nel/?sentry_key=c20540cc8603616e5ce6f9c17df13821",
              "otlp_logs": "https://o4510703250046976.ingest.us.sentry.io/api/4510705457037313/integration/otlp/v1/logs",
              "otlp_traces": "https://o4510703250046976.ingest.us.sentry.io/api/4510705457037313/integration/otlp/v1/traces",
              "playstation": "https://o4510703250046976.ingest.us.sentry.io/api/4510705457037313/playstation/?sentry_key=c20540cc8603616e5ce6f9c17df13821",
              "public": "https://c20540cc8603616e5ce6f9c17df13821@o4510703250046976.ingest.us.sentry.io/4510705457037313",
              "secret": "https://c20540cc8603616e5ce6f9c17df13821:26e8b2c443c0515fc7af9fc46b1e23b7@o4510703250046976.ingest.us.sentry.io/4510705457037313",
              "security": "https://o4510703250046976.ingest.us.sentry.io/api/4510705457037313/security/?sentry_key=c20540cc8603616e5ce6f9c17df13821",
              "unreal": "https://o4510703250046976.ingest.us.sentry.io/api/4510705457037313/unreal/c20540cc8603616e5ce6f9c17df13821/"
            },
            "dsn_csp": "https://o4510703250046976.ingest.us.sentry.io/api/4510705457037313/csp-report/?sentry_key=c20540cc8603616e5ce6f9c17df13821",
            "dsn_public": "https://c20540cc8603616e5ce6f9c17df13821@o4510703250046976.ingest.us.sentry.io/4510705457037313",
            "dsn_secret": "https://c20540cc8603616e5ce6f9c17df13821:26e8b2c443c0515fc7af9fc46b1e23b7@o4510703250046976.ingest.us.sentry.io/4510705457037313",
            "first": true,
            "id": "c20540cc8603616e5ce6f9c17df13821",
            "javascript_loader_script": {
              "browser_sdk_version": "10.x",
              "debug_enabled": false,
              "performance_monitoring_enabled": true,
              "session_replay_enabled": true
            },
            "name": "Default",
            "organization": "celestial-biome",
            "project": "celestial-biome-frontend",
            "project_id": "4510705457037313",
            "public": "c20540cc8603616e5ce6f9c17df13821",
            "rate_limit_count": null,
            "rate_limit_window": null,
            "secret": "26e8b2c443c0515fc7af9fc46b1e23b7"
          },
          "sensitive_attributes": [
            [
              {
                "type": "get_attr",
                "value": "dsn"
              }
            ],
            [
              {
                "type": "get_attr",
                "value": "dsn_secret"
              }
            ],
            [
              {
                "type": "get_attr",
                "value": "secret"
              }
            ]
          ],
          "identity_schema_version": 0
        }
      ]
    },
    {
      "module": "module.core",
      "mode": "managed",
      "type": "google_artifact_registry_repository",
      "name": "app_repo",
      "provider": "provider[\"registry.terraform.io/hashicorp/google\"]",
      "instances": [
        {
          "schema_version": 0,
          "attributes": {
            "cleanup_policies": [],
            "cleanup_policy_dry_run": false,
            "create_time": "2025-12-13T09:08:36.182901Z",
            "description": "Docker repository for Celestial Biome",
            "docker_config": [],
            "effective_labels": {
              "goog-terraform-provisioned": "true"
            },
            "format": "DOCKER",
            "id": "projects/celestial-biome-480601/locations/asia-northeast1/repositories/app-repo",
            "kms_key_name": "",
            "labels": {},
            "location": "asia-northeast1",
            "maven_config": [],
            "mode": "STANDARD_REPOSITORY",
            "name": "app-repo",
            "project": "celestial-biome-480601",
            "remote_repository_config": [],
            "repository_id": "app-repo",
            "terraform_labels": {
              "goog-terraform-provisioned": "true"
            },
            "timeouts": null,
            "update_time": "2026-01-17T03:56:01.128324Z",
            "virtual_repository_config": [],
            "vulnerability_scanning_config": [
              {
                "enablement_config": "",
                "enablement_state": "SCANNING_DISABLED",
                "enablement_state_reason": "API containerscanning.googleapis.com is not enabled."
              }
            ]
          },
          "sensitive_attributes": [],
          "identity_schema_version": 0,
          "private": "eyJlMmJmYjczMC1lY2FhLTExZTYtOGY4OC0zNDM2M2JjN2M0YzAiOnsiY3JlYXRlIjoxMjAwMDAwMDAwMDAwLCJkZWxldGUiOjEyMDAwMDAwMDAwMDAsInVwZGF0ZSI6MTIwMDAwMDAwMDAwMH19",
          "dependencies": [
            "module.core.google_project_service.apis"
          ]
        }
      ]
    },
    {
      "module": "module.core",
      "mode": "managed",
      "type": "google_bigquery_dataset",
      "name": "default",
      "provider": "provider[\"registry.terraform.io/hashicorp/google\"]",
      "instances": [
        {
          "index_key": "celestial_biome_data",
          "schema_version": 0,
          "attributes": {
            "access": [
              {
                "condition": [],
                "dataset": [],
                "domain": "",
                "group_by_email": "",
                "iam_member": "",
                "role": "OWNER",
                "routine": [],
                "special_group": "",
                "user_by_email": "celestialbiome@gmail.com",
                "view": []
              },
              {
                "condition": [],
                "dataset": [],
                "domain": "",
                "group_by_email": "",
                "iam_member": "",
                "role": "OWNER",
                "routine": [],
                "special_group": "projectOwners",
                "user_by_email": "",
                "view": []
              },
              {
                "condition": [],
                "dataset": [],
                "domain": "",
                "group_by_email": "",
                "iam_member": "",
                "role": "READER",
                "routine": [],
                "special_group": "projectReaders",
                "user_by_email": "",
                "view": []
              },
              {
                "condition": [],
                "dataset": [],
                "domain": "",
                "group_by_email": "",
                "iam_member": "",
                "role": "WRITER",
                "routine": [],
                "special_group": "projectWriters",
                "user_by_email": "",
                "view": []
              }
            ],
            "creation_time": 1766713219528,
            "dataset_id": "celestial_biome_data",
            "default_collation": "",
            "default_encryption_configuration": [],
            "default_partition_expiration_ms": 0,
            "default_table_expiration_ms": 0,
            "delete_contents_on_destroy": false,
            "description": "Space weather and environmental data",
            "effective_labels": {
              "env": "production",
              "goog-terraform-provisioned": "true"
            },
            "etag": "H+9x9Crlpq0TLOuvFSrCvw==",
            "external_catalog_dataset_options": [],
            "external_dataset_reference": [],
            "friendly_name": "Celestial Biome Data",
            "id": "projects/celestial-biome-480601/datasets/celestial_biome_data",
            "is_case_insensitive": false,
            "labels": {
              "env": "production"
            },
            "last_modified_time": 1766713219528,
            "location": "asia-northeast1",
            "max_time_travel_hours": "168",
            "project": "celestial-biome-480601",
            "resource_tags": {},
            "self_link": "https://bigquery.googleapis.com/bigquery/v2/projects/celestial-biome-480601/datasets/celestial_biome_data",
            "storage_billing_model": "",
            "terraform_labels": {
              "env": "production",
              "goog-terraform-provisioned": "true"
            },
            "timeouts": null
          },
          "sensitive_attributes": [],
          "identity_schema_version": 0,
          "private": "eyJlMmJmYjczMC1lY2FhLTExZTYtOGY4OC0zNDM2M2JjN2M0YzAiOnsiY3JlYXRlIjoxMjAwMDAwMDAwMDAwLCJkZWxldGUiOjEyMDAwMDAwMDAwMDAsInVwZGF0ZSI6MTIwMDAwMDAwMDAwMH19"
        }
      ]
    },
    {
      "module": "module.core",
      "mode": "managed",
      "type": "google_bigquery_table",
      "name": "default",
      "provider": "provider[\"registry.terraform.io/hashicorp/google\"]",
      "instances": [
        {
          "index_key": "earthquakes_raw",
          "schema_version": 0,
          "attributes": {
            "biglake_configuration": [],
            "clustering": null,
            "creation_time": 1767248529282,
            "dataset_id": "celestial_biome_data",
            "deletion_protection": true,
            "description": "",
            "effective_labels": {
              "goog-terraform-provisioned": "true"
            },
            "encryption_configuration": [],
            "etag": "NdskiFiYbokBfy0EwIut4Q==",
            "expiration_time": 0,
            "external_catalog_table_options": [],
            "external_data_configuration": [],
            "friendly_name": "",
            "generated_schema_columns": "",
            "id": "projects/celestial-biome-480601/datasets/celestial_biome_data/tables/earthquakes_raw",
            "ignore_auto_generated_schema": false,
            "ignore_schema_changes": null,
            "labels": {},
            "last_modified_time": 1768659334828,
            "location": "asia-northeast1",
            "materialized_view": [],
            "max_staleness": "",
            "num_bytes": 41981035,
            "num_long_term_bytes": 0,
            "num_rows": 494645,
            "project": "celestial-biome-480601",
            "range_partitioning": [],
            "require_partition_filter": false,
            "resource_tags": {},
            "schema": "[{\"description\":\"発生時刻 (UTC)\",\"mode\":\"REQUIRED\",\"name\":\"timestamp\",\"type\":\"TIMESTAMP\"},{\"description\":\"USGS Event ID\",\"mode\":\"REQUIRED\",\"name\":\"usgs_id\",\"type\":\"STRING\"},{\"description\":\"マグニチュード\",\"mode\":\"NULLABLE\",\"name\":\"magnitude\",\"type\":\"FLOAT\"},{\"description\":\"発生場所\",\"mode\":\"NULLABLE\",\"name\":\"place\",\"type\":\"STRING\"},{\"description\":\"深さ (km)\",\"mode\":\"NULLABLE\",\"name\":\"depth\",\"type\":\"FLOAT\"},{\"description\":\"緯度\",\"mode\":\"NULLABLE\",\"name\":\"latitude\",\"type\":\"FLOAT\"},{\"description\":\"経度\",\"mode\":\"NULLABLE\",\"name\":\"longitude\",\"type\":\"FLOAT\"}]",
            "schema_foreign_type_info": [],
            "self_link": "https://bigquery.googleapis.com/bigquery/v2/projects/celestial-biome-480601/datasets/celestial_biome_data/tables/earthquakes_raw",
            "table_constraints": [],
            "table_id": "earthquakes_raw",
            "table_metadata_view": null,
            "table_replication_info": [],
            "terraform_labels": {
              "goog-terraform-provisioned": "true"
            },
            "time_partitioning": [
              {
                "expiration_ms": 0,
                "field": "timestamp",
                "require_partition_filter": false,
                "type": "DAY"
              }
            ],
            "type": "TABLE",
            "view": []
          },
          "sensitive_attributes": [],
          "identity_schema_version": 0,
          "private": "bnVsbA==",
          "dependencies": [
            "module.core.google_bigquery_dataset.default"
          ]
        },
        {
          "index_key": "economy_raw",
          "schema_version": 0,
          "attributes": {
            "biglake_configuration": [],
            "clustering": null,
            "creation_time": 1768343155622,
            "dataset_id": "celestial_biome_data",
            "deletion_protection": false,
            "description": "",
            "effective_labels": {
              "goog-terraform-provisioned": "true"
            },
            "encryption_configuration": [],
            "etag": "zDAjdwMKdhUTJpbc7MFD2Q==",
            "expiration_time": 0,
            "external_catalog_table_options": [],
            "external_data_configuration": [],
            "friendly_name": "",
            "generated_schema_columns": "",
            "id": "projects/celestial-biome-480601/datasets/celestial_biome_data/tables/economy_raw",
            "ignore_auto_generated_schema": false,
            "ignore_schema_changes": null,
            "labels": {},
            "last_modified_time": 1768660205574,
            "location": "asia-northeast1",
            "materialized_view": [],
            "max_staleness": "",
            "num_bytes": 2127006,
            "num_long_term_bytes": 0,
            "num_rows": 59071,
            "project": "celestial-biome-480601",
            "range_partitioning": [],
            "require_partition_filter": false,
            "resource_tags": {},
            "schema": "[{\"description\":\"ISO 3166-1 alpha-3 code (e.g. USA, JPN)\",\"mode\":\"REQUIRED\",\"name\":\"country_iso3\",\"type\":\"STRING\"},{\"description\":\"Date of the record\",\"mode\":\"REQUIRED\",\"name\":\"date\",\"type\":\"DATE\"},{\"description\":\"Type of indicator (STOCK, GDP, INFLATION)\",\"mode\":\"REQUIRED\",\"name\":\"indicator_type\",\"type\":\"STRING\"},{\"description\":\"Numerical value of the indicator\",\"mode\":\"NULLABLE\",\"name\":\"value\",\"type\":\"FLOAT\"},{\"description\":\"Time of ingestion\",\"mode\":\"NULLABLE\",\"name\":\"ingested_at\",\"type\":\"TIMESTAMP\"}]",
            "schema_foreign_type_info": [],
            "self_link": "https://bigquery.googleapis.com/bigquery/v2/projects/celestial-biome-480601/datasets/celestial_biome_data/tables/economy_raw",
            "table_constraints": [],
            "table_id": "economy_raw",
            "table_metadata_view": null,
            "table_replication_info": [],
            "terraform_labels": {
              "goog-terraform-provisioned": "true"
            },
            "time_partitioning": [
              {
                "expiration_ms": 0,
                "field": "date",
                "require_partition_filter": false,
                "type": "MONTH"
              }
            ],
            "type": "TABLE",
            "view": []
          },
          "sensitive_attributes": [],
          "identity_schema_version": 0,
          "private": "bnVsbA==",
          "dependencies": [
            "module.core.google_bigquery_dataset.default"
          ]
        },
        {
          "index_key": "space_weather_metrics",
          "schema_version": 0,
          "attributes": {
            "biglake_configuration": [],
            "clustering": null,
            "creation_time": 1766713220911,
            "dataset_id": "celestial_biome_data",
            "deletion_protection": true,
            "description": "",
            "effective_labels": {
              "goog-terraform-provisioned": "true"
            },
            "encryption_configuration": [],
            "etag": "/ikb9HiCul8qO+VktBPWzQ==",
            "expiration_time": 0,
            "external_catalog_table_options": [],
            "external_data_configuration": [],
            "friendly_name": "",
            "generated_schema_columns": "",
            "id": "projects/celestial-biome-480601/datasets/celestial_biome_data/tables/space_weather_metrics",
            "ignore_auto_generated_schema": false,
            "ignore_schema_changes": null,
            "labels": {},
            "last_modified_time": 1768658431816,
            "location": "asia-northeast1",
            "materialized_view": [],
            "max_staleness": "",
            "num_bytes": 360869957,
            "num_long_term_bytes": 0,
            "num_rows": 12805888,
            "project": "celestial-biome-480601",
            "range_partitioning": [],
            "require_partition_filter": false,
            "resource_tags": {},
            "schema": "[{\"description\":\"観測時刻 (UTC)\",\"mode\":\"REQUIRED\",\"name\":\"timestamp\",\"type\":\"TIMESTAMP\"},{\"description\":\"指標名 (例: xray_flux, solar_wind_speed, imf_bz, kp_index)\",\"mode\":\"REQUIRED\",\"name\":\"metric\",\"type\":\"STRING\"},{\"description\":\"観測値\",\"mode\":\"NULLABLE\",\"name\":\"value\",\"type\":\"FLOAT\"}]",
            "schema_foreign_type_info": [],
            "self_link": "https://bigquery.googleapis.com/bigquery/v2/projects/celestial-biome-480601/datasets/celestial_biome_data/tables/space_weather_metrics",
            "table_constraints": [],
            "table_id": "space_weather_metrics",
            "table_metadata_view": null,
            "table_replication_info": [],
            "terraform_labels": {
              "goog-terraform-provisioned": "true"
            },
            "time_partitioning": [
              {
                "expiration_ms": 0,
                "field": "timestamp",
                "require_partition_filter": false,
                "type": "DAY"
              }
            ],
            "type": "TABLE",
            "view": []
          },
          "sensitive_attributes": [],
          "identity_schema_version": 0,
          "private": "bnVsbA==",
          "dependencies": [
            "module.core.google_bigquery_dataset.default"
          ]
        }
      ]
    },
    {
      "module": "module.core",
      "mode": "managed",
      "type": "google_cloud_run_domain_mapping",
      "name": "backend_domain",
      "provider": "provider[\"registry.terraform.io/hashicorp/google\"]",
      "instances": [
        {
          "schema_version": 1,
          "attributes": {
            "id": "locations/asia-northeast1/namespaces/celestial-biome-480601/domainmappings/api.celestial-biome.com",
            "location": "asia-northeast1",
            "metadata": [
              {
                "annotations": {},
                "effective_annotations": {
                  "run.googleapis.com/operation-id": "42a22293-fecd-4a7b-aceb-7ad1990ec77c",
                  "serving.knative.dev/creator": "celestialbiome@gmail.com",
                  "serving.knative.dev/lastModifier": "celestialbiome@gmail.com"
                },
                "effective_labels": {
                  "cloud.googleapis.com/location": "asia-northeast1",
                  "goog-terraform-provisioned": "true",
                  "run.googleapis.com/overrideAt": "2026-01-16T09:21:02.395Z"
                },
                "generation": 1,
                "labels": {},
                "namespace": "celestial-biome-480601",
                "resource_version": "AAZIgFPBy0U",
                "self_link": "/apis/domains.cloudrun.com/v1/namespaces/617827263662/domainmappings/api.celestial-biome.com",
                "terraform_labels": {
                  "goog-terraform-provisioned": "true"
                },
                "uid": "a7c9b1dd-5aef-4018-8f86-e91ea3742034"
              }
            ],
            "name": "api.celestial-biome.com",
            "project": "celestial-biome-480601",
            "spec": [
              {
                "certificate_mode": "AUTOMATIC",
                "force_override": false,
                "route_name": "celestial-backend"
              }
            ],
            "status": [
              {
                "conditions": [
                  {
                    "message": "",
                    "reason": "",
                    "status": "True",
                    "type": "Ready"
                  },
                  {
                    "message": "",
                    "reason": "",
                    "status": "True",
                    "type": "CertificateProvisioned"
                  },
                  {
                    "message": "",
                    "reason": "",
                    "status": "True",
                    "type": "DomainRoutable"
                  }
                ],
                "mapped_route_name": "celestial-backend",
                "observed_generation": 1,
                "resource_records": [
                  {
                    "name": "api",
                    "rrdata": "ghs.googlehosted.com.",
                    "type": "CNAME"
                  }
                ]
              }
            ],
            "timeouts": null
          },
          "sensitive_attributes": [],
          "identity_schema_version": 0,
          "private": "eyJlMmJmYjczMC1lY2FhLTExZTYtOGY4OC0zNDM2M2JjN2M0YzAiOnsiY3JlYXRlIjoxMjAwMDAwMDAwMDAwLCJkZWxldGUiOjEyMDAwMDAwMDAwMDB9LCJzY2hlbWFfdmVyc2lvbiI6IjEifQ==",
          "dependencies": [
            "module.core.data.google_compute_default_service_account.default",
            "module.core.data.sentry_key.backend",
            "module.core.google_cloud_run_v2_service.backend",
            "module.core.google_project_iam_member.run_secret_access",
            "module.core.google_project_iam_member.run_sql_client",
            "module.core.google_project_service.apis",
            "module.core.google_project_service.extra_apis",
            "module.core.google_secret_manager_secret.db_password_secret",
            "module.core.google_sql_database.database",
            "module.core.google_sql_database_instance.postgres",
            "module.core.google_sql_user.users",
            "module.core.random_id.suffix",
            "module.core.random_password.db_password",
            "module.core.sentry_project.backend",
            "module.core.sentry_team.main"
          ]
        }
      ]
    },
    {
      "module": "module.core",
      "mode": "managed",
      "type": "google_cloud_run_domain_mapping",
      "name": "frontend_domain",
      "provider": "provider[\"registry.terraform.io/hashicorp/google\"]",
      "instances": [
        {
          "schema_version": 1,
          "attributes": {
            "id": "locations/asia-northeast1/namespaces/celestial-biome-480601/domainmappings/app.celestial-biome.com",
            "location": "asia-northeast1",
            "metadata": [
              {
                "annotations": {},
                "effective_annotations": {
                  "run.googleapis.com/operation-id": "62d05107-bf6e-4f77-87b3-9f954a340ae1",
                  "serving.knative.dev/creator": "celestialbiome@gmail.com",
                  "serving.knative.dev/lastModifier": "celestialbiome@gmail.com"
                },
                "effective_labels": {
                  "cloud.googleapis.com/location": "asia-northeast1",
                  "goog-terraform-provisioned": "true",
                  "run.googleapis.com/overrideAt": "2026-01-12T23:23:48.642Z"
                },
                "generation": 1,
                "labels": {},
                "namespace": "celestial-biome-480601",
                "resource_version": "AAZIOfdwFB4",
                "self_link": "/apis/domains.cloudrun.com/v1/namespaces/617827263662/domainmappings/app.celestial-biome.com",
                "terraform_labels": {
                  "goog-terraform-provisioned": "true"
                },
                "uid": "339678c8-b063-4fb5-981e-98a16c07304f"
              }
            ],
            "name": "app.celestial-biome.com",
            "project": "celestial-biome-480601",
            "spec": [
              {
                "certificate_mode": "AUTOMATIC",
                "force_override": false,
                "route_name": "celestial-frontend"
              }
            ],
            "status": [
              {
                "conditions": [
                  {
                    "message": "",
                    "reason": "",
                    "status": "True",
                    "type": "Ready"
                  },
                  {
                    "message": "",
                    "reason": "",
                    "status": "True",
                    "type": "CertificateProvisioned"
                  },
                  {
                    "message": "",
                    "reason": "",
                    "status": "True",
                    "type": "DomainRoutable"
                  }
                ],
                "mapped_route_name": "celestial-frontend",
                "observed_generation": 1,
                "resource_records": [
                  {
                    "name": "app",
                    "rrdata": "ghs.googlehosted.com.",
                    "type": "CNAME"
                  }
                ]
              }
            ],
            "timeouts": null
          },
          "sensitive_attributes": [],
          "identity_schema_version": 0,
          "private": "eyJlMmJmYjczMC1lY2FhLTExZTYtOGY4OC0zNDM2M2JjN2M0YzAiOnsiY3JlYXRlIjoxMjAwMDAwMDAwMDAwLCJkZWxldGUiOjEyMDAwMDAwMDAwMDB9LCJzY2hlbWFfdmVyc2lvbiI6IjEifQ==",
          "dependencies": [
            "module.core.data.google_compute_default_service_account.default",
            "module.core.data.sentry_key.backend",
            "module.core.data.sentry_key.frontend",
            "module.core.google_cloud_run_v2_service.backend",
            "module.core.google_cloud_run_v2_service.frontend",
            "module.core.google_project_iam_member.run_secret_access",
            "module.core.google_project_iam_member.run_sql_client",
            "module.core.google_project_service.apis",
            "module.core.google_project_service.extra_apis",
            "module.core.google_secret_manager_secret.db_password_secret",
            "module.core.google_sql_database.database",
            "module.core.google_sql_database_instance.postgres",
            "module.core.google_sql_user.users",
            "module.core.random_id.suffix",
            "module.core.random_password.db_password",
            "module.core.sentry_project.backend",
            "module.core.sentry_project.frontend",
            "module.core.sentry_team.main"
          ]
        }
      ]
    },
    {
      "module": "module.core",
      "mode": "managed",
      "type": "google_cloud_run_service_iam_member",
      "name": "public_access_backend",
      "provider": "provider[\"registry.terraform.io/hashicorp/google\"]",
      "instances": [
        {
          "schema_version": 0,
          "attributes": {
            "condition": [],
            "etag": "BwZF1q6rtkY=",
            "id": "v1/projects/celestial-biome-480601/locations/asia-northeast1/services/celestial-backend/roles/run.invoker/allUsers",
            "location": "asia-northeast1",
            "member": "allUsers",
            "project": "celestial-biome-480601",
            "role": "roles/run.invoker",
            "service": "v1/projects/celestial-biome-480601/locations/asia-northeast1/services/celestial-backend"
          },
          "sensitive_attributes": [],
          "identity_schema_version": 0,
          "private": "bnVsbA==",
          "dependencies": [
            "module.core.data.google_compute_default_service_account.default",
            "module.core.data.sentry_key.backend",
            "module.core.google_cloud_run_v2_service.backend",
            "module.core.google_project_iam_member.run_secret_access",
            "module.core.google_project_iam_member.run_sql_client",
            "module.core.google_project_service.apis",
            "module.core.google_project_service.extra_apis",
            "module.core.google_secret_manager_secret.db_password_secret",
            "module.core.google_sql_database.database",
            "module.core.google_sql_database_instance.postgres",
            "module.core.google_sql_user.users",
            "module.core.random_id.suffix",
            "module.core.random_password.db_password",
            "module.core.sentry_project.backend",
            "module.core.sentry_team.main"
          ]
        }
      ]
    },
    {
      "module": "module.core",
      "mode": "managed",
      "type": "google_cloud_run_service_iam_member",
      "name": "public_access_frontend",
      "provider": "provider[\"registry.terraform.io/hashicorp/google\"]",
      "instances": [
        {
          "schema_version": 0,
          "attributes": {
            "condition": [],
            "etag": "BwZF1q9R3gM=",
            "id": "v1/projects/celestial-biome-480601/locations/asia-northeast1/services/celestial-frontend/roles/run.invoker/allUsers",
            "location": "asia-northeast1",
            "member": "allUsers",
            "project": "celestial-biome-480601",
            "role": "roles/run.invoker",
            "service": "v1/projects/celestial-biome-480601/locations/asia-northeast1/services/celestial-frontend"
          },
          "sensitive_attributes": [],
          "identity_schema_version": 0,
          "private": "bnVsbA==",
          "dependencies": [
            "module.core.data.google_compute_default_service_account.default",
            "module.core.data.sentry_key.backend",
            "module.core.data.sentry_key.frontend",
            "module.core.google_cloud_run_v2_service.backend",
            "module.core.google_cloud_run_v2_service.frontend",
            "module.core.google_project_iam_member.run_secret_access",
            "module.core.google_project_iam_member.run_sql_client",
            "module.core.google_project_service.apis",
            "module.core.google_project_service.extra_apis",
            "module.core.google_secret_manager_secret.db_password_secret",
            "module.core.google_sql_database.database",
            "module.core.google_sql_database_instance.postgres",
            "module.core.google_sql_user.users",
            "module.core.random_id.suffix",
            "module.core.random_password.db_password",
            "module.core.sentry_project.backend",
            "module.core.sentry_project.frontend",
            "module.core.sentry_team.main"
          ]
        }
      ]
    },
    {
      "module": "module.core",
      "mode": "managed",
      "type": "google_cloud_run_v2_job",
      "name": "ingest_earthquakes_job",
      "provider": "provider[\"registry.terraform.io/hashicorp/google\"]",
      "instances": [
        {
          "schema_version": 0,
          "attributes": {
            "annotations": {},
            "binary_authorization": [],
            "client": "",
            "client_version": "",
            "conditions": [],
            "create_time": "2026-01-01T11:01:18.877989Z",
            "creator": "celestialbiome@gmail.com",
            "delete_time": "",
            "deletion_protection": false,
            "effective_annotations": {},
            "effective_labels": {
              "goog-terraform-provisioned": "true"
            },
            "etag": "\"CO25rssGENjitMUC/cHJvamVjdHMvY2VsZXN0aWFsLWJpb21lLTQ4MDYwMS9sb2NhdGlvbnMvYXNpYS1ub3J0aGVhc3QxL2pvYnMvaW5nZXN0LWVhcnRocXVha2VzLWpvYg\"",
            "execution_count": 1553,
            "expire_time": "",
            "generation": "58",
            "id": "projects/celestial-biome-480601/locations/asia-northeast1/jobs/ingest-earthquakes-job",
            "labels": {},
            "last_modifier": "celestialbiome@gmail.com",
            "latest_created_execution": [
              {
                "completion_time": "2026-01-17T14:15:42.205437Z",
                "create_time": "2026-01-17T14:15:05.283699Z",
                "name": "ingest-earthquakes-job-4zl2z"
              }
            ],
            "launch_stage": "GA",
            "location": "asia-northeast1",
            "name": "ingest-earthquakes-job",
            "observed_generation": "58",
            "project": "celestial-biome-480601",
            "reconciling": false,
            "template": [
              {
                "annotations": {},
                "labels": {},
                "parallelism": 0,
                "task_count": 1,
                "template": [
                  {
                    "containers": [
                      {
                        "args": [],
                        "command": [
                          "python",
                          "manage.py",
                          "ingest_earthquakes"
                        ],
                        "depends_on": [],
                        "env": [
                          {
                            "name": "DB_HOST",
                            "value": "/cloudsql/celestial-biome-480601:asia-northeast1:celestial-db-instance-abb9a544",
                            "value_source": []
                          },
                          {
                            "name": "DB_NAME",
                            "value": "celestial_db",
                            "value_source": []
                          },
                          {
                            "name": "DB_PASSWORD",
                            "value": "",
                            "value_source": [
                              {
                                "secret_key_ref": [
                                  {
                                    "secret": "db-password",
                                    "version": "latest"
                                  }
                                ]
                              }
                            ]
                          },
                          {
                            "name": "DB_USER",
                            "value": "celestial_user",
                            "value_source": []
                          },
                          {
                            "name": "GCP_PROJECT_ID",
                            "value": "celestial-biome-480601",
                            "value_source": []
                          },
                          {
                            "name": "GOOGLE_CLOUD_PROJECT",
                            "value": "celestial-biome-480601",
                            "value_source": []
                          }
                        ],
                        "image": "asia-northeast1-docker.pkg.dev/celestial-biome-480601/app-repo/backend:a2ef28c0d5d295c2c2b72e5c9e1d8d83d8839db8",
                        "name": "",
                        "ports": [],
                        "resources": [
                          {
                            "limits": {
                              "cpu": "1000m",
                              "memory": "512Mi"
                            }
                          }
                        ],
                        "startup_probe": [],
                        "volume_mounts": [
                          {
                            "mount_path": "/cloudsql",
                            "name": "cloudsql"
                          }
                        ],
                        "working_dir": ""
                      }
                    ],
                    "encryption_key": "",
                    "execution_environment": "EXECUTION_ENVIRONMENT_GEN2",
                    "gpu_zonal_redundancy_disabled": false,
                    "max_retries": 3,
                    "node_selector": [],
                    "service_account": "space-weather-job-runner@celestial-biome-480601.iam.gserviceaccount.com",
                    "timeout": "600s",
                    "volumes": [
                      {
                        "cloud_sql_instance": [
                          {
                            "instances": [
                              "celestial-biome-480601:asia-northeast1:celestial-db-instance-abb9a544"
                            ]
                          }
                        ],
                        "empty_dir": [],
                        "gcs": [],
                        "name": "cloudsql",
                        "nfs": [],
                        "secret": []
                      }
                    ],
                    "vpc_access": []
                  }
                ]
              }
            ],
            "terminal_condition": [
              {
                "execution_reason": "",
                "last_transition_time": "",
                "message": "",
                "reason": "",
                "revision_reason": "",
                "severity": "",
                "state": "CONDITION_SUCCEEDED",
                "type": "Ready"
              }
            ],
            "terraform_labels": {
              "goog-terraform-provisioned": "true"
            },
            "timeouts": null,
            "uid": "27b22fda-bdb9-4215-ab7c-afd4f8d6b9cf",
            "update_time": "2026-01-17T14:30:05.682439Z"
          },
          "sensitive_attributes": [],
          "identity_schema_version": 0,
          "private": "eyJlMmJmYjczMC1lY2FhLTExZTYtOGY4OC0zNDM2M2JjN2M0YzAiOnsiY3JlYXRlIjoxMjAwMDAwMDAwMDAwLCJkZWxldGUiOjEyMDAwMDAwMDAwMDAsInVwZGF0ZSI6MTIwMDAwMDAwMDAwMH19",
          "dependencies": [
            "module.core.google_project_service.extra_apis",
            "module.core.google_secret_manager_secret.db_password_secret",
            "module.core.google_service_account.job_runner",
            "module.core.google_sql_database.database",
            "module.core.google_sql_database_instance.postgres",
            "module.core.google_sql_user.users",
            "module.core.random_id.suffix",
            "module.core.random_password.db_password"
          ]
        }
      ]
    },
    {
      "module": "module.core",
      "mode": "managed",
      "type": "google_cloud_run_v2_job",
      "name": "ingest_economy_job",
      "provider": "provider[\"registry.terraform.io/hashicorp/google\"]",
      "instances": [
        {
          "schema_version": 0,
          "attributes": {
            "annotations": {},
            "binary_authorization": [],
            "client": "",
            "client_version": "",
            "conditions": [],
            "create_time": "2026-01-04T12:07:46.478495Z",
            "creator": "celestialbiome@gmail.com",
            "delete_time": "",
            "deletion_protection": false,
            "effective_annotations": {},
            "effective_labels": {
              "goog-terraform-provisioned": "true"
            },
            "etag": "\"COy5rssGENjM150D/cHJvamVjdHMvY2VsZXN0aWFsLWJpb21lLTQ4MDYwMS9sb2NhdGlvbnMvYXNpYS1ub3J0aGVhc3QxL2pvYnMvaW5nZXN0LWVjb25vbXktam9i\"",
            "execution_count": 16,
            "expire_time": "",
            "generation": "50",
            "id": "projects/celestial-biome-480601/locations/asia-northeast1/jobs/ingest-economy-job",
            "labels": {},
            "last_modifier": "celestialbiome@gmail.com",
            "latest_created_execution": [
              {
                "completion_time": "2026-01-16T22:01:12.847439Z",
                "create_time": "2026-01-16T22:00:02.967967Z",
                "name": "ingest-economy-job-zv88t"
              }
            ],
            "launch_stage": "GA",
            "location": "asia-northeast1",
            "name": "ingest-economy-job",
            "observed_generation": "50",
            "project": "celestial-biome-480601",
            "reconciling": false,
            "template": [
              {
                "annotations": {},
                "labels": {},
                "parallelism": 0,
                "task_count": 1,
                "template": [
                  {
                    "containers": [
                      {
                        "args": [],
                        "command": [
                          "python",
                          "manage.py",
                          "ingest_economy"
                        ],
                        "depends_on": [],
                        "env": [
                          {
                            "name": "DB_HOST",
                            "value": "/cloudsql/celestial-biome-480601:asia-northeast1:celestial-db-instance-abb9a544",
                            "value_source": []
                          },
                          {
                            "name": "DB_NAME",
                            "value": "celestial_db",
                            "value_source": []
                          },
                          {
                            "name": "DB_PASSWORD",
                            "value": "",
                            "value_source": [
                              {
                                "secret_key_ref": [
                                  {
                                    "secret": "db-password",
                                    "version": "latest"
                                  }
                                ]
                              }
                            ]
                          },
                          {
                            "name": "DB_USER",
                            "value": "celestial_user",
                            "value_source": []
                          },
                          {
                            "name": "GCP_PROJECT_ID",
                            "value": "celestial-biome-480601",
                            "value_source": []
                          },
                          {
                            "name": "GOOGLE_CLOUD_PROJECT",
                            "value": "celestial-biome-480601",
                            "value_source": []
                          }
                        ],
                        "image": "asia-northeast1-docker.pkg.dev/celestial-biome-480601/app-repo/backend:a2ef28c0d5d295c2c2b72e5c9e1d8d83d8839db8",
                        "name": "",
                        "ports": [],
                        "resources": [
                          {
                            "limits": {
                              "cpu": "1000m",
                              "memory": "512Mi"
                            }
                          }
                        ],
                        "startup_probe": [],
                        "volume_mounts": [
                          {
                            "mount_path": "/cloudsql",
                            "name": "cloudsql"
                          }
                        ],
                        "working_dir": ""
                      }
                    ],
                    "encryption_key": "",
                    "execution_environment": "EXECUTION_ENVIRONMENT_GEN2",
                    "gpu_zonal_redundancy_disabled": false,
                    "max_retries": 3,
                    "node_selector": [],
                    "service_account": "space-weather-job-runner@celestial-biome-480601.iam.gserviceaccount.com",
                    "timeout": "600s",
                    "volumes": [
                      {
                        "cloud_sql_instance": [
                          {
                            "instances": [
                              "celestial-biome-480601:asia-northeast1:celestial-db-instance-abb9a544"
                            ]
                          }
                        ],
                        "empty_dir": [],
                        "gcs": [],
                        "name": "cloudsql",
                        "nfs": [],
                        "secret": []
                      }
                    ],
                    "vpc_access": []
                  }
                ]
              }
            ],
            "terminal_condition": [
              {
                "execution_reason": "",
                "last_transition_time": "",
                "message": "",
                "reason": "",
                "revision_reason": "",
                "severity": "",
                "state": "CONDITION_SUCCEEDED",
                "type": "Ready"
              }
            ],
            "terraform_labels": {
              "goog-terraform-provisioned": "true"
            },
            "timeouts": null,
            "uid": "56a0519e-e461-44ad-b795-d754de45e5ae",
            "update_time": "2026-01-17T14:30:04.867559Z"
          },
          "sensitive_attributes": [],
          "identity_schema_version": 0,
          "private": "eyJlMmJmYjczMC1lY2FhLTExZTYtOGY4OC0zNDM2M2JjN2M0YzAiOnsiY3JlYXRlIjoxMjAwMDAwMDAwMDAwLCJkZWxldGUiOjEyMDAwMDAwMDAwMDAsInVwZGF0ZSI6MTIwMDAwMDAwMDAwMH19",
          "dependencies": [
            "module.core.google_project_service.extra_apis",
            "module.core.google_secret_manager_secret.db_password_secret",
            "module.core.google_service_account.job_runner",
            "module.core.google_sql_database.database",
            "module.core.google_sql_database_instance.postgres",
            "module.core.google_sql_user.users",
            "module.core.random_id.suffix",
            "module.core.random_password.db_password"
          ]
        }
      ]
    },
    {
      "module": "module.core",
      "mode": "managed",
      "type": "google_cloud_run_v2_job",
      "name": "ingest_job",
      "provider": "provider[\"registry.terraform.io/hashicorp/google\"]",
      "instances": [
        {
          "schema_version": 0,
          "attributes": {
            "annotations": null,
            "binary_authorization": [],
            "client": "",
            "client_version": "",
            "conditions": [],
            "create_time": "2026-01-17T14:40:01.445841Z",
            "creator": "celestialbiome@gmail.com",
            "delete_time": "",
            "deletion_protection": false,
            "effective_annotations": {},
            "effective_labels": {
              "goog-terraform-provisioned": "true"
            },
            "etag": "\"CMG-rssGEOj8y9QB/cHJvamVjdHMvY2VsZXN0aWFsLWJpb21lLTQ4MDYwMS9sb2NhdGlvbnMvYXNpYS1ub3J0aGVhc3QxL2pvYnMvaW5nZXN0LXNwYWNlLXdlYXRoZXItam9i\"",
            "execution_count": 0,
            "expire_time": "",
            "generation": "1",
            "id": "projects/celestial-biome-480601/locations/asia-northeast1/jobs/ingest-space-weather-job",
            "labels": null,
            "last_modifier": "celestialbiome@gmail.com",
            "latest_created_execution": [],
            "launch_stage": "GA",
            "location": "asia-northeast1",
            "name": "ingest-space-weather-job",
            "observed_generation": "1",
            "project": "celestial-biome-480601",
            "reconciling": false,
            "template": [
              {
                "annotations": null,
                "labels": null,
                "parallelism": 0,
                "task_count": 1,
                "template": [
                  {
                    "containers": [
                      {
                        "args": null,
                        "command": [
                          "python",
                          "manage.py",
                          "ingest_space_weather"
                        ],
                        "depends_on": null,
                        "env": [
                          {
                            "name": "DB_HOST",
                            "value": "/cloudsql/celestial-biome-480601:asia-northeast1:celestial-db-instance-abb9a544",
                            "value_source": []
                          },
                          {
                            "name": "DB_NAME",
                            "value": "celestial_db",
                            "value_source": []
                          },
                          {
                            "name": "DB_PASSWORD",
                            "value": "",
                            "value_source": [
                              {
                                "secret_key_ref": [
                                  {
                                    "secret": "db-password",
                                    "version": "latest"
                                  }
                                ]
                              }
                            ]
                          },
                          {
                            "name": "DB_USER",
                            "value": "celestial_user",
                            "value_source": []
                          },
                          {
                            "name": "GCP_PROJECT_ID",
                            "value": "celestial-biome-480601",
                            "value_source": []
                          },
                          {
                            "name": "GOOGLE_CLOUD_PROJECT",
                            "value": "celestial-biome-480601",
                            "value_source": []
                          }
                        ],
                        "image": "us-docker.pkg.dev/cloudrun/container/hello",
                        "name": "",
                        "ports": [],
                        "resources": [
                          {
                            "limits": {
                              "cpu": "1000m",
                              "memory": "512Mi"
                            }
                          }
                        ],
                        "startup_probe": [],
                        "volume_mounts": [
                          {
                            "mount_path": "/cloudsql",
                            "name": "cloudsql"
                          }
                        ],
                        "working_dir": ""
                      }
                    ],
                    "encryption_key": "",
                    "execution_environment": "EXECUTION_ENVIRONMENT_GEN2",
                    "gpu_zonal_redundancy_disabled": false,
                    "max_retries": 3,
                    "node_selector": [],
                    "service_account": "space-weather-job-runner@celestial-biome-480601.iam.gserviceaccount.com",
                    "timeout": "600s",
                    "volumes": [
                      {
                        "cloud_sql_instance": [
                          {
                            "instances": [
                              "celestial-biome-480601:asia-northeast1:celestial-db-instance-abb9a544"
                            ]
                          }
                        ],
                        "empty_dir": [],
                        "gcs": [],
                        "name": "cloudsql",
                        "nfs": [],
                        "secret": []
                      }
                    ],
                    "vpc_access": []
                  }
                ]
              }
            ],
            "terminal_condition": [
              {
                "execution_reason": "",
                "last_transition_time": "2026-01-17T14:40:02.306157Z",
                "message": "",
                "reason": "",
                "revision_reason": "",
                "severity": "",
                "state": "CONDITION_SUCCEEDED",
                "type": "Ready"
              }
            ],
            "terraform_labels": {
              "goog-terraform-provisioned": "true"
            },
            "timeouts": null,
            "uid": "4c78c5da-cbb5-40ca-bcf3-fcfce3a362e8",
            "update_time": "2026-01-17T14:40:01.445841Z"
          },
          "sensitive_attributes": [],
          "identity_schema_version": 0,
          "private": "eyJlMmJmYjczMC1lY2FhLTExZTYtOGY4OC0zNDM2M2JjN2M0YzAiOnsiY3JlYXRlIjoxMjAwMDAwMDAwMDAwLCJkZWxldGUiOjEyMDAwMDAwMDAwMDAsInVwZGF0ZSI6MTIwMDAwMDAwMDAwMH19",
          "dependencies": [
            "module.core.google_project_service.extra_apis",
            "module.core.google_secret_manager_secret.db_password_secret",
            "module.core.google_service_account.job_runner",
            "module.core.google_sql_database.database",
            "module.core.google_sql_database_instance.postgres",
            "module.core.google_sql_user.users",
            "module.core.random_id.suffix",
            "module.core.random_password.db_password"
          ]
        }
      ]
    },
    {
      "module": "module.core",
      "mode": "managed",
      "type": "google_cloud_run_v2_job",
      "name": "migrate_job",
      "provider": "provider[\"registry.terraform.io/hashicorp/google\"]",
      "instances": [
        {
          "schema_version": 0,
          "attributes": {
            "annotations": {},
            "binary_authorization": [],
            "client": "",
            "client_version": "",
            "conditions": [],
            "create_time": "2026-01-15T07:42:43.473355Z",
            "creator": "celestialbiome@gmail.com",
            "delete_time": "",
            "deletion_protection": false,
            "effective_annotations": {},
            "effective_labels": {
              "goog-terraform-provisioned": "true"
            },
            "etag": "\"CO25rssGELj_pXM/cHJvamVjdHMvY2VsZXN0aWFsLWJpb21lLTQ4MDYwMS9sb2NhdGlvbnMvYXNpYS1ub3J0aGVhc3QxL2pvYnMvbWlncmF0ZS1qb2I\"",
            "execution_count": 17,
            "expire_time": "",
            "generation": "24",
            "id": "projects/celestial-biome-480601/locations/asia-northeast1/jobs/migrate-job",
            "labels": {},
            "last_modifier": "celestialbiome@gmail.com",
            "latest_created_execution": [
              {
                "completion_time": "2026-01-17T03:53:59.277464Z",
                "create_time": "2026-01-17T03:53:03.685570Z",
                "name": "migrate-job-sttnk"
              }
            ],
            "launch_stage": "GA",
            "location": "asia-northeast1",
            "name": "migrate-job",
            "observed_generation": "24",
            "project": "celestial-biome-480601",
            "reconciling": false,
            "template": [
              {
                "annotations": {},
                "labels": {},
                "parallelism": 0,
                "task_count": 1,
                "template": [
                  {
                    "containers": [
                      {
                        "args": [],
                        "command": [
                          "python",
                          "manage.py",
                          "migrate"
                        ],
                        "depends_on": [],
                        "env": [
                          {
                            "name": "DB_HOST",
                            "value": "/cloudsql/celestial-biome-480601:asia-northeast1:celestial-db-instance-abb9a544",
                            "value_source": []
                          },
                          {
                            "name": "DB_NAME",
                            "value": "celestial_db",
                            "value_source": []
                          },
                          {
                            "name": "DB_PASSWORD",
                            "value": "",
                            "value_source": [
                              {
                                "secret_key_ref": [
                                  {
                                    "secret": "db-password",
                                    "version": "latest"
                                  }
                                ]
                              }
                            ]
                          },
                          {
                            "name": "DB_USER",
                            "value": "celestial_user",
                            "value_source": []
                          },
                          {
                            "name": "GCP_PROJECT_ID",
                            "value": "celestial-biome-480601",
                            "value_source": []
                          },
                          {
                            "name": "GOOGLE_CLOUD_PROJECT",
                            "value": "celestial-biome-480601",
                            "value_source": []
                          }
                        ],
                        "image": "asia-northeast1-docker.pkg.dev/celestial-biome-480601/app-repo/backend:a2ef28c0d5d295c2c2b72e5c9e1d8d83d8839db8",
                        "name": "",
                        "ports": [],
                        "resources": [
                          {
                            "limits": {
                              "cpu": "1000m",
                              "memory": "512Mi"
                            }
                          }
                        ],
                        "startup_probe": [],
                        "volume_mounts": [
                          {
                            "mount_path": "/cloudsql",
                            "name": "cloudsql"
                          }
                        ],
                        "working_dir": ""
                      }
                    ],
                    "encryption_key": "",
                    "execution_environment": "EXECUTION_ENVIRONMENT_GEN2",
                    "gpu_zonal_redundancy_disabled": false,
                    "max_retries": 3,
                    "node_selector": [],
                    "service_account": "space-weather-job-runner@celestial-biome-480601.iam.gserviceaccount.com",
                    "timeout": "600s",
                    "volumes": [
                      {
                        "cloud_sql_instance": [
                          {
                            "instances": [
                              "celestial-biome-480601:asia-northeast1:celestial-db-instance-abb9a544"
                            ]
                          }
                        ],
                        "empty_dir": [],
                        "gcs": [],
                        "name": "cloudsql",
                        "nfs": [],
                        "secret": []
                      }
                    ],
                    "vpc_access": []
                  }
                ]
              }
            ],
            "terminal_condition": [
              {
                "execution_reason": "",
                "last_transition_time": "",
                "message": "",
                "reason": "",
                "revision_reason": "",
                "severity": "",
                "state": "CONDITION_SUCCEEDED",
                "type": "Ready"
              }
            ],
            "terraform_labels": {
              "goog-terraform-provisioned": "true"
            },
            "timeouts": null,
            "uid": "b1c39474-ac6a-4f17-adb5-f5009ec81eae",
            "update_time": "2026-01-17T14:30:05.241795Z"
          },
          "sensitive_attributes": [],
          "identity_schema_version": 0,
          "private": "eyJlMmJmYjczMC1lY2FhLTExZTYtOGY4OC0zNDM2M2JjN2M0YzAiOnsiY3JlYXRlIjoxMjAwMDAwMDAwMDAwLCJkZWxldGUiOjEyMDAwMDAwMDAwMDAsInVwZGF0ZSI6MTIwMDAwMDAwMDAwMH19",
          "dependencies": [
            "module.core.google_project_service.extra_apis",
            "module.core.google_secret_manager_secret.db_password_secret",
            "module.core.google_service_account.job_runner",
            "module.core.google_sql_database.database",
            "module.core.google_sql_database_instance.postgres",
            "module.core.google_sql_user.users",
            "module.core.random_id.suffix",
            "module.core.random_password.db_password"
          ]
        }
      ]
    },
    {
      "module": "module.core",
      "mode": "managed",
      "type": "google_cloud_run_v2_job",
      "name": "sync_db_job",
      "provider": "provider[\"registry.terraform.io/hashicorp/google\"]",
      "instances": [
        {
          "schema_version": 0,
          "attributes": {
            "annotations": null,
            "binary_authorization": [],
            "client": "",
            "client_version": "",
            "conditions": [],
            "create_time": "2026-01-17T14:40:01.429495Z",
            "creator": "celestialbiome@gmail.com",
            "delete_time": "",
            "deletion_protection": false,
            "effective_annotations": {},
            "effective_labels": {
              "goog-terraform-provisioned": "true"
            },
            "etag": "\"CMG-rssGENil5swB/cHJvamVjdHMvY2VsZXN0aWFsLWJpb21lLTQ4MDYwMS9sb2NhdGlvbnMvYXNpYS1ub3J0aGVhc3QxL2pvYnMvc3luYy1zcGFjZS13ZWF0aGVyLWRiLWpvYg\"",
            "execution_count": 0,
            "expire_time": "",
            "generation": "1",
            "id": "projects/celestial-biome-480601/locations/asia-northeast1/jobs/sync-space-weather-db-job",
            "labels": null,
            "last_modifier": "celestialbiome@gmail.com",
            "latest_created_execution": [],
            "launch_stage": "GA",
            "location": "asia-northeast1",
            "name": "sync-space-weather-db-job",
            "observed_generation": "1",
            "project": "celestial-biome-480601",
            "reconciling": false,
            "template": [
              {
                "annotations": null,
                "labels": null,
                "parallelism": 0,
                "task_count": 1,
                "template": [
                  {
                    "containers": [
                      {
                        "args": null,
                        "command": [
                          "python",
                          "manage.py",
                          "sync_bq_to_db"
                        ],
                        "depends_on": null,
                        "env": [
                          {
                            "name": "DB_HOST",
                            "value": "/cloudsql/celestial-biome-480601:asia-northeast1:celestial-db-instance-abb9a544",
                            "value_source": []
                          },
                          {
                            "name": "DB_NAME",
                            "value": "celestial_db",
                            "value_source": []
                          },
                          {
                            "name": "DB_PASSWORD",
                            "value": "",
                            "value_source": [
                              {
                                "secret_key_ref": [
                                  {
                                    "secret": "db-password",
                                    "version": "latest"
                                  }
                                ]
                              }
                            ]
                          },
                          {
                            "name": "DB_USER",
                            "value": "celestial_user",
                            "value_source": []
                          },
                          {
                            "name": "GCP_PROJECT_ID",
                            "value": "celestial-biome-480601",
                            "value_source": []
                          },
                          {
                            "name": "GOOGLE_CLOUD_PROJECT",
                            "value": "celestial-biome-480601",
                            "value_source": []
                          }
                        ],
                        "image": "us-docker.pkg.dev/cloudrun/container/hello",
                        "name": "",
                        "ports": [],
                        "resources": [
                          {
                            "limits": {
                              "cpu": "1000m",
                              "memory": "512Mi"
                            }
                          }
                        ],
                        "startup_probe": [],
                        "volume_mounts": [
                          {
                            "mount_path": "/cloudsql",
                            "name": "cloudsql"
                          }
                        ],
                        "working_dir": ""
                      }
                    ],
                    "encryption_key": "",
                    "execution_environment": "EXECUTION_ENVIRONMENT_GEN2",
                    "gpu_zonal_redundancy_disabled": false,
                    "max_retries": 3,
                    "node_selector": [],
                    "service_account": "space-weather-job-runner@celestial-biome-480601.iam.gserviceaccount.com",
                    "timeout": "600s",
                    "volumes": [
                      {
                        "cloud_sql_instance": [
                          {
                            "instances": [
                              "celestial-biome-480601:asia-northeast1:celestial-db-instance-abb9a544"
                            ]
                          }
                        ],
                        "empty_dir": [],
                        "gcs": [],
                        "name": "cloudsql",
                        "nfs": [],
                        "secret": []
                      }
                    ],
                    "vpc_access": []
                  }
                ]
              }
            ],
            "terminal_condition": [
              {
                "execution_reason": "",
                "last_transition_time": "2026-01-17T14:40:02.254395Z",
                "message": "",
                "reason": "",
                "revision_reason": "",
                "severity": "",
                "state": "CONDITION_SUCCEEDED",
                "type": "Ready"
              }
            ],
            "terraform_labels": {
              "goog-terraform-provisioned": "true"
            },
            "timeouts": null,
            "uid": "bd16e1ac-db39-493a-8a17-b7eeaa21110b",
            "update_time": "2026-01-17T14:40:01.429495Z"
          },
          "sensitive_attributes": [],
          "identity_schema_version": 0,
          "private": "eyJlMmJmYjczMC1lY2FhLTExZTYtOGY4OC0zNDM2M2JjN2M0YzAiOnsiY3JlYXRlIjoxMjAwMDAwMDAwMDAwLCJkZWxldGUiOjEyMDAwMDAwMDAwMDAsInVwZGF0ZSI6MTIwMDAwMDAwMDAwMH19",
          "dependencies": [
            "module.core.google_project_service.extra_apis",
            "module.core.google_secret_manager_secret.db_password_secret",
            "module.core.google_service_account.job_runner",
            "module.core.google_sql_database.database",
            "module.core.google_sql_database_instance.postgres",
            "module.core.google_sql_user.users",
            "module.core.random_id.suffix",
            "module.core.random_password.db_password"
          ]
        }
      ]
    },
    {
      "module": "module.core",
      "mode": "managed",
      "type": "google_cloud_run_v2_job",
      "name": "sync_earthquakes_job",
      "provider": "provider[\"registry.terraform.io/hashicorp/google\"]",
      "instances": [
        {
          "schema_version": 0,
          "attributes": {
            "annotations": null,
            "binary_authorization": [],
            "client": "",
            "client_version": "",
            "conditions": [],
            "create_time": "2026-01-17T14:40:01.568681Z",
            "creator": "celestialbiome@gmail.com",
            "delete_time": "",
            "deletion_protection": false,
            "effective_annotations": {},
            "effective_labels": {
              "goog-terraform-provisioned": "true"
            },
            "etag": "\"CMG-rssGEKjElY8C/cHJvamVjdHMvY2VsZXN0aWFsLWJpb21lLTQ4MDYwMS9sb2NhdGlvbnMvYXNpYS1ub3J0aGVhc3QxL2pvYnMvc3luYy1lYXJ0aHF1YWtlcy1kYi1qb2I\"",
            "execution_count": 0,
            "expire_time": "",
            "generation": "1",
            "id": "projects/celestial-biome-480601/locations/asia-northeast1/jobs/sync-earthquakes-db-job",
            "labels": null,
            "last_modifier": "celestialbiome@gmail.com",
            "latest_created_execution": [],
            "launch_stage": "GA",
            "location": "asia-northeast1",
            "name": "sync-earthquakes-db-job",
            "observed_generation": "1",
            "project": "celestial-biome-480601",
            "reconciling": false,
            "template": [
              {
                "annotations": null,
                "labels": null,
                "parallelism": 0,
                "task_count": 1,
                "template": [
                  {
                    "containers": [
                      {
                        "args": null,
                        "command": [
                          "python",
                          "manage.py",
                          "sync_earthquakes_to_db"
                        ],
                        "depends_on": null,
                        "env": [
                          {
                            "name": "DB_HOST",
                            "value": "/cloudsql/celestial-biome-480601:asia-northeast1:celestial-db-instance-abb9a544",
                            "value_source": []
                          },
                          {
                            "name": "DB_NAME",
                            "value": "celestial_db",
                            "value_source": []
                          },
                          {
                            "name": "DB_PASSWORD",
                            "value": "",
                            "value_source": [
                              {
                                "secret_key_ref": [
                                  {
                                    "secret": "db-password",
                                    "version": "latest"
                                  }
                                ]
                              }
                            ]
                          },
                          {
                            "name": "DB_USER",
                            "value": "celestial_user",
                            "value_source": []
                          },
                          {
                            "name": "GCP_PROJECT_ID",
                            "value": "celestial-biome-480601",
                            "value_source": []
                          },
                          {
                            "name": "GOOGLE_CLOUD_PROJECT",
                            "value": "celestial-biome-480601",
                            "value_source": []
                          }
                        ],
                        "image": "us-docker.pkg.dev/cloudrun/container/hello",
                        "name": "",
                        "ports": [],
                        "resources": [
                          {
                            "limits": {
                              "cpu": "1000m",
                              "memory": "512Mi"
                            }
                          }
                        ],
                        "startup_probe": [],
                        "volume_mounts": [
                          {
                            "mount_path": "/cloudsql",
                            "name": "cloudsql"
                          }
                        ],
                        "working_dir": ""
                      }
                    ],
                    "encryption_key": "",
                    "execution_environment": "EXECUTION_ENVIRONMENT_GEN2",
                    "gpu_zonal_redundancy_disabled": false,
                    "max_retries": 3,
                    "node_selector": [],
                    "service_account": "space-weather-job-runner@celestial-biome-480601.iam.gserviceaccount.com",
                    "timeout": "600s",
                    "volumes": [
                      {
                        "cloud_sql_instance": [
                          {
                            "instances": [
                              "celestial-biome-480601:asia-northeast1:celestial-db-instance-abb9a544"
                            ]
                          }
                        ],
                        "empty_dir": [],
                        "gcs": [],
                        "name": "cloudsql",
                        "nfs": [],
                        "secret": []
                      }
                    ],
                    "vpc_access": []
                  }
                ]
              }
            ],
            "terminal_condition": [
              {
                "execution_reason": "",
                "last_transition_time": "2026-01-17T14:40:02.412857Z",
                "message": "",
                "reason": "",
                "revision_reason": "",
                "severity": "",
                "state": "CONDITION_SUCCEEDED",
                "type": "Ready"
              }
            ],
            "terraform_labels": {
              "goog-terraform-provisioned": "true"
            },
            "timeouts": null,
            "uid": "0e611edf-92e3-4db2-a859-0e74ab757d37",
            "update_time": "2026-01-17T14:40:01.568681Z"
          },
          "sensitive_attributes": [],
          "identity_schema_version": 0,
          "private": "eyJlMmJmYjczMC1lY2FhLTExZTYtOGY4OC0zNDM2M2JjN2M0YzAiOnsiY3JlYXRlIjoxMjAwMDAwMDAwMDAwLCJkZWxldGUiOjEyMDAwMDAwMDAwMDAsInVwZGF0ZSI6MTIwMDAwMDAwMDAwMH19",
          "dependencies": [
            "module.core.google_project_service.extra_apis",
            "module.core.google_secret_manager_secret.db_password_secret",
            "module.core.google_service_account.job_runner",
            "module.core.google_sql_database.database",
            "module.core.google_sql_database_instance.postgres",
            "module.core.google_sql_user.users",
            "module.core.random_id.suffix",
            "module.core.random_password.db_password"
          ]
        }
      ]
    },
    {
      "module": "module.core",
      "mode": "managed",
      "type": "google_cloud_run_v2_job",
      "name": "sync_economy_job",
      "provider": "provider[\"registry.terraform.io/hashicorp/google\"]",
      "instances": [
        {
          "schema_version": 0,
          "attributes": {
            "annotations": null,
            "binary_authorization": [],
            "client": "",
            "client_version": "",
            "conditions": [],
            "create_time": "2026-01-17T14:40:01.326670Z",
            "creator": "celestialbiome@gmail.com",
            "delete_time": "",
            "deletion_protection": false,
            "effective_annotations": {},
            "effective_labels": {
              "goog-terraform-provisioned": "true"
            },
            "etag": "\"CMG-rssGELCt4psB/cHJvamVjdHMvY2VsZXN0aWFsLWJpb21lLTQ4MDYwMS9sb2NhdGlvbnMvYXNpYS1ub3J0aGVhc3QxL2pvYnMvc3luYy1lY29ub215LWRiLWpvYg\"",
            "execution_count": 0,
            "expire_time": "",
            "generation": "1",
            "id": "projects/celestial-biome-480601/locations/asia-northeast1/jobs/sync-economy-db-job",
            "labels": null,
            "last_modifier": "celestialbiome@gmail.com",
            "latest_created_execution": [],
            "launch_stage": "GA",
            "location": "asia-northeast1",
            "name": "sync-economy-db-job",
            "observed_generation": "1",
            "project": "celestial-biome-480601",
            "reconciling": false,
            "template": [
              {
                "annotations": null,
                "labels": null,
                "parallelism": 0,
                "task_count": 1,
                "template": [
                  {
                    "containers": [
                      {
                        "args": null,
                        "command": [
                          "python",
                          "manage.py",
                          "sync_economy_db"
                        ],
                        "depends_on": null,
                        "env": [
                          {
                            "name": "DB_HOST",
                            "value": "/cloudsql/celestial-biome-480601:asia-northeast1:celestial-db-instance-abb9a544",
                            "value_source": []
                          },
                          {
                            "name": "DB_NAME",
                            "value": "celestial_db",
                            "value_source": []
                          },
                          {
                            "name": "DB_PASSWORD",
                            "value": "",
                            "value_source": [
                              {
                                "secret_key_ref": [
                                  {
                                    "secret": "db-password",
                                    "version": "latest"
                                  }
                                ]
                              }
                            ]
                          },
                          {
                            "name": "DB_USER",
                            "value": "celestial_user",
                            "value_source": []
                          },
                          {
                            "name": "GCP_PROJECT_ID",
                            "value": "celestial-biome-480601",
                            "value_source": []
                          },
                          {
                            "name": "GOOGLE_CLOUD_PROJECT",
                            "value": "celestial-biome-480601",
                            "value_source": []
                          }
                        ],
                        "image": "us-docker.pkg.dev/cloudrun/container/hello",
                        "name": "",
                        "ports": [],
                        "resources": [
                          {
                            "limits": {
                              "cpu": "1000m",
                              "memory": "512Mi"
                            }
                          }
                        ],
                        "startup_probe": [],
                        "volume_mounts": [
                          {
                            "mount_path": "/cloudsql",
                            "name": "cloudsql"
                          }
                        ],
                        "working_dir": ""
                      }
                    ],
                    "encryption_key": "",
                    "execution_environment": "EXECUTION_ENVIRONMENT_GEN2",
                    "gpu_zonal_redundancy_disabled": false,
                    "max_retries": 3,
                    "node_selector": [],
                    "service_account": "space-weather-job-runner@celestial-biome-480601.iam.gserviceaccount.com",
                    "timeout": "600s",
                    "volumes": [
                      {
                        "cloud_sql_instance": [
                          {
                            "instances": [
                              "celestial-biome-480601:asia-northeast1:celestial-db-instance-abb9a544"
                            ]
                          }
                        ],
                        "empty_dir": [],
                        "gcs": [],
                        "name": "cloudsql",
                        "nfs": [],
                        "secret": []
                      }
                    ],
                    "vpc_access": []
                  }
                ]
              }
            ],
            "terminal_condition": [
              {
                "execution_reason": "",
                "last_transition_time": "2026-01-17T14:40:02.175286Z",
                "message": "",
                "reason": "",
                "revision_reason": "",
                "severity": "",
                "state": "CONDITION_SUCCEEDED",
                "type": "Ready"
              }
            ],
            "terraform_labels": {
              "goog-terraform-provisioned": "true"
            },
            "timeouts": null,
            "uid": "584bb2d5-10ae-4947-965e-94e36870d423",
            "update_time": "2026-01-17T14:40:01.326670Z"
          },
          "sensitive_attributes": [],
          "identity_schema_version": 0,
          "private": "eyJlMmJmYjczMC1lY2FhLTExZTYtOGY4OC0zNDM2M2JjN2M0YzAiOnsiY3JlYXRlIjoxMjAwMDAwMDAwMDAwLCJkZWxldGUiOjEyMDAwMDAwMDAwMDAsInVwZGF0ZSI6MTIwMDAwMDAwMDAwMH19",
          "dependencies": [
            "module.core.google_project_service.extra_apis",
            "module.core.google_secret_manager_secret.db_password_secret",
            "module.core.google_service_account.job_runner",
            "module.core.google_sql_database.database",
            "module.core.google_sql_database_instance.postgres",
            "module.core.google_sql_user.users",
            "module.core.random_id.suffix",
            "module.core.random_password.db_password"
          ]
        }
      ]
    },
    {
      "module": "module.core",
      "mode": "managed",
      "type": "google_cloud_run_v2_service",
      "name": "backend",
      "provider": "provider[\"registry.terraform.io/hashicorp/google\"]",
      "instances": [
        {
          "schema_version": 0,
          "attributes": {
            "annotations": {},
            "binary_authorization": [],
            "build_config": [],
            "client": "gcloud",
            "client_version": "550.0.0",
            "conditions": [
              {
                "execution_reason": "",
                "last_transition_time": "2026-01-17T14:30:13.655352Z",
                "message": "",
                "reason": "",
                "revision_reason": "",
                "severity": "",
                "state": "CONDITION_SUCCEEDED",
                "type": "RoutesReady"
              },
              {
                "execution_reason": "",
                "last_transition_time": "2026-01-17T14:30:07.621287Z",
                "message": "",
                "reason": "",
                "revision_reason": "",
                "severity": "",
                "state": "CONDITION_SUCCEEDED",
                "type": "ConfigurationsReady"
              }
            ],
            "create_time": "2025-12-13T15:03:24.925041Z",
            "creator": "celestialbiome@gmail.com",
            "custom_audiences": [],
            "delete_time": "",
            "deletion_protection": true,
            "description": "",
            "effective_annotations": {},
            "effective_labels": {
              "commit-sha": "a2ef28c0d5d295c2c2b72e5c9e1d8d83d8839db8",
              "goog-terraform-provisioned": "true",
              "managed-by": "github-actions"
            },
            "etag": "\"COy5rssGEJiEksYC/cHJvamVjdHMvY2VsZXN0aWFsLWJpb21lLTQ4MDYwMS9sb2NhdGlvbnMvYXNpYS1ub3J0aGVhc3QxL3NlcnZpY2VzL2NlbGVzdGlhbC1iYWNrZW5k\"",
            "expire_time": "",
            "generation": "143",
            "id": "projects/celestial-biome-480601/locations/asia-northeast1/services/celestial-backend",
            "ingress": "INGRESS_TRAFFIC_ALL",
            "invoker_iam_disabled": false,
            "labels": {},
            "last_modifier": "celestialbiome@gmail.com",
            "latest_created_revision": "projects/celestial-biome-480601/locations/asia-northeast1/services/celestial-backend/revisions/celestial-backend-00143-f8k",
            "latest_ready_revision": "projects/celestial-biome-480601/locations/asia-northeast1/services/celestial-backend/revisions/celestial-backend-00143-f8k",
            "launch_stage": "GA",
            "location": "asia-northeast1",
            "name": "celestial-backend",
            "observed_generation": "143",
            "project": "celestial-biome-480601",
            "reconciling": false,
            "scaling": [],
            "template": [
              {
                "annotations": {},
                "containers": [
                  {
                    "args": [],
                    "base_image_uri": "",
                    "build_info": [],
                    "command": [],
                    "depends_on": [],
                    "env": [
                      {
                        "name": "ALLOWED_HOSTS",
                        "value": "api.celestial-biome.com,localhost,127.0.0.1",
                        "value_source": []
                      },
                      {
                        "name": "DB_HOST",
                        "value": "/cloudsql/celestial-biome-480601:asia-northeast1:celestial-db-instance-abb9a544",
                        "value_source": []
                      },
                      {
                        "name": "DB_NAME",
                        "value": "celestial_db",
                        "value_source": []
                      },
                      {
                        "name": "DB_PASSWORD",
                        "value": "",
                        "value_source": [
                          {
                            "secret_key_ref": [
                              {
                                "secret": "db-password",
                                "version": "latest"
                              }
                            ]
                          }
                        ]
                      },
                      {
                        "name": "DB_USER",
                        "value": "celestial_user",
                        "value_source": []
                      },
                      {
                        "name": "DEBUG",
                        "value": "False",
                        "value_source": []
                      },
                      {
                        "name": "GOOGLE_CLOUD_PROJECT",
                        "value": "celestial-biome-480601",
                        "value_source": []
                      },
                      {
                        "name": "SENTRY_DSN",
                        "value": "https://96babaf5b5622d23a6b96a111d3f3a39@o4510703250046976.ingest.us.sentry.io/4510705457037312",
                        "value_source": []
                      },
                      {
                        "name": "SENTRY_ENVIRONMENT",
                        "value": "development",
                        "value_source": []
                      },
                      {
                        "name": "SENTRY_TRACES_SAMPLE_RATE",
                        "value": "1.0",
                        "value_source": []
                      }
                    ],
                    "image": "asia-northeast1-docker.pkg.dev/celestial-biome-480601/app-repo/backend:a2ef28c0d5d295c2c2b72e5c9e1d8d83d8839db8",
                    "liveness_probe": [],
                    "name": "",
                    "ports": [
                      {
                        "container_port": 8080,
                        "name": "http1"
                      }
                    ],
                    "resources": [
                      {
                        "cpu_idle": true,
                        "limits": {
                          "cpu": "1000m",
                          "memory": "512Mi"
                        },
                        "startup_cpu_boost": false
                      }
                    ],
                    "startup_probe": [
                      {
                        "failure_threshold": 1,
                        "grpc": [],
                        "http_get": [],
                        "initial_delay_seconds": 0,
                        "period_seconds": 240,
                        "tcp_socket": [
                          {
                            "port": 8080
                          }
                        ],
                        "timeout_seconds": 240
                      }
                    ],
                    "volume_mounts": [
                      {
                        "mount_path": "/cloudsql",
                        "name": "cloudsql"
                      }
                    ],
                    "working_dir": ""
                  }
                ],
                "encryption_key": "",
                "execution_environment": "",
                "gpu_zonal_redundancy_disabled": false,
                "labels": {},
                "max_instance_request_concurrency": 80,
                "node_selector": [],
                "revision": "",
                "scaling": [
                  {
                    "max_instance_count": 3,
                    "min_instance_count": 0
                  }
                ],
                "service_account": "617827263662-compute@developer.gserviceaccount.com",
                "session_affinity": false,
                "timeout": "300s",
                "volumes": [
                  {
                    "cloud_sql_instance": [
                      {
                        "instances": [
                          "celestial-biome-480601:asia-northeast1:celestial-db-instance-abb9a544"
                        ]
                      }
                    ],
                    "empty_dir": [],
                    "gcs": [],
                    "name": "cloudsql",
                    "nfs": [],
                    "secret": []
                  }
                ],
                "vpc_access": []
              }
            ],
            "terminal_condition": [
              {
                "execution_reason": "",
                "last_transition_time": "2026-01-17T14:30:13.700114Z",
                "message": "",
                "reason": "",
                "revision_reason": "",
                "severity": "",
                "state": "CONDITION_SUCCEEDED",
                "type": "Ready"
              }
            ],
            "terraform_labels": {
              "goog-terraform-provisioned": "true"
            },
            "timeouts": null,
            "traffic": [
              {
                "percent": 100,
                "revision": "",
                "tag": "",
                "type": "TRAFFIC_TARGET_ALLOCATION_TYPE_LATEST"
              }
            ],
            "traffic_statuses": [
              {
                "percent": 100,
                "revision": "",
                "tag": "",
                "type": "TRAFFIC_TARGET_ALLOCATION_TYPE_LATEST",
                "uri": ""
              }
            ],
            "uid": "65167b46-0ac2-4ed4-a2e1-b0df013cdca1",
            "update_time": "2026-01-17T14:30:04.683967Z",
            "uri": "https://celestial-backend-qzdsdfovsq-an.a.run.app",
            "urls": [
              "https://celestial-backend-617827263662.asia-northeast1.run.app",
              "https://celestial-backend-qzdsdfovsq-an.a.run.app"
            ]
          },
          "sensitive_attributes": [
            [
              {
                "type": "get_attr",
                "value": "template"
              },
              {
                "type": "index",
                "value": {
                  "value": 0,
                  "type": "number"
                }
              },
              {
                "type": "get_attr",
                "value": "containers"
              },
              {
                "type": "index",
                "value": {
                  "value": 0,
                  "type": "number"
                }
              },
              {
                "type": "get_attr",
                "value": "env"
              }
            ]
          ],
          "identity_schema_version": 0,
          "private": "eyJlMmJmYjczMC1lY2FhLTExZTYtOGY4OC0zNDM2M2JjN2M0YzAiOnsiY3JlYXRlIjoxMjAwMDAwMDAwMDAwLCJkZWxldGUiOjEyMDAwMDAwMDAwMDAsInVwZGF0ZSI6MTIwMDAwMDAwMDAwMH19",
          "dependencies": [
            "module.core.data.google_compute_default_service_account.default",
            "module.core.data.sentry_key.backend",
            "module.core.google_project_iam_member.run_secret_access",
            "module.core.google_project_iam_member.run_sql_client",
            "module.core.google_project_service.apis",
            "module.core.google_project_service.extra_apis",
            "module.core.google_secret_manager_secret.db_password_secret",
            "module.core.google_sql_database.database",
            "module.core.google_sql_database_instance.postgres",
            "module.core.google_sql_user.users",
            "module.core.random_id.suffix",
            "module.core.random_password.db_password",
            "module.core.sentry_project.backend",
            "module.core.sentry_team.main"
          ]
        }
      ]
    },
    {
      "module": "module.core",
      "mode": "managed",
      "type": "google_cloud_run_v2_service",
      "name": "frontend",
      "provider": "provider[\"registry.terraform.io/hashicorp/google\"]",
      "instances": [
        {
          "schema_version": 0,
          "attributes": {
            "annotations": {},
            "binary_authorization": [],
            "build_config": [],
            "client": "gcloud",
            "client_version": "550.0.0",
            "conditions": [
              {
                "execution_reason": "",
                "last_transition_time": "2026-01-17T14:30:22.779779Z",
                "message": "",
                "reason": "",
                "revision_reason": "",
                "severity": "",
                "state": "CONDITION_SUCCEEDED",
                "type": "RoutesReady"
              },
              {
                "execution_reason": "",
                "last_transition_time": "2026-01-17T14:30:20.415980Z",
                "message": "",
                "reason": "",
                "revision_reason": "",
                "severity": "",
                "state": "CONDITION_SUCCEEDED",
                "type": "ConfigurationsReady"
              }
            ],
            "create_time": "2025-12-13T15:03:35.832552Z",
            "creator": "celestialbiome@gmail.com",
            "custom_audiences": [],
            "delete_time": "",
            "deletion_protection": true,
            "description": "",
            "effective_annotations": {},
            "effective_labels": {
              "commit-sha": "a2ef28c0d5d295c2c2b72e5c9e1d8d83d8839db8",
              "goog-terraform-provisioned": "true",
              "managed-by": "github-actions"
            },
            "etag": "\"CPe5rssGEIC56vcC/cHJvamVjdHMvY2VsZXN0aWFsLWJpb21lLTQ4MDYwMS9sb2NhdGlvbnMvYXNpYS1ub3J0aGVhc3QxL3NlcnZpY2VzL2NlbGVzdGlhbC1mcm9udGVuZA\"",
            "expire_time": "",
            "generation": "129",
            "id": "projects/celestial-biome-480601/locations/asia-northeast1/services/celestial-frontend",
            "ingress": "INGRESS_TRAFFIC_ALL",
            "invoker_iam_disabled": false,
            "labels": {},
            "last_modifier": "celestialbiome@gmail.com",
            "latest_created_revision": "projects/celestial-biome-480601/locations/asia-northeast1/services/celestial-frontend/revisions/celestial-frontend-00129-ddv",
            "latest_ready_revision": "projects/celestial-biome-480601/locations/asia-northeast1/services/celestial-frontend/revisions/celestial-frontend-00129-ddv",
            "launch_stage": "GA",
            "location": "asia-northeast1",
            "name": "celestial-frontend",
            "observed_generation": "129",
            "project": "celestial-biome-480601",
            "reconciling": false,
            "scaling": [],
            "template": [
              {
                "annotations": {},
                "containers": [
                  {
                    "args": [],
                    "base_image_uri": "",
                    "build_info": [],
                    "command": [],
                    "depends_on": [],
                    "env": [
                      {
                        "name": "NEXT_PUBLIC_API_URL",
                        "value": "https://celestial-backend-qzdsdfovsq-an.a.run.app",
                        "value_source": []
                      },
                      {
                        "name": "SENTRY_DSN",
                        "value": "https://c20540cc8603616e5ce6f9c17df13821@o4510703250046976.ingest.us.sentry.io/4510705457037313",
                        "value_source": []
                      },
                      {
                        "name": "SENTRY_ENVIRONMENT",
                        "value": "development",
                        "value_source": []
                      }
                    ],
                    "image": "asia-northeast1-docker.pkg.dev/celestial-biome-480601/app-repo/frontend:a2ef28c0d5d295c2c2b72e5c9e1d8d83d8839db8",
                    "liveness_probe": [],
                    "name": "",
                    "ports": [
                      {
                        "container_port": 8080,
                        "name": "http1"
                      }
                    ],
                    "resources": [
                      {
                        "cpu_idle": true,
                        "limits": {
                          "cpu": "1000m",
                          "memory": "512Mi"
                        },
                        "startup_cpu_boost": false
                      }
                    ],
                    "startup_probe": [
                      {
                        "failure_threshold": 1,
                        "grpc": [],
                        "http_get": [],
                        "initial_delay_seconds": 0,
                        "period_seconds": 240,
                        "tcp_socket": [
                          {
                            "port": 8080
                          }
                        ],
                        "timeout_seconds": 240
                      }
                    ],
                    "volume_mounts": [],
                    "working_dir": ""
                  }
                ],
                "encryption_key": "",
                "execution_environment": "",
                "gpu_zonal_redundancy_disabled": false,
                "labels": {},
                "max_instance_request_concurrency": 80,
                "node_selector": [],
                "revision": "",
                "scaling": [
                  {
                    "max_instance_count": 3,
                    "min_instance_count": 0
                  }
                ],
                "service_account": "617827263662-compute@developer.gserviceaccount.com",
                "session_affinity": false,
                "timeout": "300s",
                "volumes": [],
                "vpc_access": []
              }
            ],
            "terminal_condition": [
              {
                "execution_reason": "",
                "last_transition_time": "2026-01-17T14:30:22.809573Z",
                "message": "",
                "reason": "",
                "revision_reason": "",
                "severity": "",
                "state": "CONDITION_SUCCEEDED",
                "type": "Ready"
              }
            ],
            "terraform_labels": {
              "goog-terraform-provisioned": "true"
            },
            "timeouts": null,
            "traffic": [
              {
                "percent": 100,
                "revision": "",
                "tag": "",
                "type": "TRAFFIC_TARGET_ALLOCATION_TYPE_LATEST"
              }
            ],
            "traffic_statuses": [
              {
                "percent": 100,
                "revision": "",
                "tag": "",
                "type": "TRAFFIC_TARGET_ALLOCATION_TYPE_LATEST",
                "uri": ""
              }
            ],
            "uid": "be37f6be-7b05-4a7d-afd7-84bafe468359",
            "update_time": "2026-01-17T14:30:15.788176Z",
            "uri": "https://celestial-frontend-qzdsdfovsq-an.a.run.app",
            "urls": [
              "https://celestial-frontend-617827263662.asia-northeast1.run.app",
              "https://celestial-frontend-qzdsdfovsq-an.a.run.app"
            ]
          },
          "sensitive_attributes": [
            [
              {
                "type": "get_attr",
                "value": "template"
              },
              {
                "type": "index",
                "value": {
                  "value": 0,
                  "type": "number"
                }
              },
              {
                "type": "get_attr",
                "value": "containers"
              },
              {
                "type": "index",
                "value": {
                  "value": 0,
                  "type": "number"
                }
              },
              {
                "type": "get_attr",
                "value": "env"
              }
            ]
          ],
          "identity_schema_version": 0,
          "private": "eyJlMmJmYjczMC1lY2FhLTExZTYtOGY4OC0zNDM2M2JjN2M0YzAiOnsiY3JlYXRlIjoxMjAwMDAwMDAwMDAwLCJkZWxldGUiOjEyMDAwMDAwMDAwMDAsInVwZGF0ZSI6MTIwMDAwMDAwMDAwMH19",
          "dependencies": [
            "module.core.data.google_compute_default_service_account.default",
            "module.core.data.sentry_key.backend",
            "module.core.data.sentry_key.frontend",
            "module.core.google_cloud_run_v2_service.backend",
            "module.core.google_project_iam_member.run_secret_access",
            "module.core.google_project_iam_member.run_sql_client",
            "module.core.google_project_service.apis",
            "module.core.google_project_service.extra_apis",
            "module.core.google_secret_manager_secret.db_password_secret",
            "module.core.google_sql_database.database",
            "module.core.google_sql_database_instance.postgres",
            "module.core.google_sql_user.users",
            "module.core.random_id.suffix",
            "module.core.random_password.db_password",
            "module.core.sentry_project.backend",
            "module.core.sentry_project.frontend",
            "module.core.sentry_team.main"
          ]
        }
      ]
    },
    {
      "module": "module.core",
      "mode": "managed",
      "type": "google_cloud_scheduler_job",
      "name": "ingest_earthquakes_trigger",
      "provider": "provider[\"registry.terraform.io/hashicorp/google\"]",
      "instances": [
        {
          "schema_version": 0,
          "attributes": {
            "app_engine_http_target": [],
            "attempt_deadline": "320s",
            "description": "Trigger Cloud Run Job to ingest earthquake data (Every 15 mins)",
            "http_target": [
              {
                "body": "",
                "headers": {},
                "http_method": "POST",
                "oauth_token": [
                  {
                    "scope": "https://www.googleapis.com/auth/cloud-platform",
                    "service_account_email": "space-weather-job-runner@celestial-biome-480601.iam.gserviceaccount.com"
                  }
                ],
                "oidc_token": [],
                "uri": "https://asia-northeast1-run.googleapis.com/apis/run.googleapis.com/v1/namespaces/celestial-biome-480601/jobs/ingest-earthquakes-job:run"
              }
            ],
            "id": "projects/celestial-biome-480601/locations/asia-northeast1/jobs/schedule-ingest-earthquakes",
            "name": "schedule-ingest-earthquakes",
            "paused": false,
            "project": "celestial-biome-480601",
            "pubsub_target": [],
            "region": "asia-northeast1",
            "retry_config": [],
            "schedule": "*/15 * * * *",
            "state": "ENABLED",
            "time_zone": "Asia/Tokyo",
            "timeouts": null
          },
          "sensitive_attributes": [],
          "identity_schema_version": 0,
          "private": "eyJlMmJmYjczMC1lY2FhLTExZTYtOGY4OC0zNDM2M2JjN2M0YzAiOnsiY3JlYXRlIjoxMjAwMDAwMDAwMDAwLCJkZWxldGUiOjEyMDAwMDAwMDAwMDAsInVwZGF0ZSI6MTIwMDAwMDAwMDAwMH19",
          "dependencies": [
            "module.core.google_cloud_run_v2_job.ingest_earthquakes_job",
            "module.core.google_project_service.extra_apis",
            "module.core.google_secret_manager_secret.db_password_secret",
            "module.core.google_service_account.job_runner",
            "module.core.google_sql_database.database",
            "module.core.google_sql_database_instance.postgres",
            "module.core.google_sql_user.users",
            "module.core.random_id.suffix",
            "module.core.random_password.db_password"
          ]
        }
      ]
    },
    {
      "module": "module.core",
      "mode": "managed",
      "type": "google_cloud_scheduler_job",
      "name": "ingest_economy_trigger",
      "provider": "provider[\"registry.terraform.io/hashicorp/google\"]",
      "instances": [
        {
          "schema_version": 0,
          "attributes": {
            "app_engine_http_target": [],
            "attempt_deadline": "320s",
            "description": "Trigger Cloud Run Job to ingest economy data (Daily 07:00 JST)",
            "http_target": [
              {
                "body": "",
                "headers": {},
                "http_method": "POST",
                "oauth_token": [
                  {
                    "scope": "https://www.googleapis.com/auth/cloud-platform",
                    "service_account_email": "space-weather-job-runner@celestial-biome-480601.iam.gserviceaccount.com"
                  }
                ],
                "oidc_token": [],
                "uri": "https://asia-northeast1-run.googleapis.com/apis/run.googleapis.com/v1/namespaces/celestial-biome-480601/jobs/ingest-economy-job:run"
              }
            ],
            "id": "projects/celestial-biome-480601/locations/asia-northeast1/jobs/schedule-ingest-economy",
            "name": "schedule-ingest-economy",
            "paused": false,
            "project": "celestial-biome-480601",
            "pubsub_target": [],
            "region": "asia-northeast1",
            "retry_config": [],
            "schedule": "0 7 * * *",
            "state": "ENABLED",
            "time_zone": "Asia/Tokyo",
            "timeouts": null
          },
          "sensitive_attributes": [],
          "identity_schema_version": 0,
          "private": "eyJlMmJmYjczMC1lY2FhLTExZTYtOGY4OC0zNDM2M2JjN2M0YzAiOnsiY3JlYXRlIjoxMjAwMDAwMDAwMDAwLCJkZWxldGUiOjEyMDAwMDAwMDAwMDAsInVwZGF0ZSI6MTIwMDAwMDAwMDAwMH19",
          "dependencies": [
            "module.core.google_cloud_run_v2_job.ingest_economy_job",
            "module.core.google_project_service.extra_apis",
            "module.core.google_secret_manager_secret.db_password_secret",
            "module.core.google_service_account.job_runner",
            "module.core.google_sql_database.database",
            "module.core.google_sql_database_instance.postgres",
            "module.core.google_sql_user.users",
            "module.core.random_id.suffix",
            "module.core.random_password.db_password"
          ]
        }
      ]
    },
    {
      "module": "module.core",
      "mode": "managed",
      "type": "google_cloud_scheduler_job",
      "name": "ingest_schedule",
      "provider": "provider[\"registry.terraform.io/hashicorp/google\"]",
      "instances": [
        {
          "schema_version": 0,
          "attributes": {
            "app_engine_http_target": [],
            "attempt_deadline": "320s",
            "description": "Trigger Cloud Run Job to ingest space weather data",
            "http_target": [
              {
                "body": "",
                "headers": null,
                "http_method": "POST",
                "oauth_token": [
                  {
                    "scope": "https://www.googleapis.com/auth/cloud-platform",
                    "service_account_email": "space-weather-job-runner@celestial-biome-480601.iam.gserviceaccount.com"
                  }
                ],
                "oidc_token": [],
                "uri": "https://asia-northeast1-run.googleapis.com/apis/run.googleapis.com/v1/namespaces/celestial-biome-480601/jobs/ingest-space-weather-job:run"
              }
            ],
            "id": "projects/celestial-biome-480601/locations/asia-northeast1/jobs/schedule-space-weather",
            "name": "schedule-space-weather",
            "paused": false,
            "project": "celestial-biome-480601",
            "pubsub_target": [],
            "region": "asia-northeast1",
            "retry_config": [],
            "schedule": "0 * * * *",
            "state": "ENABLED",
            "time_zone": "Asia/Tokyo",
            "timeouts": null
          },
          "sensitive_attributes": [],
          "identity_schema_version": 0,
          "private": "eyJlMmJmYjczMC1lY2FhLTExZTYtOGY4OC0zNDM2M2JjN2M0YzAiOnsiY3JlYXRlIjoxMjAwMDAwMDAwMDAwLCJkZWxldGUiOjEyMDAwMDAwMDAwMDAsInVwZGF0ZSI6MTIwMDAwMDAwMDAwMH19",
          "dependencies": [
            "module.core.google_cloud_run_v2_job.ingest_job",
            "module.core.google_project_service.extra_apis",
            "module.core.google_secret_manager_secret.db_password_secret",
            "module.core.google_service_account.job_runner",
            "module.core.google_sql_database.database",
            "module.core.google_sql_database_instance.postgres",
            "module.core.google_sql_user.users",
            "module.core.random_id.suffix",
            "module.core.random_password.db_password"
          ]
        }
      ]
    },
    {
      "module": "module.core",
      "mode": "managed",
      "type": "google_cloud_scheduler_job",
      "name": "sync_earthquakes_trigger",
      "provider": "provider[\"registry.terraform.io/hashicorp/google\"]",
      "instances": [
        {
          "schema_version": 0,
          "attributes": {
            "app_engine_http_target": [],
            "attempt_deadline": "320s",
            "description": "Trigger Cloud Run Job to sync earthquake data to DB",
            "http_target": [
              {
                "body": "",
                "headers": null,
                "http_method": "POST",
                "oauth_token": [
                  {
                    "scope": "https://www.googleapis.com/auth/cloud-platform",
                    "service_account_email": "space-weather-job-runner@celestial-biome-480601.iam.gserviceaccount.com"
                  }
                ],
                "oidc_token": [],
                "uri": "https://asia-northeast1-run.googleapis.com/apis/run.googleapis.com/v1/namespaces/celestial-biome-480601/jobs/sync-earthquakes-db-job:run"
              }
            ],
            "id": "projects/celestial-biome-480601/locations/asia-northeast1/jobs/schedule-sync-earthquakes",
            "name": "schedule-sync-earthquakes",
            "paused": false,
            "project": "celestial-biome-480601",
            "pubsub_target": [],
            "region": "asia-northeast1",
            "retry_config": [],
            "schedule": "5,20,35,50 * * * *",
            "state": "ENABLED",
            "time_zone": "Asia/Tokyo",
            "timeouts": null
          },
          "sensitive_attributes": [],
          "identity_schema_version": 0,
          "private": "eyJlMmJmYjczMC1lY2FhLTExZTYtOGY4OC0zNDM2M2JjN2M0YzAiOnsiY3JlYXRlIjoxMjAwMDAwMDAwMDAwLCJkZWxldGUiOjEyMDAwMDAwMDAwMDAsInVwZGF0ZSI6MTIwMDAwMDAwMDAwMH19",
          "dependencies": [
            "module.core.google_cloud_run_v2_job.sync_earthquakes_job",
            "module.core.google_project_service.extra_apis",
            "module.core.google_secret_manager_secret.db_password_secret",
            "module.core.google_service_account.job_runner",
            "module.core.google_sql_database.database",
            "module.core.google_sql_database_instance.postgres",
            "module.core.google_sql_user.users",
            "module.core.random_id.suffix",
            "module.core.random_password.db_password"
          ]
        }
      ]
    },
    {
      "module": "module.core",
      "mode": "managed",
      "type": "google_cloud_scheduler_job",
      "name": "sync_economy_trigger",
      "provider": "provider[\"registry.terraform.io/hashicorp/google\"]",
      "instances": [
        {
          "schema_version": 0,
          "attributes": {
            "app_engine_http_target": [],
            "attempt_deadline": "320s",
            "description": "Trigger Cloud Run Job to sync economy data to DB (Daily 07:30 JST)",
            "http_target": [
              {
                "body": "",
                "headers": null,
                "http_method": "POST",
                "oauth_token": [
                  {
                    "scope": "https://www.googleapis.com/auth/cloud-platform",
                    "service_account_email": "space-weather-job-runner@celestial-biome-480601.iam.gserviceaccount.com"
                  }
                ],
                "oidc_token": [],
                "uri": "https://asia-northeast1-run.googleapis.com/apis/run.googleapis.com/v1/namespaces/celestial-biome-480601/jobs/sync-economy-db-job:run"
              }
            ],
            "id": "projects/celestial-biome-480601/locations/asia-northeast1/jobs/schedule-sync-economy",
            "name": "schedule-sync-economy",
            "paused": false,
            "project": "celestial-biome-480601",
            "pubsub_target": [],
            "region": "asia-northeast1",
            "retry_config": [],
            "schedule": "30 7 * * *",
            "state": "ENABLED",
            "time_zone": "Asia/Tokyo",
            "timeouts": null
          },
          "sensitive_attributes": [],
          "identity_schema_version": 0,
          "private": "eyJlMmJmYjczMC1lY2FhLTExZTYtOGY4OC0zNDM2M2JjN2M0YzAiOnsiY3JlYXRlIjoxMjAwMDAwMDAwMDAwLCJkZWxldGUiOjEyMDAwMDAwMDAwMDAsInVwZGF0ZSI6MTIwMDAwMDAwMDAwMH19",
          "dependencies": [
            "module.core.google_cloud_run_v2_job.sync_economy_job",
            "module.core.google_project_service.extra_apis",
            "module.core.google_secret_manager_secret.db_password_secret",
            "module.core.google_service_account.job_runner",
            "module.core.google_sql_database.database",
            "module.core.google_sql_database_instance.postgres",
            "module.core.google_sql_user.users",
            "module.core.random_id.suffix",
            "module.core.random_password.db_password"
          ]
        }
      ]
    },
    {
      "module": "module.core",
      "mode": "managed",
      "type": "google_cloud_scheduler_job",
      "name": "sync_schedule",
      "provider": "provider[\"registry.terraform.io/hashicorp/google\"]",
      "instances": [
        {
          "schema_version": 0,
          "attributes": {
            "app_engine_http_target": [],
            "attempt_deadline": "320s",
            "description": "Trigger Cloud Run Job to sync space weather data from BQ to DB",
            "http_target": [
              {
                "body": "",
                "headers": null,
                "http_method": "POST",
                "oauth_token": [
                  {
                    "scope": "https://www.googleapis.com/auth/cloud-platform",
                    "service_account_email": "space-weather-job-runner@celestial-biome-480601.iam.gserviceaccount.com"
                  }
                ],
                "oidc_token": [],
                "uri": "https://asia-northeast1-run.googleapis.com/apis/run.googleapis.com/v1/namespaces/celestial-biome-480601/jobs/sync-space-weather-db-job:run"
              }
            ],
            "id": "projects/celestial-biome-480601/locations/asia-northeast1/jobs/schedule-sync-space-weather",
            "name": "schedule-sync-space-weather",
            "paused": false,
            "project": "celestial-biome-480601",
            "pubsub_target": [],
            "region": "asia-northeast1",
            "retry_config": [],
            "schedule": "5 * * * *",
            "state": "ENABLED",
            "time_zone": "Asia/Tokyo",
            "timeouts": null
          },
          "sensitive_attributes": [],
          "identity_schema_version": 0,
          "private": "eyJlMmJmYjczMC1lY2FhLTExZTYtOGY4OC0zNDM2M2JjN2M0YzAiOnsiY3JlYXRlIjoxMjAwMDAwMDAwMDAwLCJkZWxldGUiOjEyMDAwMDAwMDAwMDAsInVwZGF0ZSI6MTIwMDAwMDAwMDAwMH19",
          "dependencies": [
            "module.core.google_cloud_run_v2_job.sync_db_job",
            "module.core.google_project_service.extra_apis",
            "module.core.google_secret_manager_secret.db_password_secret",
            "module.core.google_service_account.job_runner",
            "module.core.google_sql_database.database",
            "module.core.google_sql_database_instance.postgres",
            "module.core.google_sql_user.users",
            "module.core.random_id.suffix",
            "module.core.random_password.db_password"
          ]
        }
      ]
    },
    {
      "module": "module.core",
      "mode": "managed",
      "type": "google_iam_workload_identity_pool",
      "name": "github_pool",
      "provider": "provider[\"registry.terraform.io/hashicorp/google\"]",
      "instances": [
        {
          "schema_version": 0,
          "attributes": {
            "description": "",
            "disabled": false,
            "display_name": "GitHub Actions Pool",
            "id": "projects/celestial-biome-480601/locations/global/workloadIdentityPools/celestial-pool",
            "name": "projects/617827263662/locations/global/workloadIdentityPools/celestial-pool",
            "project": "celestial-biome-480601",
            "state": "ACTIVE",
            "timeouts": null,
            "workload_identity_pool_id": "celestial-pool"
          },
          "sensitive_attributes": [],
          "identity_schema_version": 0,
          "private": "eyJlMmJmYjczMC1lY2FhLTExZTYtOGY4OC0zNDM2M2JjN2M0YzAiOnsiY3JlYXRlIjoxMjAwMDAwMDAwMDAwLCJkZWxldGUiOjEyMDAwMDAwMDAwMDAsInVwZGF0ZSI6MTIwMDAwMDAwMDAwMH0sInNjaGVtYV92ZXJzaW9uIjoiMCJ9",
          "dependencies": [
            "module.core.google_project_service.apis"
          ]
        }
      ]
    },
    {
      "module": "module.core",
      "mode": "managed",
      "type": "google_iam_workload_identity_pool_provider",
      "name": "github_provider",
      "provider": "provider[\"registry.terraform.io/hashicorp/google\"]",
      "instances": [
        {
          "schema_version": 0,
          "attributes": {
            "attribute_condition": "assertion.sub.startsWith('repo:')",
            "attribute_mapping": {
              "attribute.repository": "assertion.repository",
              "google.subject": "assertion.sub"
            },
            "aws": [],
            "description": "",
            "disabled": false,
            "display_name": "GitHub Actions Provider",
            "id": "projects/celestial-biome-480601/locations/global/workloadIdentityPools/celestial-pool/providers/gh-provider-cloudshell",
            "name": "projects/617827263662/locations/global/workloadIdentityPools/celestial-pool/providers/gh-provider-cloudshell",
            "oidc": [
              {
                "allowed_audiences": [],
                "issuer_uri": "https://token.actions.githubusercontent.com",
                "jwks_json": ""
              }
            ],
            "project": "celestial-biome-480601",
            "saml": [],
            "state": "ACTIVE",
            "timeouts": null,
            "workload_identity_pool_id": "celestial-pool",
            "workload_identity_pool_provider_id": "gh-provider-cloudshell",
            "x509": []
          },
          "sensitive_attributes": [],
          "identity_schema_version": 0,
          "private": "eyJlMmJmYjczMC1lY2FhLTExZTYtOGY4OC0zNDM2M2JjN2M0YzAiOnsiY3JlYXRlIjoxMjAwMDAwMDAwMDAwLCJkZWxldGUiOjEyMDAwMDAwMDAwMDAsInVwZGF0ZSI6MTIwMDAwMDAwMDAwMH0sInNjaGVtYV92ZXJzaW9uIjoiMCJ9",
          "dependencies": [
            "module.core.google_iam_workload_identity_pool.github_pool",
            "module.core.google_project_service.apis"
          ]
        }
      ]
    },
    {
      "module": "module.core",
      "mode": "managed",
      "type": "google_project_iam_member",
      "name": "backend_bq_user",
      "provider": "provider[\"registry.terraform.io/hashicorp/google\"]",
      "instances": [
        {
          "schema_version": 0,
          "attributes": {
            "condition": [],
            "etag": "BwZG6Pd+fXs=",
            "id": "celestial-biome-480601/roles/bigquery.jobUser/serviceAccount:617827263662-compute@developer.gserviceaccount.com",
            "member": "serviceAccount:617827263662-compute@developer.gserviceaccount.com",
            "project": "celestial-biome-480601",
            "role": "roles/bigquery.jobUser"
          },
          "sensitive_attributes": [],
          "identity_schema_version": 0,
          "private": "bnVsbA==",
          "dependencies": [
            "module.core.data.google_compute_default_service_account.default",
            "module.core.google_project_service.apis"
          ]
        }
      ]
    },
    {
      "module": "module.core",
      "mode": "managed",
      "type": "google_project_iam_member",
      "name": "backend_bq_viewer",
      "provider": "provider[\"registry.terraform.io/hashicorp/google\"]",
      "instances": [
        {
          "schema_version": 0,
          "attributes": {
            "condition": [],
            "etag": "BwZG6Pd+fXs=",
            "id": "celestial-biome-480601/roles/bigquery.dataViewer/serviceAccount:617827263662-compute@developer.gserviceaccount.com",
            "member": "serviceAccount:617827263662-compute@developer.gserviceaccount.com",
            "project": "celestial-biome-480601",
            "role": "roles/bigquery.dataViewer"
          },
          "sensitive_attributes": [],
          "identity_schema_version": 0,
          "private": "bnVsbA==",
          "dependencies": [
            "module.core.data.google_compute_default_service_account.default",
            "module.core.google_project_service.apis"
          ]
        }
      ]
    },
    {
      "module": "module.core",
      "mode": "managed",
      "type": "google_project_iam_member",
      "name": "job_bq_editor",
      "provider": "provider[\"registry.terraform.io/hashicorp/google\"]",
      "instances": [
        {
          "schema_version": 0,
          "attributes": {
            "condition": [],
            "etag": "BwZG6Pd+fXs=",
            "id": "celestial-biome-480601/roles/bigquery.dataEditor/serviceAccount:space-weather-job-runner@celestial-biome-480601.iam.gserviceaccount.com",
            "member": "serviceAccount:space-weather-job-runner@celestial-biome-480601.iam.gserviceaccount.com",
            "project": "celestial-biome-480601",
            "role": "roles/bigquery.dataEditor"
          },
          "sensitive_attributes": [],
          "identity_schema_version": 0,
          "private": "bnVsbA==",
          "dependencies": [
            "module.core.google_service_account.job_runner"
          ]
        }
      ]
    },
    {
      "module": "module.core",
      "mode": "managed",
      "type": "google_project_iam_member",
      "name": "job_bq_user",
      "provider": "provider[\"registry.terraform.io/hashicorp/google\"]",
      "instances": [
        {
          "schema_version": 0,
          "attributes": {
            "condition": [],
            "etag": "BwZG6Pd+fXs=",
            "id": "celestial-biome-480601/roles/bigquery.jobUser/serviceAccount:space-weather-job-runner@celestial-biome-480601.iam.gserviceaccount.com",
            "member": "serviceAccount:space-weather-job-runner@celestial-biome-480601.iam.gserviceaccount.com",
            "project": "celestial-biome-480601",
            "role": "roles/bigquery.jobUser"
          },
          "sensitive_attributes": [],
          "identity_schema_version": 0,
          "private": "bnVsbA==",
          "dependencies": [
            "module.core.google_service_account.job_runner"
          ]
        }
      ]
    },
    {
      "module": "module.core",
      "mode": "managed",
      "type": "google_project_iam_member",
      "name": "job_invoker",
      "provider": "provider[\"registry.terraform.io/hashicorp/google\"]",
      "instances": [
        {
          "schema_version": 0,
          "attributes": {
            "condition": [],
            "etag": "BwZG6Pd+fXs=",
            "id": "celestial-biome-480601/roles/run.invoker/serviceAccount:space-weather-job-runner@celestial-biome-480601.iam.gserviceaccount.com",
            "member": "serviceAccount:space-weather-job-runner@celestial-biome-480601.iam.gserviceaccount.com",
            "project": "celestial-biome-480601",
            "role": "roles/run.invoker"
          },
          "sensitive_attributes": [],
          "identity_schema_version": 0,
          "private": "bnVsbA==",
          "dependencies": [
            "module.core.google_service_account.job_runner"
          ]
        }
      ]
    },
    {
      "module": "module.core",
      "mode": "managed",
      "type": "google_project_iam_member",
      "name": "job_secret_accessor",
      "provider": "provider[\"registry.terraform.io/hashicorp/google\"]",
      "instances": [
        {
          "schema_version": 0,
          "attributes": {
            "condition": [],
            "etag": "BwZG6Pd+fXs=",
            "id": "celestial-biome-480601/roles/secretmanager.secretAccessor/serviceAccount:space-weather-job-runner@celestial-biome-480601.iam.gserviceaccount.com",
            "member": "serviceAccount:space-weather-job-runner@celestial-biome-480601.iam.gserviceaccount.com",
            "project": "celestial-biome-480601",
            "role": "roles/secretmanager.secretAccessor"
          },
          "sensitive_attributes": [],
          "identity_schema_version": 0,
          "private": "bnVsbA==",
          "dependencies": [
            "module.core.google_service_account.job_runner"
          ]
        }
      ]
    },
    {
      "module": "module.core",
      "mode": "managed",
      "type": "google_project_iam_member",
      "name": "job_sql_client",
      "provider": "provider[\"registry.terraform.io/hashicorp/google\"]",
      "instances": [
        {
          "schema_version": 0,
          "attributes": {
            "condition": [],
            "etag": "BwZG6Pd+fXs=",
            "id": "celestial-biome-480601/roles/cloudsql.client/serviceAccount:space-weather-job-runner@celestial-biome-480601.iam.gserviceaccount.com",
            "member": "serviceAccount:space-weather-job-runner@celestial-biome-480601.iam.gserviceaccount.com",
            "project": "celestial-biome-480601",
            "role": "roles/cloudsql.client"
          },
          "sensitive_attributes": [],
          "identity_schema_version": 0,
          "private": "bnVsbA==",
          "dependencies": [
            "module.core.google_service_account.job_runner"
          ]
        }
      ]
    },
    {
      "module": "module.core",
      "mode": "managed",
      "type": "google_project_iam_member",
      "name": "run_secret_access",
      "provider": "provider[\"registry.terraform.io/hashicorp/google\"]",
      "instances": [
        {
          "schema_version": 0,
          "attributes": {
            "condition": [],
            "etag": "BwZG6Pd+fXs=",
            "id": "celestial-biome-480601/roles/secretmanager.secretAccessor/serviceAccount:617827263662-compute@developer.gserviceaccount.com",
            "member": "serviceAccount:617827263662-compute@developer.gserviceaccount.com",
            "project": "celestial-biome-480601",
            "role": "roles/secretmanager.secretAccessor"
          },
          "sensitive_attributes": [],
          "identity_schema_version": 0,
          "private": "bnVsbA==",
          "dependencies": [
            "module.core.data.google_compute_default_service_account.default",
            "module.core.google_project_service.apis"
          ]
        }
      ]
    },
    {
      "module": "module.core",
      "mode": "managed",
      "type": "google_project_iam_member",
      "name": "run_sql_client",
      "provider": "provider[\"registry.terraform.io/hashicorp/google\"]",
      "instances": [
        {
          "schema_version": 0,
          "attributes": {
            "condition": [],
            "etag": "BwZG6Pd+fXs=",
            "id": "celestial-biome-480601/roles/cloudsql.client/serviceAccount:617827263662-compute@developer.gserviceaccount.com",
            "member": "serviceAccount:617827263662-compute@developer.gserviceaccount.com",
            "project": "celestial-biome-480601",
            "role": "roles/cloudsql.client"
          },
          "sensitive_attributes": [],
          "identity_schema_version": 0,
          "private": "bnVsbA==",
          "dependencies": [
            "module.core.data.google_compute_default_service_account.default",
            "module.core.google_project_service.apis"
          ]
        }
      ]
    },
    {
      "module": "module.core",
      "mode": "managed",
      "type": "google_project_iam_member",
      "name": "sa_roles",
      "provider": "provider[\"registry.terraform.io/hashicorp/google\"]",
      "instances": [
        {
          "index_key": "roles/artifactregistry.writer",
          "schema_version": 0,
          "attributes": {
            "condition": [],
            "etag": "BwZG6Pd+fXs=",
            "id": "celestial-biome-480601/roles/artifactregistry.writer/serviceAccount:github-actions-sa@celestial-biome-480601.iam.gserviceaccount.com",
            "member": "serviceAccount:github-actions-sa@celestial-biome-480601.iam.gserviceaccount.com",
            "project": "celestial-biome-480601",
            "role": "roles/artifactregistry.writer"
          },
          "sensitive_attributes": [],
          "identity_schema_version": 0,
          "private": "bnVsbA==",
          "dependencies": [
            "module.core.google_service_account.github_actions"
          ]
        },
        {
          "index_key": "roles/iam.serviceAccountUser",
          "schema_version": 0,
          "attributes": {
            "condition": [],
            "etag": "BwZG6Pd+fXs=",
            "id": "celestial-biome-480601/roles/iam.serviceAccountUser/serviceAccount:github-actions-sa@celestial-biome-480601.iam.gserviceaccount.com",
            "member": "serviceAccount:github-actions-sa@celestial-biome-480601.iam.gserviceaccount.com",
            "project": "celestial-biome-480601",
            "role": "roles/iam.serviceAccountUser"
          },
          "sensitive_attributes": [],
          "identity_schema_version": 0,
          "private": "bnVsbA==",
          "dependencies": [
            "module.core.google_service_account.github_actions"
          ]
        },
        {
          "index_key": "roles/run.admin",
          "schema_version": 0,
          "attributes": {
            "condition": [],
            "etag": "BwZG6Pd+fXs=",
            "id": "celestial-biome-480601/roles/run.admin/serviceAccount:github-actions-sa@celestial-biome-480601.iam.gserviceaccount.com",
            "member": "serviceAccount:github-actions-sa@celestial-biome-480601.iam.gserviceaccount.com",
            "project": "celestial-biome-480601",
            "role": "roles/run.admin"
          },
          "sensitive_attributes": [],
          "identity_schema_version": 0,
          "private": "bnVsbA==",
          "dependencies": [
            "module.core.google_service_account.github_actions"
          ]
        }
      ]
    },
    {
      "module": "module.core",
      "mode": "managed",
      "type": "google_project_service",
      "name": "apis",
      "provider": "provider[\"registry.terraform.io/hashicorp/google\"]",
      "instances": [
        {
          "index_key": "artifactregistry.googleapis.com",
          "schema_version": 0,
          "attributes": {
            "disable_dependent_services": null,
            "disable_on_destroy": false,
            "id": "celestial-biome-480601/artifactregistry.googleapis.com",
            "project": "celestial-biome-480601",
            "service": "artifactregistry.googleapis.com",
            "timeouts": null
          },
          "sensitive_attributes": [],
          "identity_schema_version": 0,
          "private": "eyJlMmJmYjczMC1lY2FhLTExZTYtOGY4OC0zNDM2M2JjN2M0YzAiOnsiY3JlYXRlIjoxMjAwMDAwMDAwMDAwLCJkZWxldGUiOjEyMDAwMDAwMDAwMDAsInJlYWQiOjYwMDAwMDAwMDAwMCwidXBkYXRlIjoxMjAwMDAwMDAwMDAwfX0="
        },
        {
          "index_key": "cloudresourcemanager.googleapis.com",
          "schema_version": 0,
          "attributes": {
            "disable_dependent_services": null,
            "disable_on_destroy": false,
            "id": "celestial-biome-480601/cloudresourcemanager.googleapis.com",
            "project": "celestial-biome-480601",
            "service": "cloudresourcemanager.googleapis.com",
            "timeouts": null
          },
          "sensitive_attributes": [],
          "identity_schema_version": 0,
          "private": "eyJlMmJmYjczMC1lY2FhLTExZTYtOGY4OC0zNDM2M2JjN2M0YzAiOnsiY3JlYXRlIjoxMjAwMDAwMDAwMDAwLCJkZWxldGUiOjEyMDAwMDAwMDAwMDAsInJlYWQiOjYwMDAwMDAwMDAwMCwidXBkYXRlIjoxMjAwMDAwMDAwMDAwfX0="
        },
        {
          "index_key": "compute.googleapis.com",
          "schema_version": 0,
          "attributes": {
            "disable_dependent_services": null,
            "disable_on_destroy": false,
            "id": "celestial-biome-480601/compute.googleapis.com",
            "project": "celestial-biome-480601",
            "service": "compute.googleapis.com",
            "timeouts": null
          },
          "sensitive_attributes": [],
          "identity_schema_version": 0,
          "private": "eyJlMmJmYjczMC1lY2FhLTExZTYtOGY4OC0zNDM2M2JjN2M0YzAiOnsiY3JlYXRlIjoxMjAwMDAwMDAwMDAwLCJkZWxldGUiOjEyMDAwMDAwMDAwMDAsInJlYWQiOjYwMDAwMDAwMDAwMCwidXBkYXRlIjoxMjAwMDAwMDAwMDAwfX0="
        },
        {
          "index_key": "iamcredentials.googleapis.com",
          "schema_version": 0,
          "attributes": {
            "disable_dependent_services": null,
            "disable_on_destroy": false,
            "id": "celestial-biome-480601/iamcredentials.googleapis.com",
            "project": "celestial-biome-480601",
            "service": "iamcredentials.googleapis.com",
            "timeouts": null
          },
          "sensitive_attributes": [],
          "identity_schema_version": 0,
          "private": "eyJlMmJmYjczMC1lY2FhLTExZTYtOGY4OC0zNDM2M2JjN2M0YzAiOnsiY3JlYXRlIjoxMjAwMDAwMDAwMDAwLCJkZWxldGUiOjEyMDAwMDAwMDAwMDAsInJlYWQiOjYwMDAwMDAwMDAwMCwidXBkYXRlIjoxMjAwMDAwMDAwMDAwfX0="
        },
        {
          "index_key": "run.googleapis.com",
          "schema_version": 0,
          "attributes": {
            "disable_dependent_services": null,
            "disable_on_destroy": false,
            "id": "celestial-biome-480601/run.googleapis.com",
            "project": "celestial-biome-480601",
            "service": "run.googleapis.com",
            "timeouts": null
          },
          "sensitive_attributes": [],
          "identity_schema_version": 0,
          "private": "eyJlMmJmYjczMC1lY2FhLTExZTYtOGY4OC0zNDM2M2JjN2M0YzAiOnsiY3JlYXRlIjoxMjAwMDAwMDAwMDAwLCJkZWxldGUiOjEyMDAwMDAwMDAwMDAsInJlYWQiOjYwMDAwMDAwMDAwMCwidXBkYXRlIjoxMjAwMDAwMDAwMDAwfX0="
        },
        {
          "index_key": "sqladmin.googleapis.com",
          "schema_version": 0,
          "attributes": {
            "disable_dependent_services": null,
            "disable_on_destroy": false,
            "id": "celestial-biome-480601/sqladmin.googleapis.com",
            "project": "celestial-biome-480601",
            "service": "sqladmin.googleapis.com",
            "timeouts": null
          },
          "sensitive_attributes": [],
          "identity_schema_version": 0,
          "private": "eyJlMmJmYjczMC1lY2FhLTExZTYtOGY4OC0zNDM2M2JjN2M0YzAiOnsiY3JlYXRlIjoxMjAwMDAwMDAwMDAwLCJkZWxldGUiOjEyMDAwMDAwMDAwMDAsInJlYWQiOjYwMDAwMDAwMDAwMCwidXBkYXRlIjoxMjAwMDAwMDAwMDAwfX0="
        }
      ]
    },
    {
      "module": "module.core",
      "mode": "managed",
      "type": "google_project_service",
      "name": "extra_apis",
      "provider": "provider[\"registry.terraform.io/hashicorp/google\"]",
      "instances": [
        {
          "index_key": "cloudscheduler.googleapis.com",
          "schema_version": 0,
          "attributes": {
            "disable_dependent_services": null,
            "disable_on_destroy": false,
            "id": "celestial-biome-480601/cloudscheduler.googleapis.com",
            "project": "celestial-biome-480601",
            "service": "cloudscheduler.googleapis.com",
            "timeouts": null
          },
          "sensitive_attributes": [],
          "identity_schema_version": 0,
          "private": "eyJlMmJmYjczMC1lY2FhLTExZTYtOGY4OC0zNDM2M2JjN2M0YzAiOnsiY3JlYXRlIjoxMjAwMDAwMDAwMDAwLCJkZWxldGUiOjEyMDAwMDAwMDAwMDAsInJlYWQiOjYwMDAwMDAwMDAwMCwidXBkYXRlIjoxMjAwMDAwMDAwMDAwfX0="
        },
        {
          "index_key": "secretmanager.googleapis.com",
          "schema_version": 0,
          "attributes": {
            "disable_dependent_services": null,
            "disable_on_destroy": false,
            "id": "celestial-biome-480601/secretmanager.googleapis.com",
            "project": "celestial-biome-480601",
            "service": "secretmanager.googleapis.com",
            "timeouts": null
          },
          "sensitive_attributes": [],
          "identity_schema_version": 0,
          "private": "eyJlMmJmYjczMC1lY2FhLTExZTYtOGY4OC0zNDM2M2JjN2M0YzAiOnsiY3JlYXRlIjoxMjAwMDAwMDAwMDAwLCJkZWxldGUiOjEyMDAwMDAwMDAwMDAsInJlYWQiOjYwMDAwMDAwMDAwMCwidXBkYXRlIjoxMjAwMDAwMDAwMDAwfX0="
        },
        {
          "index_key": "sqladmin.googleapis.com",
          "schema_version": 0,
          "attributes": {
            "disable_dependent_services": null,
            "disable_on_destroy": false,
            "id": "celestial-biome-480601/sqladmin.googleapis.com",
            "project": "celestial-biome-480601",
            "service": "sqladmin.googleapis.com",
            "timeouts": null
          },
          "sensitive_attributes": [],
          "identity_schema_version": 0,
          "private": "eyJlMmJmYjczMC1lY2FhLTExZTYtOGY4OC0zNDM2M2JjN2M0YzAiOnsiY3JlYXRlIjoxMjAwMDAwMDAwMDAwLCJkZWxldGUiOjEyMDAwMDAwMDAwMDAsInJlYWQiOjYwMDAwMDAwMDAwMCwidXBkYXRlIjoxMjAwMDAwMDAwMDAwfX0="
        }
      ]
    },
    {
      "module": "module.core",
      "mode": "managed",
      "type": "google_secret_manager_secret",
      "name": "db_password_secret",
      "provider": "provider[\"registry.terraform.io/hashicorp/google\"]",
      "instances": [
        {
          "schema_version": 0,
          "attributes": {
            "annotations": {},
            "create_time": "2025-12-13T14:39:44.200183Z",
            "deletion_protection": false,
            "effective_annotations": {},
            "effective_labels": {
              "goog-terraform-provisioned": "true"
            },
            "expire_time": "",
            "id": "projects/celestial-biome-480601/secrets/db-password",
            "labels": {},
            "name": "projects/617827263662/secrets/db-password",
            "project": "celestial-biome-480601",
            "replication": [
              {
                "auto": [
                  {
                    "customer_managed_encryption": []
                  }
                ],
                "user_managed": []
              }
            ],
            "rotation": [],
            "secret_id": "db-password",
            "tags": null,
            "terraform_labels": {
              "goog-terraform-provisioned": "true"
            },
            "timeouts": null,
            "topics": [],
            "ttl": null,
            "version_aliases": {},
            "version_destroy_ttl": ""
          },
          "sensitive_attributes": [],
          "identity_schema_version": 0,
          "private": "eyJlMmJmYjczMC1lY2FhLTExZTYtOGY4OC0zNDM2M2JjN2M0YzAiOnsiY3JlYXRlIjoxMjAwMDAwMDAwMDAwLCJkZWxldGUiOjEyMDAwMDAwMDAwMDAsInVwZGF0ZSI6MTIwMDAwMDAwMDAwMH19",
          "dependencies": [
            "module.core.google_project_service.extra_apis"
          ]
        }
      ]
    },
    {
      "module": "module.core",
      "mode": "managed",
      "type": "google_secret_manager_secret_version",
      "name": "db_password_version",
      "provider": "provider[\"registry.terraform.io/hashicorp/google\"]",
      "instances": [
        {
          "schema_version": 0,
          "attributes": {
            "create_time": "2025-12-13T14:39:48.743869Z",
            "deletion_policy": "DELETE",
            "destroy_time": "",
            "enabled": true,
            "id": "projects/617827263662/secrets/db-password/versions/1",
            "is_secret_data_base64": false,
            "name": "projects/617827263662/secrets/db-password/versions/1",
            "secret": "projects/celestial-biome-480601/secrets/db-password",
            "secret_data": "RbkVQDREDQuz3sKN",
            "secret_data_wo": null,
            "secret_data_wo_version": 0,
            "timeouts": null,
            "version": "1"
          },
          "sensitive_attributes": [
            [
              {
                "type": "get_attr",
                "value": "secret_data"
              }
            ]
          ],
          "identity_schema_version": 0,
          "private": "eyJlMmJmYjczMC1lY2FhLTExZTYtOGY4OC0zNDM2M2JjN2M0YzAiOnsiY3JlYXRlIjoxMjAwMDAwMDAwMDAwLCJkZWxldGUiOjEyMDAwMDAwMDAwMDAsInVwZGF0ZSI6MTIwMDAwMDAwMDAwMH19",
          "dependencies": [
            "module.core.google_project_service.extra_apis",
            "module.core.google_secret_manager_secret.db_password_secret",
            "module.core.random_password.db_password"
          ]
        }
      ]
    },
    {
      "module": "module.core",
      "mode": "managed",
      "type": "google_service_account",
      "name": "github_actions",
      "provider": "provider[\"registry.terraform.io/hashicorp/google\"]",
      "instances": [
        {
          "schema_version": 0,
          "attributes": {
            "account_id": "github-actions-sa",
            "create_ignore_already_exists": null,
            "description": "",
            "disabled": false,
            "display_name": "Service Account for GitHub Actions",
            "email": "github-actions-sa@celestial-biome-480601.iam.gserviceaccount.com",
            "id": "projects/celestial-biome-480601/serviceAccounts/github-actions-sa@celestial-biome-480601.iam.gserviceaccount.com",
            "member": "serviceAccount:github-actions-sa@celestial-biome-480601.iam.gserviceaccount.com",
            "name": "projects/celestial-biome-480601/serviceAccounts/github-actions-sa@celestial-biome-480601.iam.gserviceaccount.com",
            "project": "celestial-biome-480601",
            "timeouts": null,
            "unique_id": "106793187195859883299"
          },
          "sensitive_attributes": [],
          "identity_schema_version": 0,
          "private": "eyJlMmJmYjczMC1lY2FhLTExZTYtOGY4OC0zNDM2M2JjN2M0YzAiOnsiY3JlYXRlIjozMDAwMDAwMDAwMDB9fQ=="
        }
      ]
    },
    {
      "module": "module.core",
      "mode": "managed",
      "type": "google_service_account",
      "name": "job_runner",
      "provider": "provider[\"registry.terraform.io/hashicorp/google\"]",
      "instances": [
        {
          "schema_version": 0,
          "attributes": {
            "account_id": "space-weather-job-runner",
            "create_ignore_already_exists": null,
            "description": "",
            "disabled": false,
            "display_name": "Space Weather Job Runner",
            "email": "space-weather-job-runner@celestial-biome-480601.iam.gserviceaccount.com",
            "id": "projects/celestial-biome-480601/serviceAccounts/space-weather-job-runner@celestial-biome-480601.iam.gserviceaccount.com",
            "member": "serviceAccount:space-weather-job-runner@celestial-biome-480601.iam.gserviceaccount.com",
            "name": "projects/celestial-biome-480601/serviceAccounts/space-weather-job-runner@celestial-biome-480601.iam.gserviceaccount.com",
            "project": "celestial-biome-480601",
            "timeouts": null,
            "unique_id": "105128561561314118183"
          },
          "sensitive_attributes": [],
          "identity_schema_version": 0,
          "private": "eyJlMmJmYjczMC1lY2FhLTExZTYtOGY4OC0zNDM2M2JjN2M0YzAiOnsiY3JlYXRlIjozMDAwMDAwMDAwMDB9fQ=="
        }
      ]
    },
    {
      "module": "module.core",
      "mode": "managed",
      "type": "google_service_account_iam_member",
      "name": "wif_binding",
      "provider": "provider[\"registry.terraform.io/hashicorp/google\"]",
      "instances": [
        {
          "schema_version": 0,
          "attributes": {
            "condition": [],
            "etag": "BwZF0lI8tI0=",
            "id": "projects/celestial-biome-480601/serviceAccounts/github-actions-sa@celestial-biome-480601.iam.gserviceaccount.com/roles/iam.workloadIdentityUser/principalSet://iam.googleapis.com/projects/617827263662/locations/global/workloadIdentityPools/celestial-pool/*",
            "member": "principalSet://iam.googleapis.com/projects/617827263662/locations/global/workloadIdentityPools/celestial-pool/*",
            "role": "roles/iam.workloadIdentityUser",
            "service_account_id": "projects/celestial-biome-480601/serviceAccounts/github-actions-sa@celestial-biome-480601.iam.gserviceaccount.com"
          },
          "sensitive_attributes": [],
          "identity_schema_version": 0,
          "private": "bnVsbA==",
          "dependencies": [
            "module.core.google_iam_workload_identity_pool.github_pool",
            "module.core.google_project_service.apis",
            "module.core.google_service_account.github_actions"
          ]
        }
      ]
    },
    {
      "module": "module.core",
      "mode": "managed",
      "type": "google_sql_database",
      "name": "database",
      "provider": "provider[\"registry.terraform.io/hashicorp/google\"]",
      "instances": [
        {
          "schema_version": 0,
          "attributes": {
            "charset": "UTF8",
            "collation": "en_US.UTF8",
            "deletion_policy": "DELETE",
            "id": "projects/celestial-biome-480601/instances/celestial-db-instance-abb9a544/databases/celestial_db",
            "instance": "celestial-db-instance-abb9a544",
            "name": "celestial_db",
            "project": "celestial-biome-480601",
            "self_link": "https://sqladmin.googleapis.com/sql/v1beta4/projects/celestial-biome-480601/instances/celestial-db-instance-abb9a544/databases/celestial_db",
            "timeouts": null
          },
          "sensitive_attributes": [],
          "identity_schema_version": 0,
          "private": "eyJlMmJmYjczMC1lY2FhLTExZTYtOGY4OC0zNDM2M2JjN2M0YzAiOnsiY3JlYXRlIjoxMjAwMDAwMDAwMDAwLCJkZWxldGUiOjEyMDAwMDAwMDAwMDAsInVwZGF0ZSI6MTIwMDAwMDAwMDAwMH19",
          "dependencies": [
            "module.core.google_project_service.extra_apis",
            "module.core.google_sql_database_instance.postgres",
            "module.core.random_id.suffix"
          ]
        }
      ]
    },
    {
      "module": "module.core",
      "mode": "managed",
      "type": "google_sql_database_instance",
      "name": "postgres",
      "provider": "provider[\"registry.terraform.io/hashicorp/google\"]",
      "instances": [
        {
          "schema_version": 0,
          "attributes": {
            "available_maintenance_versions": [],
            "clone": [],
            "connection_name": "celestial-biome-480601:asia-northeast1:celestial-db-instance-abb9a544",
            "database_version": "POSTGRES_16",
            "deletion_protection": false,
            "dns_name": "",
            "dns_names": [],
            "encryption_key_name": null,
            "first_ip_address": "34.146.73.57",
            "id": "celestial-db-instance-abb9a544",
            "instance_type": "CLOUD_SQL_INSTANCE",
            "ip_address": [
              {
                "ip_address": "34.146.73.57",
                "time_to_retire": "",
                "type": "PRIMARY"
              },
              {
                "ip_address": "35.221.78.255",
                "time_to_retire": "",
                "type": "OUTGOING"
              }
            ],
            "maintenance_version": "POSTGRES_16_11.R20251004.01_26",
            "master_instance_name": "",
            "name": "celestial-db-instance-abb9a544",
            "node_count": 0,
            "private_ip_address": "",
            "project": "celestial-biome-480601",
            "psc_service_attachment_link": "",
            "public_ip_address": "34.146.73.57",
            "region": "asia-northeast1",
            "replica_configuration": [],
            "replica_names": [],
            "replication_cluster": [
              {
                "dr_replica": false,
                "failover_dr_replica_name": "",
                "psa_write_endpoint": ""
              }
            ],
            "restore_backup_context": [],
            "root_password": null,
            "self_link": "https://sqladmin.googleapis.com/sql/v1beta4/projects/celestial-biome-480601/instances/celestial-db-instance-abb9a544",
            "server_ca_cert": [
              {
                "cert": "-----BEGIN CERTIFICATE-----\nMIIDfzCCAmegAwIBAgIBADANBgkqhkiG9w0BAQsFADB3MS0wKwYDVQQuEyRlZWJi\nMjdhMi05YzEwLTQ1Y2ItODI5NS1kYzc3NzVkMTVmYWYxIzAhBgNVBAMTGkdvb2ds\nZSBDbG91ZCBTUUwgU2VydmVyIENBMRQwEgYDVQQKEwtHb29nbGUsIEluYzELMAkG\nA1UEBhMCVVMwHhcNMjUxMjEzMTQ0MDU4WhcNMzUxMjExMTQ0MTU4WjB3MS0wKwYD\nVQQuEyRlZWJiMjdhMi05YzEwLTQ1Y2ItODI5NS1kYzc3NzVkMTVmYWYxIzAhBgNV\nBAMTGkdvb2dsZSBDbG91ZCBTUUwgU2VydmVyIENBMRQwEgYDVQQKEwtHb29nbGUs\nIEluYzELMAkGA1UEBhMCVVMwggEiMA0GCSqGSIb3DQEBAQUAA4IBDwAwggEKAoIB\nAQCpKXRZXTE9e7EOPviiA0V28WVkcuM5Ot8Ds37eeT7qq7z4dRu0tzEzne891LcU\nXsnCQrbAeSLckrzoIMJssV8SV+mgQQEMD8tLX/Oul3KKo6+mjzQtZcK/JCYGTwYL\nc5kiVPJzXUKNNTx1CpoKPvTrk73ix0NN35ZIgALvovaaTJWfExmAb2vqPT6p0FFG\niE9ndPL+CgAfJLdivuP8VnkOY4z9PWUyxt1BOVwICCGGYe2+uhwqRG+BcLEfKhZm\nmyufIe8lRTlfM4wbjxa8Cny7KoUGhrLtHPNT3iw7MPx09yUhMQ+Y/YDuvNbt7pKM\nyYgWxyo2NBqCvew+ocw0YRHnAgMBAAGjFjAUMBIGA1UdEwEB/wQIMAYBAf8CAQAw\nDQYJKoZIhvcNAQELBQADggEBABsHZcTbk5x9NlKuSm3w0mpg7Rp6qC/g/hfEiy8M\nnwQQHkR7fdtMtpixxso3e/+tAWTT+1Q8sn2JJF7UtUpfoKpA+xWr7rHn2ydRTskH\n+7aPZa2M/x0a5FFqGcNVzbrGWP6/k2Zskwe8O157z5xcG75qzjg5NglzxbQT3xOt\nnfFHM6o0agdMcXRLca+nOJviUrjuQ0ZDP7llquwbgml4hr9+MEvE8akJh3gGpdT/\nvEt9iASPfxkLBwXMjKU5uOCf42RiSLjF835Fr9IgYDSeveYhLKeFpDIgZBhyedTK\nW+ftSOiqe/wYyC+/qr26Wle1Bt0cxr85MaqugtQ+gMzvdZA=\n-----END CERTIFICATE-----",
                "common_name": "C=US,O=Google\\, Inc,CN=Google Cloud SQL Server CA,dnQualifier=eebb27a2-9c10-45cb-8295-dc7775d15faf",
                "create_time": "2025-12-13T14:40:58.106Z",
                "expiration_time": "2035-12-11T14:41:58.106Z",
                "sha1_fingerprint": "7e1a9bffcf4d3773d4282074d367ecb46a6153e0"
              }
            ],
            "service_account_email_address": "p617827263662-qei2i3@gcp-sa-cloud-sql.iam.gserviceaccount.com",
            "settings": [
              {
                "activation_policy": "ALWAYS",
                "active_directory_config": [],
                "advanced_machine_features": [],
                "availability_type": "ZONAL",
                "backup_configuration": [
                  {
                    "backup_retention_settings": [
                      {
                        "retained_backups": 7,
                        "retention_unit": "COUNT"
                      }
                    ],
                    "binary_log_enabled": false,
                    "enabled": false,
                    "location": "",
                    "point_in_time_recovery_enabled": false,
                    "start_time": "00:00",
                    "transaction_log_retention_days": 7
                  }
                ],
                "collation": "",
                "connection_pool_config": [],
                "connector_enforcement": "NOT_REQUIRED",
                "data_cache_config": [
                  {
                    "data_cache_enabled": false
                  }
                ],
                "database_flags": [],
                "deletion_protection_enabled": false,
                "deny_maintenance_period": [],
                "disk_autoresize": true,
                "disk_autoresize_limit": 0,
                "disk_size": 10,
                "disk_type": "PD_SSD",
                "edition": "ENTERPRISE",
                "effective_availability_type": "ZONAL",
                "enable_dataplex_integration": false,
                "enable_google_ml_integration": false,
                "insights_config": [],
                "ip_configuration": [
                  {
                    "allocated_ip_range": "",
                    "authorized_networks": [],
                    "custom_subject_alternative_names": [],
                    "enable_private_path_for_google_cloud_services": false,
                    "ipv4_enabled": true,
                    "private_network": "",
                    "psc_config": [],
                    "server_ca_mode": "GOOGLE_MANAGED_INTERNAL_CA",
                    "server_ca_pool": "",
                    "ssl_mode": "ALLOW_UNENCRYPTED_AND_ENCRYPTED"
                  }
                ],
                "location_preference": [
                  {
                    "follow_gae_application": "",
                    "secondary_zone": "",
                    "zone": "asia-northeast1-b"
                  }
                ],
                "maintenance_window": [],
                "password_validation_policy": [],
                "pricing_plan": "PER_USE",
                "retain_backups_on_delete": false,
                "sql_server_audit_config": [],
                "tier": "db-f1-micro",
                "time_zone": "",
                "user_labels": {},
                "version": 48
              }
            ],
            "timeouts": null
          },
          "sensitive_attributes": [
            [
              {
                "type": "get_attr",
                "value": "root_password"
              }
            ],
            [
              {
                "type": "get_attr",
                "value": "server_ca_cert"
              }
            ]
          ],
          "identity_schema_version": 0,
          "private": "eyJlMmJmYjczMC1lY2FhLTExZTYtOGY4OC0zNDM2M2JjN2M0YzAiOnsiY3JlYXRlIjo1NDAwMDAwMDAwMDAwLCJkZWxldGUiOjU0MDAwMDAwMDAwMDAsInVwZGF0ZSI6NTQwMDAwMDAwMDAwMH19",
          "dependencies": [
            "module.core.google_project_service.extra_apis",
            "module.core.random_id.suffix"
          ]
        }
      ]
    },
    {
      "module": "module.core",
      "mode": "managed",
      "type": "google_sql_user",
      "name": "users",
      "provider": "provider[\"registry.terraform.io/hashicorp/google\"]",
      "instances": [
        {
          "schema_version": 1,
          "attributes": {
            "deletion_policy": null,
            "host": "",
            "id": "celestial_user//celestial-db-instance-abb9a544",
            "instance": "celestial-db-instance-abb9a544",
            "name": "celestial_user",
            "password": "RbkVQDREDQuz3sKN",
            "password_policy": [],
            "password_wo": null,
            "password_wo_version": null,
            "project": "celestial-biome-480601",
            "sql_server_user_details": [],
            "timeouts": null,
            "type": ""
          },
          "sensitive_attributes": [
            [
              {
                "type": "get_attr",
                "value": "password"
              }
            ]
          ],
          "identity_schema_version": 0,
          "private": "eyJlMmJmYjczMC1lY2FhLTExZTYtOGY4OC0zNDM2M2JjN2M0YzAiOnsiY3JlYXRlIjo2MDAwMDAwMDAwMDAsImRlbGV0ZSI6NjAwMDAwMDAwMDAwLCJ1cGRhdGUiOjYwMDAwMDAwMDAwMH0sInNjaGVtYV92ZXJzaW9uIjoiMSJ9",
          "dependencies": [
            "module.core.google_project_service.extra_apis",
            "module.core.google_sql_database_instance.postgres",
            "module.core.random_id.suffix",
            "module.core.random_password.db_password"
          ]
        }
      ]
    },
    {
      "module": "module.core",
      "mode": "managed",
      "type": "random_id",
      "name": "suffix",
      "provider": "provider[\"registry.terraform.io/hashicorp/random\"]",
      "instances": [
        {
          "schema_version": 0,
          "attributes": {
            "b64_std": "q7mlRA==",
            "b64_url": "q7mlRA",
            "byte_length": 4,
            "dec": "2881070404",
            "hex": "abb9a544",
            "id": "q7mlRA",
            "keepers": null,
            "prefix": null
          },
          "sensitive_attributes": [],
          "identity_schema_version": 0
        }
      ]
    },
    {
      "module": "module.core",
      "mode": "managed",
      "type": "random_password",
      "name": "db_password",
      "provider": "provider[\"registry.terraform.io/hashicorp/random\"]",
      "instances": [
        {
          "schema_version": 3,
          "attributes": {
            "bcrypt_hash": "$2a$10$8TcWgVevoarAhcA2zH.3nu.IWMSSH6Ag0Ov7XlfSzzY3SByQurXz2",
            "id": "none",
            "keepers": null,
            "length": 16,
            "lower": true,
            "min_lower": 0,
            "min_numeric": 0,
            "min_special": 0,
            "min_upper": 0,
            "number": true,
            "numeric": true,
            "override_special": null,
            "result": "RbkVQDREDQuz3sKN",
            "special": false,
            "upper": true
          },
          "sensitive_attributes": [
            [
              {
                "type": "get_attr",
                "value": "bcrypt_hash"
              }
            ],
            [
              {
                "type": "get_attr",
                "value": "result"
              }
            ]
          ],
          "identity_schema_version": 0
        }
      ]
    },
    {
      "module": "module.core",
      "mode": "managed",
      "type": "sentry_project",
      "name": "backend",
      "provider": "provider[\"registry.terraform.io/jianyuan/sentry\"]",
      "instances": [
        {
          "schema_version": 0,
          "attributes": {
            "client_security": {
              "allowed_domains": [
                "*"
              ],
              "scrape_javascript": true,
              "security_token": "d4edcb88f0ce11f0bc307ab564ddff0a",
              "security_token_header": "",
              "verify_tls_ssl": false
            },
            "default_key": null,
            "default_rules": null,
            "digests_max_delay": 1800,
            "digests_min_delay": 300,
            "features": [
              "alert-filters",
              "custom-inbound-filters",
              "data-forwarding",
              "discard-groups",
              "profile-functions-metrics-eap-ingestion",
              "project-detail-apple-app-hang-rate",
              "rate-limits",
              "releases",
              "servicehooks",
              "similarity-embeddings",
              "similarity-indexing",
              "similarity-view",
              "span-metrics-extraction",
              "span-metrics-extraction-addons"
            ],
            "filters": {
              "blacklisted_ips": [],
              "error_messages": [],
              "releases": []
            },
            "fingerprinting_rules": "",
            "grouping_enhancements": "",
            "highlight_tags": [
              "handled",
              "level",
              "url"
            ],
            "id": "celestial-biome-backend",
            "internal_id": "4510705457037312",
            "name": "Celestial Biome Backend",
            "organization": "celestial-biome",
            "platform": "python-django",
            "resolve_age": 720,
            "slug": "celestial-biome-backend",
            "teams": [
              "engineering"
            ]
          },
          "sensitive_attributes": [],
          "identity_schema_version": 0,
          "dependencies": [
            "module.core.sentry_team.main"
          ]
        }
      ]
    },
    {
      "module": "module.core",
      "mode": "managed",
      "type": "sentry_project",
      "name": "frontend",
      "provider": "provider[\"registry.terraform.io/jianyuan/sentry\"]",
      "instances": [
        {
          "schema_version": 0,
          "attributes": {
            "client_security": {
              "allowed_domains": [
                "*"
              ],
              "scrape_javascript": true,
              "security_token": "d51dbf96f0ce11f08d59b2280bf15b42",
              "security_token_header": "",
              "verify_tls_ssl": false
            },
            "default_key": null,
            "default_rules": null,
            "digests_max_delay": 1800,
            "digests_min_delay": 300,
            "features": [
              "alert-filters",
              "custom-inbound-filters",
              "data-forwarding",
              "discard-groups",
              "profile-functions-metrics-eap-ingestion",
              "project-detail-apple-app-hang-rate",
              "rate-limits",
              "releases",
              "servicehooks",
              "similarity-embeddings",
              "similarity-indexing",
              "similarity-view",
              "span-metrics-extraction",
              "span-metrics-extraction-addons"
            ],
            "filters": {
              "blacklisted_ips": [],
              "error_messages": [],
              "releases": []
            },
            "fingerprinting_rules": "",
            "grouping_enhancements": "",
            "highlight_tags": [
              "handled",
              "level",
              "url"
            ],
            "id": "celestial-biome-frontend",
            "internal_id": "4510705457037313",
            "name": "Celestial Biome Frontend",
            "organization": "celestial-biome",
            "platform": "javascript-nextjs",
            "resolve_age": 0,
            "slug": "celestial-biome-frontend",
            "teams": [
              "engineering"
            ]
          },
          "sensitive_attributes": [],
          "identity_schema_version": 0,
          "dependencies": [
            "module.core.sentry_team.main"
          ]
        }
      ]
    },
    {
      "module": "module.core",
      "mode": "managed",
      "type": "sentry_team",
      "name": "main",
      "provider": "provider[\"registry.terraform.io/jianyuan/sentry\"]",
      "instances": [
        {
          "schema_version": 0,
          "attributes": {
            "has_access": true,
            "id": "engineering",
            "internal_id": "4510705456971776",
            "is_member": true,
            "is_pending": false,
            "name": "Celestial Engineering",
            "organization": "celestial-biome",
            "slug": "engineering",
            "team_id": "4510705456971776"
          },
          "sensitive_attributes": [],
          "identity_schema_version": 0,
          "private": "bnVsbA=="
        }
      ]
    }
  ],
  "check_results": null
}
