{
  "version": 4,
  "terraform_version": "1.14.2",
  "serial": 194,
  "lineage": "7680a1e4-4af2-5744-9fc7-1ce4c60f3f29",
  "outputs": {
    "backend_domain_mapping_records": {
      "value": [
        {
          "name": "api-staging",
          "rrdata": "ghs.googlehosted.com.",
          "type": "CNAME"
        }
      ],
      "type": [
        "list",
        [
          "object",
          {
            "name": "string",
            "rrdata": "string",
            "type": "string"
          }
        ]
      ]
    },
    "backend_url": {
      "value": "https://celestial-backend-staging-qzdsdfovsq-an.a.run.app",
      "type": "string"
    },
    "db_instance_connection_name": {
      "value": "celestial-biome-480601:asia-northeast1:celestial-db-instance-cf51abb9",
      "type": "string"
    },
    "domain_mapping_records": {
      "value": [
        {
          "name": "app-staging",
          "rrdata": "ghs.googlehosted.com.",
          "type": "CNAME"
        }
      ],
      "type": [
        "list",
        [
          "object",
          {
            "name": "string",
            "rrdata": "string",
            "type": "string"
          }
        ]
      ]
    },
    "frontend_url": {
      "value": "https://celestial-frontend-staging-qzdsdfovsq-an.a.run.app",
      "type": "string"
    },
    "service_account_email": {
      "value": "github-actions-sa-staging@celestial-biome-480601.iam.gserviceaccount.com",
      "type": "string"
    }
  },
  "resources": [
    {
      "module": "module.core",
      "mode": "data",
      "type": "google_compute_default_service_account",
      "name": "default",
      "provider": "provider[\"registry.terraform.io/hashicorp/google\"]",
      "instances": [
        {
          "schema_version": 0,
          "attributes": {
            "display_name": "Default compute service account",
            "email": "617827263662-compute@developer.gserviceaccount.com",
            "id": "projects/celestial-biome-480601/serviceAccounts/617827263662-compute@developer.gserviceaccount.com",
            "member": "serviceAccount:617827263662-compute@developer.gserviceaccount.com",
            "name": "projects/celestial-biome-480601/serviceAccounts/617827263662-compute@developer.gserviceaccount.com",
            "project": "celestial-biome-480601",
            "unique_id": "109503576291833524067"
          },
          "sensitive_attributes": [],
          "identity_schema_version": 0
        }
      ]
    },
    {
      "module": "module.core",
      "mode": "data",
      "type": "google_firebase_web_app_config",
      "name": "frontend",
      "provider": "provider[\"registry.terraform.io/hashicorp/google-beta\"]",
      "instances": [
        {
          "schema_version": 0,
          "attributes": {
            "api_key": "AIzaSyAK8kY8NrWgXyeaVdkzrhsh71esQLmT4gY",
            "auth_domain": "celestial-biome-480601.firebaseapp.com",
            "database_url": "",
            "id": "1:617827263662:web:4bd9899d887d790075f93f",
            "location_id": "",
            "measurement_id": "G-YC50H6Z0GF",
            "messaging_sender_id": "617827263662",
            "project": "celestial-biome-480601",
            "storage_bucket": "celestial-biome-480601.firebasestorage.app",
            "web_app_id": "1:617827263662:web:4bd9899d887d790075f93f"
          },
          "sensitive_attributes": [],
          "identity_schema_version": 0
        }
      ]
    },
    {
      "module": "module.core",
      "mode": "data",
      "type": "sentry_key",
      "name": "backend",
      "provider": "provider[\"registry.terraform.io/jianyuan/sentry\"]",
      "instances": [
        {
          "schema_version": 0,
          "attributes": {
            "dsn": {
              "cdn": "https://js.sentry-cdn.com/558f96a98a6d95bf32a6ab2e7eceee68.min.js",
              "crons": "https://o4510703250046976.ingest.us.sentry.io/api/4510726775963649/cron/___MONITOR_SLUG___/558f96a98a6d95bf32a6ab2e7eceee68/",
              "csp": "https://o4510703250046976.ingest.us.sentry.io/api/4510726775963649/csp-report/?sentry_key=558f96a98a6d95bf32a6ab2e7eceee68",
              "integration": "https://o4510703250046976.ingest.us.sentry.io/api/4510726775963649/integration/",
              "minidump": "https://o4510703250046976.ingest.us.sentry.io/api/4510726775963649/minidump/?sentry_key=558f96a98a6d95bf32a6ab2e7eceee68",
              "nel": "https://o4510703250046976.ingest.us.sentry.io/api/4510726775963649/nel/?sentry_key=558f96a98a6d95bf32a6ab2e7eceee68",
              "otlp_logs": "https://o4510703250046976.ingest.us.sentry.io/api/4510726775963649/integration/otlp/v1/logs",
              "otlp_traces": "https://o4510703250046976.ingest.us.sentry.io/api/4510726775963649/integration/otlp/v1/traces",
              "playstation": "https://o4510703250046976.ingest.us.sentry.io/api/4510726775963649/playstation/?sentry_key=558f96a98a6d95bf32a6ab2e7eceee68",
              "public": "https://558f96a98a6d95bf32a6ab2e7eceee68@o4510703250046976.ingest.us.sentry.io/4510726775963649",
              "secret": "https://558f96a98a6d95bf32a6ab2e7eceee68:0dad08703843a44ce8a2275fbf3e3add@o4510703250046976.ingest.us.sentry.io/4510726775963649",
              "security": "https://o4510703250046976.ingest.us.sentry.io/api/4510726775963649/security/?sentry_key=558f96a98a6d95bf32a6ab2e7eceee68",
              "unreal": "https://o4510703250046976.ingest.us.sentry.io/api/4510726775963649/unreal/558f96a98a6d95bf32a6ab2e7eceee68/"
            },
            "dsn_csp": "https://o4510703250046976.ingest.us.sentry.io/api/4510726775963649/csp-report/?sentry_key=558f96a98a6d95bf32a6ab2e7eceee68",
            "dsn_public": "https://558f96a98a6d95bf32a6ab2e7eceee68@o4510703250046976.ingest.us.sentry.io/4510726775963649",
            "dsn_secret": "https://558f96a98a6d95bf32a6ab2e7eceee68:0dad08703843a44ce8a2275fbf3e3add@o4510703250046976.ingest.us.sentry.io/4510726775963649",
            "first": true,
            "id": "558f96a98a6d95bf32a6ab2e7eceee68",
            "javascript_loader_script": {
              "browser_sdk_version": "10.x",
              "debug_enabled": false,
              "performance_monitoring_enabled": true,
              "session_replay_enabled": true
            },
            "name": "Default",
            "organization": "celestial-biome",
            "project": "celestial-biome-backend-staging",
            "project_id": "4510726775963649",
            "public": "558f96a98a6d95bf32a6ab2e7eceee68",
            "rate_limit_count": null,
            "rate_limit_window": null,
            "secret": "0dad08703843a44ce8a2275fbf3e3add"
          },
          "sensitive_attributes": [
            [
              {
                "type": "get_attr",
                "value": "dsn"
              }
            ],
            [
              {
                "type": "get_attr",
                "value": "dsn_secret"
              }
            ],
            [
              {
                "type": "get_attr",
                "value": "secret"
              }
            ]
          ],
          "identity_schema_version": 0
        }
      ]
    },
    {
      "module": "module.core",
      "mode": "data",
      "type": "sentry_key",
      "name": "frontend",
      "provider": "provider[\"registry.terraform.io/jianyuan/sentry\"]",
      "instances": [
        {
          "schema_version": 0,
          "attributes": {
            "dsn": {
              "cdn": "https://js.sentry-cdn.com/2a0a5312bd242e0372ff3b01da437aec.min.js",
              "crons": "https://o4510703250046976.ingest.us.sentry.io/api/4510726775963648/cron/___MONITOR_SLUG___/2a0a5312bd242e0372ff3b01da437aec/",
              "csp": "https://o4510703250046976.ingest.us.sentry.io/api/4510726775963648/csp-report/?sentry_key=2a0a5312bd242e0372ff3b01da437aec",
              "integration": "https://o4510703250046976.ingest.us.sentry.io/api/4510726775963648/integration/",
              "minidump": "https://o4510703250046976.ingest.us.sentry.io/api/4510726775963648/minidump/?sentry_key=2a0a5312bd242e0372ff3b01da437aec",
              "nel": "https://o4510703250046976.ingest.us.sentry.io/api/4510726775963648/nel/?sentry_key=2a0a5312bd242e0372ff3b01da437aec",
              "otlp_logs": "https://o4510703250046976.ingest.us.sentry.io/api/4510726775963648/integration/otlp/v1/logs",
              "otlp_traces": "https://o4510703250046976.ingest.us.sentry.io/api/4510726775963648/integration/otlp/v1/traces",
              "playstation": "https://o4510703250046976.ingest.us.sentry.io/api/4510726775963648/playstation/?sentry_key=2a0a5312bd242e0372ff3b01da437aec",
              "public": "https://2a0a5312bd242e0372ff3b01da437aec@o4510703250046976.ingest.us.sentry.io/4510726775963648",
              "secret": "https://2a0a5312bd242e0372ff3b01da437aec:3b8810a0d61711c7fcf2e2dcf52fbd4a@o4510703250046976.ingest.us.sentry.io/4510726775963648",
              "security": "https://o4510703250046976.ingest.us.sentry.io/api/4510726775963648/security/?sentry_key=2a0a5312bd242e0372ff3b01da437aec",
              "unreal": "https://o4510703250046976.ingest.us.sentry.io/api/4510726775963648/unreal/2a0a5312bd242e0372ff3b01da437aec/"
            },
            "dsn_csp": "https://o4510703250046976.ingest.us.sentry.io/api/4510726775963648/csp-report/?sentry_key=2a0a5312bd242e0372ff3b01da437aec",
            "dsn_public": "https://2a0a5312bd242e0372ff3b01da437aec@o4510703250046976.ingest.us.sentry.io/4510726775963648",
            "dsn_secret": "https://2a0a5312bd242e0372ff3b01da437aec:3b8810a0d61711c7fcf2e2dcf52fbd4a@o4510703250046976.ingest.us.sentry.io/4510726775963648",
            "first": true,
            "id": "2a0a5312bd242e0372ff3b01da437aec",
            "javascript_loader_script": {
              "browser_sdk_version": "10.x",
              "debug_enabled": false,
              "performance_monitoring_enabled": true,
              "session_replay_enabled": true
            },
            "name": "Default",
            "organization": "celestial-biome",
            "project": "celestial-biome-frontend-staging",
            "project_id": "4510726775963648",
            "public": "2a0a5312bd242e0372ff3b01da437aec",
            "rate_limit_count": null,
            "rate_limit_window": null,
            "secret": "3b8810a0d61711c7fcf2e2dcf52fbd4a"
          },
          "sensitive_attributes": [
            [
              {
                "type": "get_attr",
                "value": "dsn"
              }
            ],
            [
              {
                "type": "get_attr",
                "value": "dsn_secret"
              }
            ],
            [
              {
                "type": "get_attr",
                "value": "secret"
              }
            ]
          ],
          "identity_schema_version": 0
        }
      ]
    },
    {
      "module": "module.core",
      "mode": "managed",
      "type": "google_artifact_registry_repository",
      "name": "app_repo",
      "provider": "provider[\"registry.terraform.io/hashicorp/google\"]",
      "instances": [
        {
          "schema_version": 0,
          "attributes": {
            "cleanup_policies": [],
            "cleanup_policy_dry_run": false,
            "create_time": "2026-01-17T15:37:51.928102Z",
            "description": "Docker repository for Celestial Biome",
            "docker_config": [],
            "effective_labels": {
              "goog-terraform-provisioned": "true"
            },
            "format": "DOCKER",
            "id": "projects/celestial-biome-480601/locations/asia-northeast1/repositories/app-repo-staging",
            "kms_key_name": "",
            "labels": {},
            "location": "asia-northeast1",
            "maven_config": [],
            "mode": "STANDARD_REPOSITORY",
            "name": "app-repo-staging",
            "project": "celestial-biome-480601",
            "remote_repository_config": [],
            "repository_id": "app-repo-staging",
            "terraform_labels": {
              "goog-terraform-provisioned": "true"
            },
            "timeouts": null,
            "update_time": "2026-01-18T11:35:48.784123Z",
            "virtual_repository_config": [],
            "vulnerability_scanning_config": [
              {
                "enablement_config": "",
                "enablement_state": "SCANNING_DISABLED",
                "enablement_state_reason": "API containerscanning.googleapis.com is not enabled."
              }
            ]
          },
          "sensitive_attributes": [],
          "identity_schema_version": 0,
          "private": "eyJlMmJmYjczMC1lY2FhLTExZTYtOGY4OC0zNDM2M2JjN2M0YzAiOnsiY3JlYXRlIjoxMjAwMDAwMDAwMDAwLCJkZWxldGUiOjEyMDAwMDAwMDAwMDAsInVwZGF0ZSI6MTIwMDAwMDAwMDAwMH19",
          "dependencies": [
            "module.core.google_project_service.apis"
          ]
        }
      ]
    },
    {
      "module": "module.core",
      "mode": "managed",
      "type": "google_bigquery_dataset",
      "name": "default",
      "provider": "provider[\"registry.terraform.io/hashicorp/google\"]",
      "instances": [
        {
          "index_key": "celestial_biome_data",
          "schema_version": 0,
          "attributes": {
            "access": [
              {
                "condition": [],
                "dataset": [],
                "domain": "",
                "group_by_email": "",
                "iam_member": "",
                "role": "OWNER",
                "routine": [],
                "special_group": "",
                "user_by_email": "celestialbiome@gmail.com",
                "view": []
              },
              {
                "condition": [],
                "dataset": [],
                "domain": "",
                "group_by_email": "",
                "iam_member": "",
                "role": "OWNER",
                "routine": [],
                "special_group": "projectOwners",
                "user_by_email": "",
                "view": []
              },
              {
                "condition": [],
                "dataset": [],
                "domain": "",
                "group_by_email": "",
                "iam_member": "",
                "role": "READER",
                "routine": [],
                "special_group": "projectReaders",
                "user_by_email": "",
                "view": []
              },
              {
                "condition": [],
                "dataset": [],
                "domain": "",
                "group_by_email": "",
                "iam_member": "",
                "role": "WRITER",
                "routine": [],
                "special_group": "projectWriters",
                "user_by_email": "",
                "view": []
              }
            ],
            "creation_time": 1768664262829,
            "dataset_id": "celestial_biome_data_staging",
            "default_collation": "",
            "default_encryption_configuration": [],
            "default_partition_expiration_ms": 0,
            "default_table_expiration_ms": 0,
            "delete_contents_on_destroy": false,
            "description": "Space weather and environmental data",
            "effective_labels": {
              "env": "staging",
              "goog-terraform-provisioned": "true"
            },
            "etag": "wt9KGcdzTFqHDf5907cUUQ==",
            "external_catalog_dataset_options": [],
            "external_dataset_reference": [],
            "friendly_name": "Celestial Biome Data",
            "id": "projects/celestial-biome-480601/datasets/celestial_biome_data_staging",
            "is_case_insensitive": false,
            "labels": {
              "env": "staging"
            },
            "last_modified_time": 1768664262829,
            "location": "asia-northeast1",
            "max_time_travel_hours": "168",
            "project": "celestial-biome-480601",
            "resource_tags": {},
            "self_link": "https://bigquery.googleapis.com/bigquery/v2/projects/celestial-biome-480601/datasets/celestial_biome_data_staging",
            "storage_billing_model": "",
            "terraform_labels": {
              "env": "staging",
              "goog-terraform-provisioned": "true"
            },
            "timeouts": null
          },
          "sensitive_attributes": [],
          "identity_schema_version": 0,
          "private": "eyJlMmJmYjczMC1lY2FhLTExZTYtOGY4OC0zNDM2M2JjN2M0YzAiOnsiY3JlYXRlIjoxMjAwMDAwMDAwMDAwLCJkZWxldGUiOjEyMDAwMDAwMDAwMDAsInVwZGF0ZSI6MTIwMDAwMDAwMDAwMH19"
        }
      ]
    },
    {
      "module": "module.core",
      "mode": "managed",
      "type": "google_bigquery_table",
      "name": "default",
      "provider": "provider[\"registry.terraform.io/hashicorp/google\"]",
      "instances": [
        {
          "index_key": "earthquakes_raw",
          "schema_version": 0,
          "attributes": {
            "biglake_configuration": [],
            "clustering": null,
            "creation_time": 1768664266666,
            "dataset_id": "celestial_biome_data_staging",
            "deletion_protection": false,
            "description": "",
            "effective_labels": {
              "goog-terraform-provisioned": "true"
            },
            "encryption_configuration": [],
            "etag": "iUvwmo6RLMpPU0NqG6Dqtw==",
            "expiration_time": 0,
            "external_catalog_table_options": [],
            "external_data_configuration": [],
            "friendly_name": "",
            "generated_schema_columns": "",
            "id": "projects/celestial-biome-480601/datasets/celestial_biome_data_staging/tables/earthquakes_raw",
            "ignore_auto_generated_schema": false,
            "ignore_schema_changes": null,
            "labels": {},
            "last_modified_time": 1768807833065,
            "location": "asia-northeast1",
            "materialized_view": [],
            "max_staleness": "",
            "num_bytes": 2913997,
            "num_long_term_bytes": 0,
            "num_rows": 34526,
            "project": "celestial-biome-480601",
            "range_partitioning": [],
            "require_partition_filter": false,
            "resource_tags": {},
            "schema": "[{\"description\":\"発生時刻 (UTC)\",\"mode\":\"REQUIRED\",\"name\":\"timestamp\",\"type\":\"TIMESTAMP\"},{\"description\":\"USGS Event ID\",\"mode\":\"REQUIRED\",\"name\":\"usgs_id\",\"type\":\"STRING\"},{\"description\":\"マグニチュード\",\"mode\":\"NULLABLE\",\"name\":\"magnitude\",\"type\":\"FLOAT\"},{\"description\":\"発生場所\",\"mode\":\"NULLABLE\",\"name\":\"place\",\"type\":\"STRING\"},{\"description\":\"深さ (km)\",\"mode\":\"NULLABLE\",\"name\":\"depth\",\"type\":\"FLOAT\"},{\"description\":\"緯度\",\"mode\":\"NULLABLE\",\"name\":\"latitude\",\"type\":\"FLOAT\"},{\"description\":\"経度\",\"mode\":\"NULLABLE\",\"name\":\"longitude\",\"type\":\"FLOAT\"}]",
            "schema_foreign_type_info": [],
            "self_link": "https://bigquery.googleapis.com/bigquery/v2/projects/celestial-biome-480601/datasets/celestial_biome_data_staging/tables/earthquakes_raw",
            "table_constraints": [],
            "table_id": "earthquakes_raw",
            "table_metadata_view": null,
            "table_replication_info": [],
            "terraform_labels": {
              "goog-terraform-provisioned": "true"
            },
            "time_partitioning": [
              {
                "expiration_ms": 0,
                "field": "timestamp",
                "require_partition_filter": false,
                "type": "DAY"
              }
            ],
            "type": "TABLE",
            "view": []
          },
          "sensitive_attributes": [],
          "identity_schema_version": 0,
          "private": "bnVsbA==",
          "dependencies": [
            "module.core.google_bigquery_dataset.default"
          ]
        },
        {
          "index_key": "economy_raw",
          "schema_version": 0,
          "attributes": {
            "biglake_configuration": [],
            "clustering": null,
            "creation_time": 1768664266571,
            "dataset_id": "celestial_biome_data_staging",
            "deletion_protection": false,
            "description": "",
            "effective_labels": {
              "goog-terraform-provisioned": "true"
            },
            "encryption_configuration": [],
            "etag": "7Kr289AE1/jCEw3YeTWX6A==",
            "expiration_time": 0,
            "external_catalog_table_options": [],
            "external_data_configuration": [],
            "friendly_name": "",
            "generated_schema_columns": "",
            "id": "projects/celestial-biome-480601/datasets/celestial_biome_data_staging/tables/economy_raw",
            "ignore_auto_generated_schema": false,
            "ignore_schema_changes": null,
            "labels": {},
            "last_modified_time": 1768804081168,
            "location": "asia-northeast1",
            "materialized_view": [],
            "max_staleness": "",
            "num_bytes": 2127006,
            "num_long_term_bytes": 0,
            "num_rows": 59071,
            "project": "celestial-biome-480601",
            "range_partitioning": [],
            "require_partition_filter": false,
            "resource_tags": {},
            "schema": "[{\"description\":\"ISO 3166-1 alpha-3 code (e.g. USA, JPN)\",\"mode\":\"REQUIRED\",\"name\":\"country_iso3\",\"type\":\"STRING\"},{\"description\":\"Date of the record\",\"mode\":\"REQUIRED\",\"name\":\"date\",\"type\":\"DATE\"},{\"description\":\"Type of indicator (STOCK, GDP, INFLATION)\",\"mode\":\"REQUIRED\",\"name\":\"indicator_type\",\"type\":\"STRING\"},{\"description\":\"Numerical value of the indicator\",\"mode\":\"NULLABLE\",\"name\":\"value\",\"type\":\"FLOAT\"},{\"description\":\"Time of ingestion\",\"mode\":\"NULLABLE\",\"name\":\"ingested_at\",\"type\":\"TIMESTAMP\"}]",
            "schema_foreign_type_info": [],
            "self_link": "https://bigquery.googleapis.com/bigquery/v2/projects/celestial-biome-480601/datasets/celestial_biome_data_staging/tables/economy_raw",
            "table_constraints": [],
            "table_id": "economy_raw",
            "table_metadata_view": null,
            "table_replication_info": [],
            "terraform_labels": {
              "goog-terraform-provisioned": "true"
            },
            "time_partitioning": [
              {
                "expiration_ms": 0,
                "field": "date",
                "require_partition_filter": false,
                "type": "MONTH"
              }
            ],
            "type": "TABLE",
            "view": []
          },
          "sensitive_attributes": [],
          "identity_schema_version": 0,
          "private": "bnVsbA==",
          "dependencies": [
            "module.core.google_bigquery_dataset.default"
          ]
        },
        {
          "index_key": "space_weather_metrics",
          "schema_version": 0,
          "attributes": {
            "biglake_configuration": [],
            "clustering": null,
            "creation_time": 1768664266671,
            "dataset_id": "celestial_biome_data_staging",
            "deletion_protection": false,
            "description": "",
            "effective_labels": {
              "goog-terraform-provisioned": "true"
            },
            "encryption_configuration": [],
            "etag": "XAjI0q6IevMTt3eYPFLT1A==",
            "expiration_time": 0,
            "external_catalog_table_options": [],
            "external_data_configuration": [],
            "friendly_name": "",
            "generated_schema_columns": "",
            "id": "projects/celestial-biome-480601/datasets/celestial_biome_data_staging/tables/space_weather_metrics",
            "ignore_auto_generated_schema": false,
            "ignore_schema_changes": null,
            "labels": {},
            "last_modified_time": 1768806041316,
            "location": "asia-northeast1",
            "materialized_view": [],
            "max_staleness": "",
            "num_bytes": 22139153,
            "num_long_term_bytes": 0,
            "num_rows": 784328,
            "project": "celestial-biome-480601",
            "range_partitioning": [],
            "require_partition_filter": false,
            "resource_tags": {},
            "schema": "[{\"description\":\"観測時刻 (UTC)\",\"mode\":\"REQUIRED\",\"name\":\"timestamp\",\"type\":\"TIMESTAMP\"},{\"description\":\"指標名 (例: xray_flux, solar_wind_speed, imf_bz, kp_index)\",\"mode\":\"REQUIRED\",\"name\":\"metric\",\"type\":\"STRING\"},{\"description\":\"観測値\",\"mode\":\"NULLABLE\",\"name\":\"value\",\"type\":\"FLOAT\"}]",
            "schema_foreign_type_info": [],
            "self_link": "https://bigquery.googleapis.com/bigquery/v2/projects/celestial-biome-480601/datasets/celestial_biome_data_staging/tables/space_weather_metrics",
            "table_constraints": [],
            "table_id": "space_weather_metrics",
            "table_metadata_view": null,
            "table_replication_info": [],
            "terraform_labels": {
              "goog-terraform-provisioned": "true"
            },
            "time_partitioning": [
              {
                "expiration_ms": 0,
                "field": "timestamp",
                "require_partition_filter": false,
                "type": "DAY"
              }
            ],
            "type": "TABLE",
            "view": []
          },
          "sensitive_attributes": [],
          "identity_schema_version": 0,
          "private": "bnVsbA==",
          "dependencies": [
            "module.core.google_bigquery_dataset.default"
          ]
        }
      ]
    },
    {
      "module": "module.core",
      "mode": "managed",
      "type": "google_cloud_run_domain_mapping",
      "name": "backend_domain",
      "provider": "provider[\"registry.terraform.io/hashicorp/google\"]",
      "instances": [
        {
          "schema_version": 1,
          "attributes": {
            "id": "locations/asia-northeast1/namespaces/celestial-biome-480601/domainmappings/api-staging.celestial-biome.com",
            "location": "asia-northeast1",
            "metadata": [
              {
                "annotations": {},
                "effective_annotations": {
                  "run.googleapis.com/operation-id": "6eb28906-c692-4500-99d7-c61029f614d9",
                  "serving.knative.dev/creator": "celestialbiome@gmail.com",
                  "serving.knative.dev/lastModifier": "celestialbiome@gmail.com"
                },
                "effective_labels": {
                  "cloud.googleapis.com/location": "asia-northeast1",
                  "goog-terraform-provisioned": "true",
                  "run.googleapis.com/overrideAt": "2026-01-17T16:58:50.169Z"
                },
                "generation": 1,
                "labels": {},
                "namespace": "celestial-biome-480601",
                "resource_version": "AAZImSmB5EE",
                "self_link": "/apis/domains.cloudrun.com/v1/namespaces/617827263662/domainmappings/api-staging.celestial-biome.com",
                "terraform_labels": {
                  "goog-terraform-provisioned": "true"
                },
                "uid": "9be92e94-dbed-497c-9b92-4a76e6977ee0"
              }
            ],
            "name": "api-staging.celestial-biome.com",
            "project": "celestial-biome-480601",
            "spec": [
              {
                "certificate_mode": "AUTOMATIC",
                "force_override": false,
                "route_name": "celestial-backend-staging"
              }
            ],
            "status": [
              {
                "conditions": [
                  {
                    "message": "",
                    "reason": "",
                    "status": "True",
                    "type": "Ready"
                  },
                  {
                    "message": "",
                    "reason": "",
                    "status": "True",
                    "type": "CertificateProvisioned"
                  },
                  {
                    "message": "",
                    "reason": "",
                    "status": "True",
                    "type": "DomainRoutable"
                  }
                ],
                "mapped_route_name": "celestial-backend-staging",
                "observed_generation": 1,
                "resource_records": [
                  {
                    "name": "api-staging",
                    "rrdata": "ghs.googlehosted.com.",
                    "type": "CNAME"
                  }
                ]
              }
            ],
            "timeouts": null
          },
          "sensitive_attributes": [],
          "identity_schema_version": 0,
          "private": "eyJlMmJmYjczMC1lY2FhLTExZTYtOGY4OC0zNDM2M2JjN2M0YzAiOnsiY3JlYXRlIjoxMjAwMDAwMDAwMDAwLCJkZWxldGUiOjEyMDAwMDAwMDAwMDB9LCJzY2hlbWFfdmVyc2lvbiI6IjEifQ==",
          "dependencies": [
            "module.core.data.google_compute_default_service_account.default",
            "module.core.data.sentry_key.backend",
            "module.core.google_cloud_run_v2_service.backend",
            "module.core.google_project_iam_member.run_secret_access",
            "module.core.google_project_iam_member.run_sql_client",
            "module.core.google_project_service.apis",
            "module.core.google_project_service.extra_apis",
            "module.core.google_secret_manager_secret.db_password_secret",
            "module.core.google_sql_database.database",
            "module.core.google_sql_database_instance.postgres",
            "module.core.google_sql_user.users",
            "module.core.random_id.suffix",
            "module.core.random_password.db_password",
            "module.core.sentry_project.backend",
            "module.core.sentry_team.main"
          ]
        }
      ]
    },
    {
      "module": "module.core",
      "mode": "managed",
      "type": "google_cloud_run_domain_mapping",
      "name": "frontend_domain",
      "provider": "provider[\"registry.terraform.io/hashicorp/google\"]",
      "instances": [
        {
          "schema_version": 1,
          "attributes": {
            "id": "locations/asia-northeast1/namespaces/celestial-biome-480601/domainmappings/app-staging.celestial-biome.com",
            "location": "asia-northeast1",
            "metadata": [
              {
                "annotations": {},
                "effective_annotations": {
                  "run.googleapis.com/operation-id": "221e5638-24b7-4651-82e8-b4b5b6416542",
                  "serving.knative.dev/creator": "celestialbiome@gmail.com",
                  "serving.knative.dev/lastModifier": "celestialbiome@gmail.com"
                },
                "effective_labels": {
                  "cloud.googleapis.com/location": "asia-northeast1",
                  "goog-terraform-provisioned": "true",
                  "run.googleapis.com/overrideAt": "2026-01-17T16:59:01.164Z"
                },
                "generation": 1,
                "labels": {},
                "namespace": "celestial-biome-480601",
                "resource_version": "AAZImSotTkQ",
                "self_link": "/apis/domains.cloudrun.com/v1/namespaces/617827263662/domainmappings/app-staging.celestial-biome.com",
                "terraform_labels": {
                  "goog-terraform-provisioned": "true"
                },
                "uid": "ee983a5b-0705-4770-8254-4ab7286695a6"
              }
            ],
            "name": "app-staging.celestial-biome.com",
            "project": "celestial-biome-480601",
            "spec": [
              {
                "certificate_mode": "AUTOMATIC",
                "force_override": false,
                "route_name": "celestial-frontend-staging"
              }
            ],
            "status": [
              {
                "conditions": [
                  {
                    "message": "",
                    "reason": "",
                    "status": "True",
                    "type": "Ready"
                  },
                  {
                    "message": "",
                    "reason": "",
                    "status": "True",
                    "type": "CertificateProvisioned"
                  },
                  {
                    "message": "",
                    "reason": "",
                    "status": "True",
                    "type": "DomainRoutable"
                  }
                ],
                "mapped_route_name": "celestial-frontend-staging",
                "observed_generation": 1,
                "resource_records": [
                  {
                    "name": "app-staging",
                    "rrdata": "ghs.googlehosted.com.",
                    "type": "CNAME"
                  }
                ]
              }
            ],
            "timeouts": null
          },
          "sensitive_attributes": [],
          "identity_schema_version": 0,
          "private": "eyJlMmJmYjczMC1lY2FhLTExZTYtOGY4OC0zNDM2M2JjN2M0YzAiOnsiY3JlYXRlIjoxMjAwMDAwMDAwMDAwLCJkZWxldGUiOjEyMDAwMDAwMDAwMDB9LCJzY2hlbWFfdmVyc2lvbiI6IjEifQ==",
          "dependencies": [
            "module.core.data.google_compute_default_service_account.default",
            "module.core.data.sentry_key.backend",
            "module.core.data.sentry_key.frontend",
            "module.core.google_cloud_run_v2_service.backend",
            "module.core.google_cloud_run_v2_service.frontend",
            "module.core.google_project_iam_member.run_secret_access",
            "module.core.google_project_iam_member.run_sql_client",
            "module.core.google_project_service.apis",
            "module.core.google_project_service.extra_apis",
            "module.core.google_secret_manager_secret.db_password_secret",
            "module.core.google_sql_database.database",
            "module.core.google_sql_database_instance.postgres",
            "module.core.google_sql_user.users",
            "module.core.random_id.suffix",
            "module.core.random_password.db_password",
            "module.core.sentry_project.backend",
            "module.core.sentry_project.frontend",
            "module.core.sentry_team.main"
          ]
        }
      ]
    },
    {
      "module": "module.core",
      "mode": "managed",
      "type": "google_cloud_run_service_iam_member",
      "name": "public_access_backend",
      "provider": "provider[\"registry.terraform.io/hashicorp/google\"]",
      "instances": [
        {
          "schema_version": 0,
          "attributes": {
            "condition": [],
            "etag": "BwZImF7Di44=",
            "id": "v1/projects/celestial-biome-480601/locations/asia-northeast1/services/celestial-backend-staging/roles/run.invoker/allUsers",
            "location": "asia-northeast1",
            "member": "allUsers",
            "project": "celestial-biome-480601",
            "role": "roles/run.invoker",
            "service": "v1/projects/celestial-biome-480601/locations/asia-northeast1/services/celestial-backend-staging"
          },
          "sensitive_attributes": [],
          "identity_schema_version": 0,
          "private": "bnVsbA==",
          "dependencies": [
            "module.core.data.google_compute_default_service_account.default",
            "module.core.data.sentry_key.backend",
            "module.core.google_cloud_run_v2_service.backend",
            "module.core.google_project_iam_member.run_secret_access",
            "module.core.google_project_iam_member.run_sql_client",
            "module.core.google_project_service.apis",
            "module.core.google_project_service.extra_apis",
            "module.core.google_secret_manager_secret.db_password_secret",
            "module.core.google_sql_database.database",
            "module.core.google_sql_database_instance.postgres",
            "module.core.google_sql_user.users",
            "module.core.random_id.suffix",
            "module.core.random_password.db_password",
            "module.core.sentry_project.backend",
            "module.core.sentry_team.main"
          ]
        }
      ]
    },
    {
      "module": "module.core",
      "mode": "managed",
      "type": "google_cloud_run_service_iam_member",
      "name": "public_access_frontend",
      "provider": "provider[\"registry.terraform.io/hashicorp/google\"]",
      "instances": [
        {
          "schema_version": 0,
          "attributes": {
            "condition": [],
            "etag": "BwZImF9mrK4=",
            "id": "v1/projects/celestial-biome-480601/locations/asia-northeast1/services/celestial-frontend-staging/roles/run.invoker/allUsers",
            "location": "asia-northeast1",
            "member": "allUsers",
            "project": "celestial-biome-480601",
            "role": "roles/run.invoker",
            "service": "v1/projects/celestial-biome-480601/locations/asia-northeast1/services/celestial-frontend-staging"
          },
          "sensitive_attributes": [],
          "identity_schema_version": 0,
          "private": "bnVsbA==",
          "dependencies": [
            "module.core.data.google_compute_default_service_account.default",
            "module.core.data.sentry_key.backend",
            "module.core.data.sentry_key.frontend",
            "module.core.google_cloud_run_v2_service.backend",
            "module.core.google_cloud_run_v2_service.frontend",
            "module.core.google_project_iam_member.run_secret_access",
            "module.core.google_project_iam_member.run_sql_client",
            "module.core.google_project_service.apis",
            "module.core.google_project_service.extra_apis",
            "module.core.google_secret_manager_secret.db_password_secret",
            "module.core.google_sql_database.database",
            "module.core.google_sql_database_instance.postgres",
            "module.core.google_sql_user.users",
            "module.core.random_id.suffix",
            "module.core.random_password.db_password",
            "module.core.sentry_project.backend",
            "module.core.sentry_project.frontend",
            "module.core.sentry_team.main"
          ]
        }
      ]
    },
    {
      "module": "module.core",
      "mode": "managed",
      "type": "google_cloud_run_v2_job",
      "name": "create_superuser_job",
      "provider": "provider[\"registry.terraform.io/hashicorp/google\"]",
      "instances": [
        {
          "schema_version": 0,
          "attributes": {
            "annotations": {},
            "binary_authorization": [],
            "client": "",
            "client_version": "",
            "conditions": [],
            "create_time": "2026-01-18T11:27:47.243603Z",
            "creator": "celestialbiome@gmail.com",
            "delete_time": "",
            "deletion_protection": false,
            "effective_annotations": {},
            "effective_labels": {
              "goog-terraform-provisioned": "true"
            },
            "etag": "\"CPqdt8sGENiS4GE/cHJvamVjdHMvY2VsZXN0aWFsLWJpb21lLTQ4MDYwMS9sb2NhdGlvbnMvYXNpYS1ub3J0aGVhc3QxL2pvYnMvY3JlYXRlLXN1cGVydXNlci1qb2Itc3RhZ2luZw\"",
            "execution_count": 1,
            "expire_time": "",
            "generation": "3",
            "id": "projects/celestial-biome-480601/locations/asia-northeast1/jobs/create-superuser-job-staging",
            "labels": {},
            "last_modifier": "celestialbiome@gmail.com",
            "latest_created_execution": [
              {
                "completion_time": "2026-01-18T11:37:52.855067Z",
                "create_time": "2026-01-18T11:37:26.650475Z",
                "name": "create-superuser-job-staging-6775p"
              }
            ],
            "launch_stage": "GA",
            "location": "asia-northeast1",
            "name": "create-superuser-job-staging",
            "observed_generation": "3",
            "project": "celestial-biome-480601",
            "reconciling": false,
            "template": [
              {
                "annotations": {},
                "labels": {},
                "parallelism": 0,
                "task_count": 1,
                "template": [
                  {
                    "containers": [
                      {
                        "args": [],
                        "command": [
                          "python",
                          "manage.py",
                          "createsuperuser",
                          "--noinput",
                          "--username",
                          "admin",
                          "--email",
                          "admin@celestial-biome.com"
                        ],
                        "depends_on": [],
                        "env": [
                          {
                            "name": "DB_HOST",
                            "value": "/cloudsql/celestial-biome-480601:asia-northeast1:celestial-db-instance-cf51abb9",
                            "value_source": []
                          },
                          {
                            "name": "DB_NAME",
                            "value": "celestial_db",
                            "value_source": []
                          },
                          {
                            "name": "DB_PASSWORD",
                            "value": "",
                            "value_source": [
                              {
                                "secret_key_ref": [
                                  {
                                    "secret": "db-password-staging",
                                    "version": "latest"
                                  }
                                ]
                              }
                            ]
                          },
                          {
                            "name": "DB_USER",
                            "value": "celestial_user",
                            "value_source": []
                          },
                          {
                            "name": "DJANGO_SUPERUSER_PASSWORD",
                            "value": "",
                            "value_source": [
                              {
                                "secret_key_ref": [
                                  {
                                    "secret": "admin-password-staging",
                                    "version": "latest"
                                  }
                                ]
                              }
                            ]
                          },
                          {
                            "name": "GOOGLE_CLOUD_PROJECT",
                            "value": "celestial-biome-480601",
                            "value_source": []
                          }
                        ],
                        "image": "asia-northeast1-docker.pkg.dev/celestial-biome-480601/app-repo-staging/backend:f3765568619fb20f20253b33f128b10dcc177a6b",
                        "name": "",
                        "ports": [],
                        "resources": [
                          {
                            "limits": {
                              "cpu": "1000m",
                              "memory": "512Mi"
                            }
                          }
                        ],
                        "startup_probe": [],
                        "volume_mounts": [
                          {
                            "mount_path": "/cloudsql",
                            "name": "cloudsql"
                          }
                        ],
                        "working_dir": ""
                      }
                    ],
                    "encryption_key": "",
                    "execution_environment": "EXECUTION_ENVIRONMENT_GEN2",
                    "gpu_zonal_redundancy_disabled": false,
                    "max_retries": 3,
                    "node_selector": [],
                    "service_account": "job-runner-staging@celestial-biome-480601.iam.gserviceaccount.com",
                    "timeout": "600s",
                    "volumes": [
                      {
                        "cloud_sql_instance": [
                          {
                            "instances": [
                              "celestial-biome-480601:asia-northeast1:celestial-db-instance-cf51abb9"
                            ]
                          }
                        ],
                        "empty_dir": [],
                        "gcs": [],
                        "name": "cloudsql",
                        "nfs": [],
                        "secret": []
                      }
                    ],
                    "vpc_access": []
                  }
                ]
              }
            ],
            "terminal_condition": [
              {
                "execution_reason": "",
                "last_transition_time": "",
                "message": "",
                "reason": "",
                "revision_reason": "",
                "severity": "",
                "state": "CONDITION_SUCCEEDED",
                "type": "Ready"
              }
            ],
            "terraform_labels": {
              "goog-terraform-provisioned": "true"
            },
            "timeouts": null,
            "uid": "ae486b27-6405-421f-99c6-f505b1a58897",
            "update_time": "2026-01-19T06:28:10.204999Z"
          },
          "sensitive_attributes": [],
          "identity_schema_version": 0,
          "private": "eyJlMmJmYjczMC1lY2FhLTExZTYtOGY4OC0zNDM2M2JjN2M0YzAiOnsiY3JlYXRlIjoxMjAwMDAwMDAwMDAwLCJkZWxldGUiOjEyMDAwMDAwMDAwMDAsInVwZGF0ZSI6MTIwMDAwMDAwMDAwMH19",
          "dependencies": [
            "module.core.google_project_service.extra_apis",
            "module.core.google_secret_manager_secret.admin_password_secret",
            "module.core.google_secret_manager_secret.db_password_secret",
            "module.core.google_secret_manager_secret_version.admin_password_version",
            "module.core.google_service_account.job_runner",
            "module.core.google_sql_database.database",
            "module.core.google_sql_database_instance.postgres",
            "module.core.google_sql_user.users",
            "module.core.random_id.suffix",
            "module.core.random_password.admin_password",
            "module.core.random_password.db_password"
          ]
        }
      ]
    },
    {
      "module": "module.core",
      "mode": "managed",
      "type": "google_cloud_run_v2_job",
      "name": "ingest_earthquakes_job",
      "provider": "provider[\"registry.terraform.io/hashicorp/google\"]",
      "instances": [
        {
          "schema_version": 0,
          "attributes": {
            "annotations": {},
            "binary_authorization": [],
            "client": "",
            "client_version": "",
            "conditions": [],
            "create_time": "2026-01-17T16:58:31.378282Z",
            "creator": "celestialbiome@gmail.com",
            "delete_time": "",
            "deletion_protection": false,
            "effective_annotations": {},
            "effective_labels": {
              "goog-terraform-provisioned": "true"
            },
            "etag": "\"CPGdt8sGEJD4jyA/cHJvamVjdHMvY2VsZXN0aWFsLWJpb21lLTQ4MDYwMS9sb2NhdGlvbnMvYXNpYS1ub3J0aGVhc3QxL2pvYnMvaW5nZXN0LWVhcnRocXVha2VzLWpvYi1zdGFnaW5n\"",
            "execution_count": 156,
            "expire_time": "",
            "generation": "12",
            "id": "projects/celestial-biome-480601/locations/asia-northeast1/jobs/ingest-earthquakes-job-staging",
            "labels": {},
            "last_modifier": "celestialbiome@gmail.com",
            "latest_created_execution": [
              {
                "completion_time": "2026-01-19T07:30:39.864048Z",
                "create_time": "2026-01-19T07:30:04.217905Z",
                "name": "ingest-earthquakes-job-staging-l57bx"
              }
            ],
            "launch_stage": "GA",
            "location": "asia-northeast1",
            "name": "ingest-earthquakes-job-staging",
            "observed_generation": "12",
            "project": "celestial-biome-480601",
            "reconciling": false,
            "template": [
              {
                "annotations": {},
                "labels": {},
                "parallelism": 0,
                "task_count": 1,
                "template": [
                  {
                    "containers": [
                      {
                        "args": [],
                        "command": [
                          "python",
                          "manage.py",
                          "ingest_earthquakes"
                        ],
                        "depends_on": [],
                        "env": [
                          {
                            "name": "BQ_DATASET_ID",
                            "value": "celestial_biome_data_staging",
                            "value_source": []
                          },
                          {
                            "name": "DB_HOST",
                            "value": "/cloudsql/celestial-biome-480601:asia-northeast1:celestial-db-instance-cf51abb9",
                            "value_source": []
                          },
                          {
                            "name": "DB_NAME",
                            "value": "celestial_db",
                            "value_source": []
                          },
                          {
                            "name": "DB_PASSWORD",
                            "value": "",
                            "value_source": [
                              {
                                "secret_key_ref": [
                                  {
                                    "secret": "db-password-staging",
                                    "version": "latest"
                                  }
                                ]
                              }
                            ]
                          },
                          {
                            "name": "DB_USER",
                            "value": "celestial_user",
                            "value_source": []
                          },
                          {
                            "name": "GCP_PROJECT_ID",
                            "value": "celestial-biome-480601",
                            "value_source": []
                          },
                          {
                            "name": "GOOGLE_CLOUD_PROJECT",
                            "value": "celestial-biome-480601",
                            "value_source": []
                          }
                        ],
                        "image": "asia-northeast1-docker.pkg.dev/celestial-biome-480601/app-repo-staging/backend:f3765568619fb20f20253b33f128b10dcc177a6b",
                        "name": "",
                        "ports": [],
                        "resources": [
                          {
                            "limits": {
                              "cpu": "1000m",
                              "memory": "512Mi"
                            }
                          }
                        ],
                        "startup_probe": [],
                        "volume_mounts": [
                          {
                            "mount_path": "/cloudsql",
                            "name": "cloudsql"
                          }
                        ],
                        "working_dir": ""
                      }
                    ],
                    "encryption_key": "",
                    "execution_environment": "EXECUTION_ENVIRONMENT_GEN2",
                    "gpu_zonal_redundancy_disabled": false,
                    "max_retries": 3,
                    "node_selector": [],
                    "service_account": "job-runner-staging@celestial-biome-480601.iam.gserviceaccount.com",
                    "timeout": "600s",
                    "volumes": [
                      {
                        "cloud_sql_instance": [
                          {
                            "instances": [
                              "celestial-biome-480601:asia-northeast1:celestial-db-instance-cf51abb9"
                            ]
                          }
                        ],
                        "empty_dir": [],
                        "gcs": [],
                        "name": "cloudsql",
                        "nfs": [],
                        "secret": []
                      }
                    ],
                    "vpc_access": []
                  }
                ]
              }
            ],
            "terminal_condition": [
              {
                "execution_reason": "",
                "last_transition_time": "",
                "message": "",
                "reason": "",
                "revision_reason": "",
                "severity": "",
                "state": "CONDITION_SUCCEEDED",
                "type": "Ready"
              }
            ],
            "terraform_labels": {
              "goog-terraform-provisioned": "true"
            },
            "timeouts": null,
            "uid": "90a02454-721c-4c41-ba6c-ab37f0c7b6ba",
            "update_time": "2026-01-19T06:28:01.067370Z"
          },
          "sensitive_attributes": [],
          "identity_schema_version": 0,
          "private": "eyJlMmJmYjczMC1lY2FhLTExZTYtOGY4OC0zNDM2M2JjN2M0YzAiOnsiY3JlYXRlIjoxMjAwMDAwMDAwMDAwLCJkZWxldGUiOjEyMDAwMDAwMDAwMDAsInVwZGF0ZSI6MTIwMDAwMDAwMDAwMH19",
          "dependencies": [
            "module.core.google_project_service.extra_apis",
            "module.core.google_secret_manager_secret.db_password_secret",
            "module.core.google_service_account.job_runner",
            "module.core.google_sql_database.database",
            "module.core.google_sql_database_instance.postgres",
            "module.core.google_sql_user.users",
            "module.core.random_id.suffix",
            "module.core.random_password.db_password"
          ]
        }
      ]
    },
    {
      "module": "module.core",
      "mode": "managed",
      "type": "google_cloud_run_v2_job",
      "name": "ingest_economy_job",
      "provider": "provider[\"registry.terraform.io/hashicorp/google\"]",
      "instances": [
        {
          "schema_version": 0,
          "attributes": {
            "annotations": {},
            "binary_authorization": [],
            "client": "",
            "client_version": "",
            "conditions": [],
            "create_time": "2026-01-17T16:58:31.330391Z",
            "creator": "celestialbiome@gmail.com",
            "delete_time": "",
            "deletion_protection": false,
            "effective_annotations": {},
            "effective_labels": {
              "goog-terraform-provisioned": "true"
            },
            "etag": "\"CPmdt8sGELjpz5kD/cHJvamVjdHMvY2VsZXN0aWFsLWJpb21lLTQ4MDYwMS9sb2NhdGlvbnMvYXNpYS1ub3J0aGVhc3QxL2pvYnMvaW5nZXN0LWVjb25vbXktam9iLXN0YWdpbmc\"",
            "execution_count": 4,
            "expire_time": "",
            "generation": "12",
            "id": "projects/celestial-biome-480601/locations/asia-northeast1/jobs/ingest-economy-job-staging",
            "labels": {},
            "last_modifier": "celestialbiome@gmail.com",
            "latest_created_execution": [
              {
                "completion_time": "2026-01-18T22:01:03.165008Z",
                "create_time": "2026-01-18T22:00:01.631921Z",
                "name": "ingest-economy-job-staging-6s6qs"
              }
            ],
            "launch_stage": "GA",
            "location": "asia-northeast1",
            "name": "ingest-economy-job-staging",
            "observed_generation": "12",
            "project": "celestial-biome-480601",
            "reconciling": false,
            "template": [
              {
                "annotations": {},
                "labels": {},
                "parallelism": 0,
                "task_count": 1,
                "template": [
                  {
                    "containers": [
                      {
                        "args": [],
                        "command": [
                          "python",
                          "manage.py",
                          "ingest_economy"
                        ],
                        "depends_on": [],
                        "env": [
                          {
                            "name": "BQ_DATASET_ID",
                            "value": "celestial_biome_data_staging",
                            "value_source": []
                          },
                          {
                            "name": "DB_HOST",
                            "value": "/cloudsql/celestial-biome-480601:asia-northeast1:celestial-db-instance-cf51abb9",
                            "value_source": []
                          },
                          {
                            "name": "DB_NAME",
                            "value": "celestial_db",
                            "value_source": []
                          },
                          {
                            "name": "DB_PASSWORD",
                            "value": "",
                            "value_source": [
                              {
                                "secret_key_ref": [
                                  {
                                    "secret": "db-password-staging",
                                    "version": "latest"
                                  }
                                ]
                              }
                            ]
                          },
                          {
                            "name": "DB_USER",
                            "value": "celestial_user",
                            "value_source": []
                          },
                          {
                            "name": "GCP_PROJECT_ID",
                            "value": "celestial-biome-480601",
                            "value_source": []
                          },
                          {
                            "name": "GOOGLE_CLOUD_PROJECT",
                            "value": "celestial-biome-480601",
                            "value_source": []
                          }
                        ],
                        "image": "asia-northeast1-docker.pkg.dev/celestial-biome-480601/app-repo-staging/backend:f3765568619fb20f20253b33f128b10dcc177a6b",
                        "name": "",
                        "ports": [],
                        "resources": [
                          {
                            "limits": {
                              "cpu": "1000m",
                              "memory": "512Mi"
                            }
                          }
                        ],
                        "startup_probe": [],
                        "volume_mounts": [
                          {
                            "mount_path": "/cloudsql",
                            "name": "cloudsql"
                          }
                        ],
                        "working_dir": ""
                      }
                    ],
                    "encryption_key": "",
                    "execution_environment": "EXECUTION_ENVIRONMENT_GEN2",
                    "gpu_zonal_redundancy_disabled": false,
                    "max_retries": 3,
                    "node_selector": [],
                    "service_account": "job-runner-staging@celestial-biome-480601.iam.gserviceaccount.com",
                    "timeout": "600s",
                    "volumes": [
                      {
                        "cloud_sql_instance": [
                          {
                            "instances": [
                              "celestial-biome-480601:asia-northeast1:celestial-db-instance-cf51abb9"
                            ]
                          }
                        ],
                        "empty_dir": [],
                        "gcs": [],
                        "name": "cloudsql",
                        "nfs": [],
                        "secret": []
                      }
                    ],
                    "vpc_access": []
                  }
                ]
              }
            ],
            "terminal_condition": [
              {
                "execution_reason": "",
                "last_transition_time": "",
                "message": "",
                "reason": "",
                "revision_reason": "",
                "severity": "",
                "state": "CONDITION_SUCCEEDED",
                "type": "Ready"
              }
            ],
            "terraform_labels": {
              "goog-terraform-provisioned": "true"
            },
            "timeouts": null,
            "uid": "ee952497-e0ce-49ea-9937-25500df46671",
            "update_time": "2026-01-19T06:28:09.859043Z"
          },
          "sensitive_attributes": [],
          "identity_schema_version": 0,
          "private": "eyJlMmJmYjczMC1lY2FhLTExZTYtOGY4OC0zNDM2M2JjN2M0YzAiOnsiY3JlYXRlIjoxMjAwMDAwMDAwMDAwLCJkZWxldGUiOjEyMDAwMDAwMDAwMDAsInVwZGF0ZSI6MTIwMDAwMDAwMDAwMH19",
          "dependencies": [
            "module.core.google_project_service.extra_apis",
            "module.core.google_secret_manager_secret.db_password_secret",
            "module.core.google_service_account.job_runner",
            "module.core.google_sql_database.database",
            "module.core.google_sql_database_instance.postgres",
            "module.core.google_sql_user.users",
            "module.core.random_id.suffix",
            "module.core.random_password.db_password"
          ]
        }
      ]
    },
    {
      "module": "module.core",
      "mode": "managed",
      "type": "google_cloud_run_v2_job",
      "name": "ingest_job",
      "provider": "provider[\"registry.terraform.io/hashicorp/google\"]",
      "instances": [
        {
          "schema_version": 0,
          "attributes": {
            "annotations": {},
            "binary_authorization": [],
            "client": "",
            "client_version": "",
            "conditions": [],
            "create_time": "2026-01-17T16:58:31.122490Z",
            "creator": "celestialbiome@gmail.com",
            "delete_time": "",
            "deletion_protection": false,
            "effective_annotations": {},
            "effective_labels": {
              "goog-terraform-provisioned": "true"
            },
            "etag": "\"CPGdt8sGENjZ_l0/cHJvamVjdHMvY2VsZXN0aWFsLWJpb21lLTQ4MDYwMS9sb2NhdGlvbnMvYXNpYS1ub3J0aGVhc3QxL2pvYnMvaW5nZXN0LXNwYWNlLXdlYXRoZXItam9iLXN0YWdpbmc\"",
            "execution_count": 40,
            "expire_time": "",
            "generation": "12",
            "id": "projects/celestial-biome-480601/locations/asia-northeast1/jobs/ingest-space-weather-job-staging",
            "labels": {},
            "last_modifier": "celestialbiome@gmail.com",
            "latest_created_execution": [
              {
                "completion_time": "2026-01-19T07:00:48.644609Z",
                "create_time": "2026-01-19T07:00:04.732342Z",
                "name": "ingest-space-weather-job-staging-4wm4s"
              }
            ],
            "launch_stage": "GA",
            "location": "asia-northeast1",
            "name": "ingest-space-weather-job-staging",
            "observed_generation": "12",
            "project": "celestial-biome-480601",
            "reconciling": false,
            "template": [
              {
                "annotations": {},
                "labels": {},
                "parallelism": 0,
                "task_count": 1,
                "template": [
                  {
                    "containers": [
                      {
                        "args": [],
                        "command": [
                          "python",
                          "manage.py",
                          "ingest_space_weather"
                        ],
                        "depends_on": [],
                        "env": [
                          {
                            "name": "BQ_DATASET_ID",
                            "value": "celestial_biome_data_staging",
                            "value_source": []
                          },
                          {
                            "name": "DB_HOST",
                            "value": "/cloudsql/celestial-biome-480601:asia-northeast1:celestial-db-instance-cf51abb9",
                            "value_source": []
                          },
                          {
                            "name": "DB_NAME",
                            "value": "celestial_db",
                            "value_source": []
                          },
                          {
                            "name": "DB_PASSWORD",
                            "value": "",
                            "value_source": [
                              {
                                "secret_key_ref": [
                                  {
                                    "secret": "db-password-staging",
                                    "version": "latest"
                                  }
                                ]
                              }
                            ]
                          },
                          {
                            "name": "DB_USER",
                            "value": "celestial_user",
                            "value_source": []
                          },
                          {
                            "name": "GCP_PROJECT_ID",
                            "value": "celestial-biome-480601",
                            "value_source": []
                          },
                          {
                            "name": "GOOGLE_CLOUD_PROJECT",
                            "value": "celestial-biome-480601",
                            "value_source": []
                          }
                        ],
                        "image": "asia-northeast1-docker.pkg.dev/celestial-biome-480601/app-repo-staging/backend:f3765568619fb20f20253b33f128b10dcc177a6b",
                        "name": "",
                        "ports": [],
                        "resources": [
                          {
                            "limits": {
                              "cpu": "1000m",
                              "memory": "512Mi"
                            }
                          }
                        ],
                        "startup_probe": [],
                        "volume_mounts": [
                          {
                            "mount_path": "/cloudsql",
                            "name": "cloudsql"
                          }
                        ],
                        "working_dir": ""
                      }
                    ],
                    "encryption_key": "",
                    "execution_environment": "EXECUTION_ENVIRONMENT_GEN2",
                    "gpu_zonal_redundancy_disabled": false,
                    "max_retries": 3,
                    "node_selector": [],
                    "service_account": "job-runner-staging@celestial-biome-480601.iam.gserviceaccount.com",
                    "timeout": "600s",
                    "volumes": [
                      {
                        "cloud_sql_instance": [
                          {
                            "instances": [
                              "celestial-biome-480601:asia-northeast1:celestial-db-instance-cf51abb9"
                            ]
                          }
                        ],
                        "empty_dir": [],
                        "gcs": [],
                        "name": "cloudsql",
                        "nfs": [],
                        "secret": []
                      }
                    ],
                    "vpc_access": []
                  }
                ]
              }
            ],
            "terminal_condition": [
              {
                "execution_reason": "",
                "last_transition_time": "",
                "message": "",
                "reason": "",
                "revision_reason": "",
                "severity": "",
                "state": "CONDITION_SUCCEEDED",
                "type": "Ready"
              }
            ],
            "terraform_labels": {
              "goog-terraform-provisioned": "true"
            },
            "timeouts": null,
            "uid": "9a5349ad-52fb-4fcf-8b9e-1a341c61daf8",
            "update_time": "2026-01-19T06:28:01.197111Z"
          },
          "sensitive_attributes": [],
          "identity_schema_version": 0,
          "private": "eyJlMmJmYjczMC1lY2FhLTExZTYtOGY4OC0zNDM2M2JjN2M0YzAiOnsiY3JlYXRlIjoxMjAwMDAwMDAwMDAwLCJkZWxldGUiOjEyMDAwMDAwMDAwMDAsInVwZGF0ZSI6MTIwMDAwMDAwMDAwMH19",
          "dependencies": [
            "module.core.google_project_service.extra_apis",
            "module.core.google_secret_manager_secret.db_password_secret",
            "module.core.google_service_account.job_runner",
            "module.core.google_sql_database.database",
            "module.core.google_sql_database_instance.postgres",
            "module.core.google_sql_user.users",
            "module.core.random_id.suffix",
            "module.core.random_password.db_password"
          ]
        }
      ]
    },
    {
      "module": "module.core",
      "mode": "managed",
      "type": "google_cloud_run_v2_job",
      "name": "migrate_job",
      "provider": "provider[\"registry.terraform.io/hashicorp/google\"]",
      "instances": [
        {
          "schema_version": 0,
          "attributes": {
            "annotations": {},
            "binary_authorization": [],
            "client": "",
            "client_version": "",
            "conditions": [],
            "create_time": "2026-01-17T16:58:31.110315Z",
            "creator": "celestialbiome@gmail.com",
            "delete_time": "",
            "deletion_protection": false,
            "effective_annotations": {},
            "effective_labels": {
              "goog-terraform-provisioned": "true"
            },
            "etag": "\"CPGdt8sGEPDIqFE/cHJvamVjdHMvY2VsZXN0aWFsLWJpb21lLTQ4MDYwMS9sb2NhdGlvbnMvYXNpYS1ub3J0aGVhc3QxL2pvYnMvbWlncmF0ZS1qb2Itc3RhZ2luZw\"",
            "execution_count": 8,
            "expire_time": "",
            "generation": "12",
            "id": "projects/celestial-biome-480601/locations/asia-northeast1/jobs/migrate-job-staging",
            "labels": {},
            "last_modifier": "celestialbiome@gmail.com",
            "latest_created_execution": [
              {
                "completion_time": "2026-01-18T11:33:45.832795Z",
                "create_time": "2026-01-18T11:32:53.129320Z",
                "name": "migrate-job-staging-vbkgj"
              }
            ],
            "launch_stage": "GA",
            "location": "asia-northeast1",
            "name": "migrate-job-staging",
            "observed_generation": "12",
            "project": "celestial-biome-480601",
            "reconciling": false,
            "template": [
              {
                "annotations": {},
                "labels": {},
                "parallelism": 0,
                "task_count": 1,
                "template": [
                  {
                    "containers": [
                      {
                        "args": [],
                        "command": [
                          "python",
                          "manage.py",
                          "migrate"
                        ],
                        "depends_on": [],
                        "env": [
                          {
                            "name": "DB_HOST",
                            "value": "/cloudsql/celestial-biome-480601:asia-northeast1:celestial-db-instance-cf51abb9",
                            "value_source": []
                          },
                          {
                            "name": "DB_NAME",
                            "value": "celestial_db",
                            "value_source": []
                          },
                          {
                            "name": "DB_PASSWORD",
                            "value": "",
                            "value_source": [
                              {
                                "secret_key_ref": [
                                  {
                                    "secret": "db-password-staging",
                                    "version": "latest"
                                  }
                                ]
                              }
                            ]
                          },
                          {
                            "name": "DB_USER",
                            "value": "celestial_user",
                            "value_source": []
                          },
                          {
                            "name": "GCP_PROJECT_ID",
                            "value": "celestial-biome-480601",
                            "value_source": []
                          },
                          {
                            "name": "GOOGLE_CLOUD_PROJECT",
                            "value": "celestial-biome-480601",
                            "value_source": []
                          }
                        ],
                        "image": "asia-northeast1-docker.pkg.dev/celestial-biome-480601/app-repo-staging/backend:f3765568619fb20f20253b33f128b10dcc177a6b",
                        "name": "",
                        "ports": [],
                        "resources": [
                          {
                            "limits": {
                              "cpu": "1000m",
                              "memory": "512Mi"
                            }
                          }
                        ],
                        "startup_probe": [],
                        "volume_mounts": [
                          {
                            "mount_path": "/cloudsql",
                            "name": "cloudsql"
                          }
                        ],
                        "working_dir": ""
                      }
                    ],
                    "encryption_key": "",
                    "execution_environment": "EXECUTION_ENVIRONMENT_GEN2",
                    "gpu_zonal_redundancy_disabled": false,
                    "max_retries": 3,
                    "node_selector": [],
                    "service_account": "job-runner-staging@celestial-biome-480601.iam.gserviceaccount.com",
                    "timeout": "600s",
                    "volumes": [
                      {
                        "cloud_sql_instance": [
                          {
                            "instances": [
                              "celestial-biome-480601:asia-northeast1:celestial-db-instance-cf51abb9"
                            ]
                          }
                        ],
                        "empty_dir": [],
                        "gcs": [],
                        "name": "cloudsql",
                        "nfs": [],
                        "secret": []
                      }
                    ],
                    "vpc_access": []
                  }
                ]
              }
            ],
            "terminal_condition": [
              {
                "execution_reason": "",
                "last_transition_time": "",
                "message": "",
                "reason": "",
                "revision_reason": "",
                "severity": "",
                "state": "CONDITION_SUCCEEDED",
                "type": "Ready"
              }
            ],
            "terraform_labels": {
              "goog-terraform-provisioned": "true"
            },
            "timeouts": null,
            "uid": "4c7d20db-3e2e-4721-8c9f-e127522527a8",
            "update_time": "2026-01-19T06:28:01.170534Z"
          },
          "sensitive_attributes": [],
          "identity_schema_version": 0,
          "private": "eyJlMmJmYjczMC1lY2FhLTExZTYtOGY4OC0zNDM2M2JjN2M0YzAiOnsiY3JlYXRlIjoxMjAwMDAwMDAwMDAwLCJkZWxldGUiOjEyMDAwMDAwMDAwMDAsInVwZGF0ZSI6MTIwMDAwMDAwMDAwMH19",
          "dependencies": [
            "module.core.google_project_service.extra_apis",
            "module.core.google_secret_manager_secret.db_password_secret",
            "module.core.google_service_account.job_runner",
            "module.core.google_sql_database.database",
            "module.core.google_sql_database_instance.postgres",
            "module.core.google_sql_user.users",
            "module.core.random_id.suffix",
            "module.core.random_password.db_password"
          ]
        }
      ]
    },
    {
      "module": "module.core",
      "mode": "managed",
      "type": "google_cloud_run_v2_job",
      "name": "sync_db_job",
      "provider": "provider[\"registry.terraform.io/hashicorp/google\"]",
      "instances": [
        {
          "schema_version": 0,
          "attributes": {
            "annotations": {},
            "binary_authorization": [],
            "client": "",
            "client_version": "",
            "conditions": [],
            "create_time": "2026-01-17T16:58:31.230197Z",
            "creator": "celestialbiome@gmail.com",
            "delete_time": "",
            "deletion_protection": false,
            "effective_annotations": {},
            "effective_labels": {
              "goog-terraform-provisioned": "true"
            },
            "etag": "\"CPGdt8sGEMjC1voC/cHJvamVjdHMvY2VsZXN0aWFsLWJpb21lLTQ4MDYwMS9sb2NhdGlvbnMvYXNpYS1ub3J0aGVhc3QxL2pvYnMvc3luYy1zcGFjZS13ZWF0aGVyLWRiLWpvYi1zdGFnaW5n\"",
            "execution_count": 38,
            "expire_time": "",
            "generation": "12",
            "id": "projects/celestial-biome-480601/locations/asia-northeast1/jobs/sync-space-weather-db-job-staging",
            "labels": {},
            "last_modifier": "celestialbiome@gmail.com",
            "latest_created_execution": [
              {
                "completion_time": "2026-01-19T07:05:42.728896Z",
                "create_time": "2026-01-19T07:05:04.278448Z",
                "name": "sync-space-weather-db-job-staging-99gq8"
              }
            ],
            "launch_stage": "GA",
            "location": "asia-northeast1",
            "name": "sync-space-weather-db-job-staging",
            "observed_generation": "12",
            "project": "celestial-biome-480601",
            "reconciling": false,
            "template": [
              {
                "annotations": {},
                "labels": {},
                "parallelism": 0,
                "task_count": 1,
                "template": [
                  {
                    "containers": [
                      {
                        "args": [],
                        "command": [
                          "python",
                          "manage.py",
                          "sync_bq_to_db"
                        ],
                        "depends_on": [],
                        "env": [
                          {
                            "name": "BQ_DATASET_ID",
                            "value": "celestial_biome_data_staging",
                            "value_source": []
                          },
                          {
                            "name": "DB_HOST",
                            "value": "/cloudsql/celestial-biome-480601:asia-northeast1:celestial-db-instance-cf51abb9",
                            "value_source": []
                          },
                          {
                            "name": "DB_NAME",
                            "value": "celestial_db",
                            "value_source": []
                          },
                          {
                            "name": "DB_PASSWORD",
                            "value": "",
                            "value_source": [
                              {
                                "secret_key_ref": [
                                  {
                                    "secret": "db-password-staging",
                                    "version": "latest"
                                  }
                                ]
                              }
                            ]
                          },
                          {
                            "name": "DB_USER",
                            "value": "celestial_user",
                            "value_source": []
                          },
                          {
                            "name": "GCP_PROJECT_ID",
                            "value": "celestial-biome-480601",
                            "value_source": []
                          },
                          {
                            "name": "GOOGLE_CLOUD_PROJECT",
                            "value": "celestial-biome-480601",
                            "value_source": []
                          }
                        ],
                        "image": "asia-northeast1-docker.pkg.dev/celestial-biome-480601/app-repo-staging/backend:f3765568619fb20f20253b33f128b10dcc177a6b",
                        "name": "",
                        "ports": [],
                        "resources": [
                          {
                            "limits": {
                              "cpu": "1000m",
                              "memory": "512Mi"
                            }
                          }
                        ],
                        "startup_probe": [],
                        "volume_mounts": [
                          {
                            "mount_path": "/cloudsql",
                            "name": "cloudsql"
                          }
                        ],
                        "working_dir": ""
                      }
                    ],
                    "encryption_key": "",
                    "execution_environment": "EXECUTION_ENVIRONMENT_GEN2",
                    "gpu_zonal_redundancy_disabled": false,
                    "max_retries": 3,
                    "node_selector": [],
                    "service_account": "job-runner-staging@celestial-biome-480601.iam.gserviceaccount.com",
                    "timeout": "600s",
                    "volumes": [
                      {
                        "cloud_sql_instance": [
                          {
                            "instances": [
                              "celestial-biome-480601:asia-northeast1:celestial-db-instance-cf51abb9"
                            ]
                          }
                        ],
                        "empty_dir": [],
                        "gcs": [],
                        "name": "cloudsql",
                        "nfs": [],
                        "secret": []
                      }
                    ],
                    "vpc_access": []
                  }
                ]
              }
            ],
            "terminal_condition": [
              {
                "execution_reason": "",
                "last_transition_time": "",
                "message": "",
                "reason": "",
                "revision_reason": "",
                "severity": "",
                "state": "CONDITION_SUCCEEDED",
                "type": "Ready"
              }
            ],
            "terraform_labels": {
              "goog-terraform-provisioned": "true"
            },
            "timeouts": null,
            "uid": "6c12f415-00ce-478c-84f6-f2fa06423c7c",
            "update_time": "2026-01-19T06:28:01.794141Z"
          },
          "sensitive_attributes": [],
          "identity_schema_version": 0,
          "private": "eyJlMmJmYjczMC1lY2FhLTExZTYtOGY4OC0zNDM2M2JjN2M0YzAiOnsiY3JlYXRlIjoxMjAwMDAwMDAwMDAwLCJkZWxldGUiOjEyMDAwMDAwMDAwMDAsInVwZGF0ZSI6MTIwMDAwMDAwMDAwMH19",
          "dependencies": [
            "module.core.google_project_service.extra_apis",
            "module.core.google_secret_manager_secret.db_password_secret",
            "module.core.google_service_account.job_runner",
            "module.core.google_sql_database.database",
            "module.core.google_sql_database_instance.postgres",
            "module.core.google_sql_user.users",
            "module.core.random_id.suffix",
            "module.core.random_password.db_password"
          ]
        }
      ]
    },
    {
      "module": "module.core",
      "mode": "managed",
      "type": "google_cloud_run_v2_job",
      "name": "sync_earthquakes_job",
      "provider": "provider[\"registry.terraform.io/hashicorp/google\"]",
      "instances": [
        {
          "schema_version": 0,
          "attributes": {
            "annotations": {},
            "binary_authorization": [],
            "client": "",
            "client_version": "",
            "conditions": [],
            "create_time": "2026-01-17T16:58:31.224986Z",
            "creator": "celestialbiome@gmail.com",
            "delete_time": "",
            "deletion_protection": false,
            "effective_annotations": {},
            "effective_labels": {
              "goog-terraform-provisioned": "true"
            },
            "etag": "\"CPGdt8sGEPi98Vo/cHJvamVjdHMvY2VsZXN0aWFsLWJpb21lLTQ4MDYwMS9sb2NhdGlvbnMvYXNpYS1ub3J0aGVhc3QxL2pvYnMvc3luYy1lYXJ0aHF1YWtlcy1kYi1qb2Itc3RhZ2luZw\"",
            "execution_count": 154,
            "expire_time": "",
            "generation": "12",
            "id": "projects/celestial-biome-480601/locations/asia-northeast1/jobs/sync-earthquakes-db-job-staging",
            "labels": {},
            "last_modifier": "celestialbiome@gmail.com",
            "latest_created_execution": [
              {
                "completion_time": "2026-01-19T07:35:33.449670Z",
                "create_time": "2026-01-19T07:35:04.902016Z",
                "name": "sync-earthquakes-db-job-staging-68h24"
              }
            ],
            "launch_stage": "GA",
            "location": "asia-northeast1",
            "name": "sync-earthquakes-db-job-staging",
            "observed_generation": "12",
            "project": "celestial-biome-480601",
            "reconciling": false,
            "template": [
              {
                "annotations": {},
                "labels": {},
                "parallelism": 0,
                "task_count": 1,
                "template": [
                  {
                    "containers": [
                      {
                        "args": [],
                        "command": [
                          "python",
                          "manage.py",
                          "sync_earthquakes_to_db"
                        ],
                        "depends_on": [],
                        "env": [
                          {
                            "name": "BQ_DATASET_ID",
                            "value": "celestial_biome_data_staging",
                            "value_source": []
                          },
                          {
                            "name": "DB_HOST",
                            "value": "/cloudsql/celestial-biome-480601:asia-northeast1:celestial-db-instance-cf51abb9",
                            "value_source": []
                          },
                          {
                            "name": "DB_NAME",
                            "value": "celestial_db",
                            "value_source": []
                          },
                          {
                            "name": "DB_PASSWORD",
                            "value": "",
                            "value_source": [
                              {
                                "secret_key_ref": [
                                  {
                                    "secret": "db-password-staging",
                                    "version": "latest"
                                  }
                                ]
                              }
                            ]
                          },
                          {
                            "name": "DB_USER",
                            "value": "celestial_user",
                            "value_source": []
                          },
                          {
                            "name": "GCP_PROJECT_ID",
                            "value": "celestial-biome-480601",
                            "value_source": []
                          },
                          {
                            "name": "GOOGLE_CLOUD_PROJECT",
                            "value": "celestial-biome-480601",
                            "value_source": []
                          }
                        ],
                        "image": "asia-northeast1-docker.pkg.dev/celestial-biome-480601/app-repo-staging/backend:f3765568619fb20f20253b33f128b10dcc177a6b",
                        "name": "",
                        "ports": [],
                        "resources": [
                          {
                            "limits": {
                              "cpu": "1000m",
                              "memory": "512Mi"
                            }
                          }
                        ],
                        "startup_probe": [],
                        "volume_mounts": [
                          {
                            "mount_path": "/cloudsql",
                            "name": "cloudsql"
                          }
                        ],
                        "working_dir": ""
                      }
                    ],
                    "encryption_key": "",
                    "execution_environment": "EXECUTION_ENVIRONMENT_GEN2",
                    "gpu_zonal_redundancy_disabled": false,
                    "max_retries": 3,
                    "node_selector": [],
                    "service_account": "job-runner-staging@celestial-biome-480601.iam.gserviceaccount.com",
                    "timeout": "600s",
                    "volumes": [
                      {
                        "cloud_sql_instance": [
                          {
                            "instances": [
                              "celestial-biome-480601:asia-northeast1:celestial-db-instance-cf51abb9"
                            ]
                          }
                        ],
                        "empty_dir": [],
                        "gcs": [],
                        "name": "cloudsql",
                        "nfs": [],
                        "secret": []
                      }
                    ],
                    "vpc_access": []
                  }
                ]
              }
            ],
            "terminal_condition": [
              {
                "execution_reason": "",
                "last_transition_time": "",
                "message": "",
                "reason": "",
                "revision_reason": "",
                "severity": "",
                "state": "CONDITION_SUCCEEDED",
                "type": "Ready"
              }
            ],
            "terraform_labels": {
              "goog-terraform-provisioned": "true"
            },
            "timeouts": null,
            "uid": "37af4724-145b-45db-9e83-612d62aae8c0",
            "update_time": "2026-01-19T06:28:01.190603Z"
          },
          "sensitive_attributes": [],
          "identity_schema_version": 0,
          "private": "eyJlMmJmYjczMC1lY2FhLTExZTYtOGY4OC0zNDM2M2JjN2M0YzAiOnsiY3JlYXRlIjoxMjAwMDAwMDAwMDAwLCJkZWxldGUiOjEyMDAwMDAwMDAwMDAsInVwZGF0ZSI6MTIwMDAwMDAwMDAwMH19",
          "dependencies": [
            "module.core.google_project_service.extra_apis",
            "module.core.google_secret_manager_secret.db_password_secret",
            "module.core.google_service_account.job_runner",
            "module.core.google_sql_database.database",
            "module.core.google_sql_database_instance.postgres",
            "module.core.google_sql_user.users",
            "module.core.random_id.suffix",
            "module.core.random_password.db_password"
          ]
        }
      ]
    },
    {
      "module": "module.core",
      "mode": "managed",
      "type": "google_cloud_run_v2_job",
      "name": "sync_economy_job",
      "provider": "provider[\"registry.terraform.io/hashicorp/google\"]",
      "instances": [
        {
          "schema_version": 0,
          "attributes": {
            "annotations": {},
            "binary_authorization": [],
            "client": "",
            "client_version": "",
            "conditions": [],
            "create_time": "2026-01-17T16:58:31.242346Z",
            "creator": "celestialbiome@gmail.com",
            "delete_time": "",
            "deletion_protection": false,
            "effective_annotations": {},
            "effective_labels": {
              "goog-terraform-provisioned": "true"
            },
            "etag": "\"CPGdt8sGEODn8B8/cHJvamVjdHMvY2VsZXN0aWFsLWJpb21lLTQ4MDYwMS9sb2NhdGlvbnMvYXNpYS1ub3J0aGVhc3QxL2pvYnMvc3luYy1lY29ub215LWRiLWpvYi1zdGFnaW5n\"",
            "execution_count": 3,
            "expire_time": "",
            "generation": "12",
            "id": "projects/celestial-biome-480601/locations/asia-northeast1/jobs/sync-economy-db-job-staging",
            "labels": {},
            "last_modifier": "celestialbiome@gmail.com",
            "latest_created_execution": [
              {
                "completion_time": "2026-01-18T22:30:46.147318Z",
                "create_time": "2026-01-18T22:30:04.110521Z",
                "name": "sync-economy-db-job-staging-rr2jh"
              }
            ],
            "launch_stage": "GA",
            "location": "asia-northeast1",
            "name": "sync-economy-db-job-staging",
            "observed_generation": "12",
            "project": "celestial-biome-480601",
            "reconciling": false,
            "template": [
              {
                "annotations": {},
                "labels": {},
                "parallelism": 0,
                "task_count": 1,
                "template": [
                  {
                    "containers": [
                      {
                        "args": [],
                        "command": [
                          "python",
                          "manage.py",
                          "sync_economy_db"
                        ],
                        "depends_on": [],
                        "env": [
                          {
                            "name": "BQ_DATASET_ID",
                            "value": "celestial_biome_data_staging",
                            "value_source": []
                          },
                          {
                            "name": "DB_HOST",
                            "value": "/cloudsql/celestial-biome-480601:asia-northeast1:celestial-db-instance-cf51abb9",
                            "value_source": []
                          },
                          {
                            "name": "DB_NAME",
                            "value": "celestial_db",
                            "value_source": []
                          },
                          {
                            "name": "DB_PASSWORD",
                            "value": "",
                            "value_source": [
                              {
                                "secret_key_ref": [
                                  {
                                    "secret": "db-password-staging",
                                    "version": "latest"
                                  }
                                ]
                              }
                            ]
                          },
                          {
                            "name": "DB_USER",
                            "value": "celestial_user",
                            "value_source": []
                          },
                          {
                            "name": "GCP_PROJECT_ID",
                            "value": "celestial-biome-480601",
                            "value_source": []
                          },
                          {
                            "name": "GOOGLE_CLOUD_PROJECT",
                            "value": "celestial-biome-480601",
                            "value_source": []
                          }
                        ],
                        "image": "asia-northeast1-docker.pkg.dev/celestial-biome-480601/app-repo-staging/backend:f3765568619fb20f20253b33f128b10dcc177a6b",
                        "name": "",
                        "ports": [],
                        "resources": [
                          {
                            "limits": {
                              "cpu": "1000m",
                              "memory": "512Mi"
                            }
                          }
                        ],
                        "startup_probe": [],
                        "volume_mounts": [
                          {
                            "mount_path": "/cloudsql",
                            "name": "cloudsql"
                          }
                        ],
                        "working_dir": ""
                      }
                    ],
                    "encryption_key": "",
                    "execution_environment": "EXECUTION_ENVIRONMENT_GEN2",
                    "gpu_zonal_redundancy_disabled": false,
                    "max_retries": 3,
                    "node_selector": [],
                    "service_account": "job-runner-staging@celestial-biome-480601.iam.gserviceaccount.com",
                    "timeout": "600s",
                    "volumes": [
                      {
                        "cloud_sql_instance": [
                          {
                            "instances": [
                              "celestial-biome-480601:asia-northeast1:celestial-db-instance-cf51abb9"
                            ]
                          }
                        ],
                        "empty_dir": [],
                        "gcs": [],
                        "name": "cloudsql",
                        "nfs": [],
                        "secret": []
                      }
                    ],
                    "vpc_access": []
                  }
                ]
              }
            ],
            "terminal_condition": [
              {
                "execution_reason": "",
                "last_transition_time": "",
                "message": "",
                "reason": "",
                "revision_reason": "",
                "severity": "",
                "state": "CONDITION_SUCCEEDED",
                "type": "Ready"
              }
            ],
            "terraform_labels": {
              "goog-terraform-provisioned": "true"
            },
            "timeouts": null,
            "uid": "20f2b0af-a664-4e40-a861-9671c624f53a",
            "update_time": "2026-01-19T06:28:01.066860Z"
          },
          "sensitive_attributes": [],
          "identity_schema_version": 0,
          "private": "eyJlMmJmYjczMC1lY2FhLTExZTYtOGY4OC0zNDM2M2JjN2M0YzAiOnsiY3JlYXRlIjoxMjAwMDAwMDAwMDAwLCJkZWxldGUiOjEyMDAwMDAwMDAwMDAsInVwZGF0ZSI6MTIwMDAwMDAwMDAwMH19",
          "dependencies": [
            "module.core.google_project_service.extra_apis",
            "module.core.google_secret_manager_secret.db_password_secret",
            "module.core.google_service_account.job_runner",
            "module.core.google_sql_database.database",
            "module.core.google_sql_database_instance.postgres",
            "module.core.google_sql_user.users",
            "module.core.random_id.suffix",
            "module.core.random_password.db_password"
          ]
        }
      ]
    },
    {
      "module": "module.core",
      "mode": "managed",
      "type": "google_cloud_run_v2_service",
      "name": "backend",
      "provider": "provider[\"registry.terraform.io/hashicorp/google\"]",
      "instances": [
        {
          "schema_version": 0,
          "attributes": {
            "annotations": {},
            "binary_authorization": [],
            "build_config": [],
            "client": "gcloud",
            "client_version": "550.0.0",
            "conditions": [
              {
                "execution_reason": "",
                "last_transition_time": "2026-01-19T06:28:51.928592Z",
                "message": "",
                "reason": "",
                "revision_reason": "",
                "severity": "",
                "state": "CONDITION_SUCCEEDED",
                "type": "RoutesReady"
              },
              {
                "execution_reason": "",
                "last_transition_time": "2026-01-19T06:28:47.702732Z",
                "message": "",
                "reason": "",
                "revision_reason": "",
                "severity": "",
                "state": "CONDITION_SUCCEEDED",
                "type": "ConfigurationsReady"
              }
            ],
            "create_time": "2026-01-17T16:58:31.234858Z",
            "creator": "celestialbiome@gmail.com",
            "custom_audiences": [],
            "delete_time": "",
            "deletion_protection": true,
            "description": "",
            "effective_annotations": {},
            "effective_labels": {
              "commit-sha": "f3765568619fb20f20253b33f128b10dcc177a6b",
              "goog-terraform-provisioned": "true",
              "managed-by": "github-actions"
            },
            "etag": "\"CJ6et8sGELDwrcEB/cHJvamVjdHMvY2VsZXN0aWFsLWJpb21lLTQ4MDYwMS9sb2NhdGlvbnMvYXNpYS1ub3J0aGVhc3QxL3NlcnZpY2VzL2NlbGVzdGlhbC1iYWNrZW5kLXN0YWdpbmc\"",
            "expire_time": "",
            "generation": "12",
            "id": "projects/celestial-biome-480601/locations/asia-northeast1/services/celestial-backend-staging",
            "ingress": "INGRESS_TRAFFIC_ALL",
            "invoker_iam_disabled": false,
            "labels": {},
            "last_modifier": "celestialbiome@gmail.com",
            "latest_created_revision": "projects/celestial-biome-480601/locations/asia-northeast1/services/celestial-backend-staging/revisions/celestial-backend-staging-00012-jn7",
            "latest_ready_revision": "projects/celestial-biome-480601/locations/asia-northeast1/services/celestial-backend-staging/revisions/celestial-backend-staging-00012-jn7",
            "launch_stage": "GA",
            "location": "asia-northeast1",
            "name": "celestial-backend-staging",
            "observed_generation": "12",
            "project": "celestial-biome-480601",
            "reconciling": false,
            "scaling": [
              {
                "manual_instance_count": 0,
                "min_instance_count": 0,
                "scaling_mode": ""
              }
            ],
            "template": [
              {
                "annotations": {},
                "containers": [
                  {
                    "args": [],
                    "base_image_uri": "",
                    "build_info": [],
                    "command": [],
                    "depends_on": [],
                    "env": [
                      {
                        "name": "ALLOWED_HOSTS",
                        "value": "api-staging.celestial-biome.com,localhost,127.0.0.1",
                        "value_source": []
                      },
                      {
                        "name": "DB_HOST",
                        "value": "/cloudsql/celestial-biome-480601:asia-northeast1:celestial-db-instance-cf51abb9",
                        "value_source": []
                      },
                      {
                        "name": "DB_NAME",
                        "value": "celestial_db",
                        "value_source": []
                      },
                      {
                        "name": "DB_PASSWORD",
                        "value": "",
                        "value_source": [
                          {
                            "secret_key_ref": [
                              {
                                "secret": "db-password-staging",
                                "version": "latest"
                              }
                            ]
                          }
                        ]
                      },
                      {
                        "name": "DB_USER",
                        "value": "celestial_user",
                        "value_source": []
                      },
                      {
                        "name": "DEBUG",
                        "value": "False",
                        "value_source": []
                      },
                      {
                        "name": "FRONTEND_URL",
                        "value": "https://app-staging.celestial-biome.com",
                        "value_source": []
                      },
                      {
                        "name": "GOOGLE_CLOUD_PROJECT",
                        "value": "celestial-biome-480601",
                        "value_source": []
                      },
                      {
                        "name": "SENTRY_DSN",
                        "value": "https://558f96a98a6d95bf32a6ab2e7eceee68@o4510703250046976.ingest.us.sentry.io/4510726775963649",
                        "value_source": []
                      },
                      {
                        "name": "SENTRY_ENVIRONMENT",
                        "value": "development",
                        "value_source": []
                      },
                      {
                        "name": "SENTRY_TRACES_SAMPLE_RATE",
                        "value": "1.0",
                        "value_source": []
                      }
                    ],
                    "image": "asia-northeast1-docker.pkg.dev/celestial-biome-480601/app-repo-staging/backend:f3765568619fb20f20253b33f128b10dcc177a6b",
                    "liveness_probe": [],
                    "name": "",
                    "ports": [
                      {
                        "container_port": 8080,
                        "name": "http1"
                      }
                    ],
                    "resources": [
                      {
                        "cpu_idle": true,
                        "limits": {
                          "cpu": "1000m",
                          "memory": "512Mi"
                        },
                        "startup_cpu_boost": false
                      }
                    ],
                    "startup_probe": [
                      {
                        "failure_threshold": 1,
                        "grpc": [],
                        "http_get": [],
                        "initial_delay_seconds": 0,
                        "period_seconds": 240,
                        "tcp_socket": [
                          {
                            "port": 8080
                          }
                        ],
                        "timeout_seconds": 240
                      }
                    ],
                    "volume_mounts": [
                      {
                        "mount_path": "/cloudsql",
                        "name": "cloudsql"
                      }
                    ],
                    "working_dir": ""
                  }
                ],
                "encryption_key": "",
                "execution_environment": "",
                "gpu_zonal_redundancy_disabled": false,
                "labels": {},
                "max_instance_request_concurrency": 80,
                "node_selector": [],
                "revision": "",
                "scaling": [
                  {
                    "max_instance_count": 5,
                    "min_instance_count": 0
                  }
                ],
                "service_account": "617827263662-compute@developer.gserviceaccount.com",
                "session_affinity": false,
                "timeout": "300s",
                "volumes": [
                  {
                    "cloud_sql_instance": [
                      {
                        "instances": [
                          "celestial-biome-480601:asia-northeast1:celestial-db-instance-cf51abb9"
                        ]
                      }
                    ],
                    "empty_dir": [],
                    "gcs": [],
                    "name": "cloudsql",
                    "nfs": [],
                    "secret": []
                  }
                ],
                "vpc_access": []
              }
            ],
            "terminal_condition": [
              {
                "execution_reason": "",
                "last_transition_time": "2026-01-19T06:28:51.953632Z",
                "message": "",
                "reason": "",
                "revision_reason": "",
                "severity": "",
                "state": "CONDITION_SUCCEEDED",
                "type": "Ready"
              }
            ],
            "terraform_labels": {
              "goog-terraform-provisioned": "true"
            },
            "timeouts": null,
            "traffic": [
              {
                "percent": 100,
                "revision": "",
                "tag": "",
                "type": "TRAFFIC_TARGET_ALLOCATION_TYPE_LATEST"
              }
            ],
            "traffic_statuses": [
              {
                "percent": 100,
                "revision": "",
                "tag": "",
                "type": "TRAFFIC_TARGET_ALLOCATION_TYPE_LATEST",
                "uri": ""
              }
            ],
            "uid": "ce769bb0-c42f-41ef-a726-e386063d603d",
            "update_time": "2026-01-19T06:28:46.405502Z",
            "uri": "https://celestial-backend-staging-qzdsdfovsq-an.a.run.app",
            "urls": [
              "https://celestial-backend-staging-617827263662.asia-northeast1.run.app",
              "https://celestial-backend-staging-qzdsdfovsq-an.a.run.app"
            ]
          },
          "sensitive_attributes": [
            [
              {
                "type": "get_attr",
                "value": "template"
              },
              {
                "type": "index",
                "value": {
                  "value": 0,
                  "type": "number"
                }
              },
              {
                "type": "get_attr",
                "value": "containers"
              },
              {
                "type": "index",
                "value": {
                  "value": 0,
                  "type": "number"
                }
              },
              {
                "type": "get_attr",
                "value": "env"
              }
            ]
          ],
          "identity_schema_version": 0,
          "private": "eyJlMmJmYjczMC1lY2FhLTExZTYtOGY4OC0zNDM2M2JjN2M0YzAiOnsiY3JlYXRlIjoxMjAwMDAwMDAwMDAwLCJkZWxldGUiOjEyMDAwMDAwMDAwMDAsInVwZGF0ZSI6MTIwMDAwMDAwMDAwMH19",
          "dependencies": [
            "module.core.data.google_compute_default_service_account.default",
            "module.core.data.sentry_key.backend",
            "module.core.google_project_iam_member.run_secret_access",
            "module.core.google_project_iam_member.run_sql_client",
            "module.core.google_project_service.apis",
            "module.core.google_project_service.extra_apis",
            "module.core.google_secret_manager_secret.db_password_secret",
            "module.core.google_sql_database.database",
            "module.core.google_sql_database_instance.postgres",
            "module.core.google_sql_user.users",
            "module.core.random_id.suffix",
            "module.core.random_password.db_password",
            "module.core.sentry_project.backend",
            "module.core.sentry_team.main"
          ]
        }
      ]
    },
    {
      "module": "module.core",
      "mode": "managed",
      "type": "google_cloud_run_v2_service",
      "name": "frontend",
      "provider": "provider[\"registry.terraform.io/hashicorp/google\"]",
      "instances": [
        {
          "schema_version": 0,
          "attributes": {
            "annotations": {},
            "binary_authorization": [],
            "build_config": [],
            "client": "gcloud",
            "client_version": "550.0.0",
            "conditions": [
              {
                "execution_reason": "",
                "last_transition_time": "2026-01-19T06:29:04.059961Z",
                "message": "",
                "reason": "",
                "revision_reason": "",
                "severity": "",
                "state": "CONDITION_SUCCEEDED",
                "type": "RoutesReady"
              },
              {
                "execution_reason": "",
                "last_transition_time": "2026-01-19T06:28:59.007225Z",
                "message": "",
                "reason": "",
                "revision_reason": "",
                "severity": "",
                "state": "CONDITION_SUCCEEDED",
                "type": "ConfigurationsReady"
              }
            ],
            "create_time": "2026-01-17T16:58:42.122564Z",
            "creator": "celestialbiome@gmail.com",
            "custom_audiences": [],
            "delete_time": "",
            "deletion_protection": true,
            "description": "",
            "effective_annotations": {},
            "effective_labels": {
              "commit-sha": "f3765568619fb20f20253b33f128b10dcc177a6b",
              "goog-terraform-provisioned": "true",
              "managed-by": "github-actions"
            },
            "etag": "\"CKmet8sGEJDShJQC/cHJvamVjdHMvY2VsZXN0aWFsLWJpb21lLTQ4MDYwMS9sb2NhdGlvbnMvYXNpYS1ub3J0aGVhc3QxL3NlcnZpY2VzL2NlbGVzdGlhbC1mcm9udGVuZC1zdGFnaW5n\"",
            "expire_time": "",
            "generation": "12",
            "id": "projects/celestial-biome-480601/locations/asia-northeast1/services/celestial-frontend-staging",
            "ingress": "INGRESS_TRAFFIC_ALL",
            "invoker_iam_disabled": false,
            "labels": {},
            "last_modifier": "celestialbiome@gmail.com",
            "latest_created_revision": "projects/celestial-biome-480601/locations/asia-northeast1/services/celestial-frontend-staging/revisions/celestial-frontend-staging-00012-4qf",
            "latest_ready_revision": "projects/celestial-biome-480601/locations/asia-northeast1/services/celestial-frontend-staging/revisions/celestial-frontend-staging-00012-4qf",
            "launch_stage": "GA",
            "location": "asia-northeast1",
            "name": "celestial-frontend-staging",
            "observed_generation": "12",
            "project": "celestial-biome-480601",
            "reconciling": false,
            "scaling": [
              {
                "manual_instance_count": 0,
                "min_instance_count": 0,
                "scaling_mode": ""
              }
            ],
            "template": [
              {
                "annotations": {},
                "containers": [
                  {
                    "args": [],
                    "base_image_uri": "",
                    "build_info": [],
                    "command": [],
                    "depends_on": [],
                    "env": [
                      {
                        "name": "CANONICAL_URL",
                        "value": "https://app-staging.celestial-biome.com",
                        "value_source": []
                      },
                      {
                        "name": "NEXT_PUBLIC_API_URL",
                        "value": "https://celestial-backend-staging-qzdsdfovsq-an.a.run.app",
                        "value_source": []
                      },
                      {
                        "name": "SENTRY_DSN",
                        "value": "https://2a0a5312bd242e0372ff3b01da437aec@o4510703250046976.ingest.us.sentry.io/4510726775963648",
                        "value_source": []
                      },
                      {
                        "name": "SENTRY_ENVIRONMENT",
                        "value": "development",
                        "value_source": []
                      }
                    ],
                    "image": "asia-northeast1-docker.pkg.dev/celestial-biome-480601/app-repo-staging/frontend:f3765568619fb20f20253b33f128b10dcc177a6b",
                    "liveness_probe": [],
                    "name": "",
                    "ports": [
                      {
                        "container_port": 8080,
                        "name": "http1"
                      }
                    ],
                    "resources": [
                      {
                        "cpu_idle": true,
                        "limits": {
                          "cpu": "1000m",
                          "memory": "512Mi"
                        },
                        "startup_cpu_boost": false
                      }
                    ],
                    "startup_probe": [
                      {
                        "failure_threshold": 1,
                        "grpc": [],
                        "http_get": [],
                        "initial_delay_seconds": 0,
                        "period_seconds": 240,
                        "tcp_socket": [
                          {
                            "port": 8080
                          }
                        ],
                        "timeout_seconds": 240
                      }
                    ],
                    "volume_mounts": [],
                    "working_dir": ""
                  }
                ],
                "encryption_key": "",
                "execution_environment": "",
                "gpu_zonal_redundancy_disabled": false,
                "labels": {},
                "max_instance_request_concurrency": 80,
                "node_selector": [],
                "revision": "",
                "scaling": [
                  {
                    "max_instance_count": 5,
                    "min_instance_count": 0
                  }
                ],
                "service_account": "617827263662-compute@developer.gserviceaccount.com",
                "session_affinity": false,
                "timeout": "300s",
                "volumes": [],
                "vpc_access": []
              }
            ],
            "terminal_condition": [
              {
                "execution_reason": "",
                "last_transition_time": "2026-01-19T06:29:04.089808Z",
                "message": "",
                "reason": "",
                "revision_reason": "",
                "severity": "",
                "state": "CONDITION_SUCCEEDED",
                "type": "Ready"
              }
            ],
            "terraform_labels": {
              "goog-terraform-provisioned": "true"
            },
            "timeouts": null,
            "traffic": [
              {
                "percent": 100,
                "revision": "",
                "tag": "",
                "type": "TRAFFIC_TARGET_ALLOCATION_TYPE_LATEST"
              }
            ],
            "traffic_statuses": [
              {
                "percent": 100,
                "revision": "",
                "tag": "",
                "type": "TRAFFIC_TARGET_ALLOCATION_TYPE_LATEST",
                "uri": ""
              }
            ],
            "uid": "4f2d038f-41ad-4c9a-aedd-c8fce011c77c",
            "update_time": "2026-01-19T06:28:57.578890Z",
            "uri": "https://celestial-frontend-staging-qzdsdfovsq-an.a.run.app",
            "urls": [
              "https://celestial-frontend-staging-617827263662.asia-northeast1.run.app",
              "https://celestial-frontend-staging-qzdsdfovsq-an.a.run.app"
            ]
          },
          "sensitive_attributes": [
            [
              {
                "type": "get_attr",
                "value": "template"
              },
              {
                "type": "index",
                "value": {
                  "value": 0,
                  "type": "number"
                }
              },
              {
                "type": "get_attr",
                "value": "containers"
              },
              {
                "type": "index",
                "value": {
                  "value": 0,
                  "type": "number"
                }
              },
              {
                "type": "get_attr",
                "value": "env"
              }
            ]
          ],
          "identity_schema_version": 0,
          "private": "eyJlMmJmYjczMC1lY2FhLTExZTYtOGY4OC0zNDM2M2JjN2M0YzAiOnsiY3JlYXRlIjoxMjAwMDAwMDAwMDAwLCJkZWxldGUiOjEyMDAwMDAwMDAwMDAsInVwZGF0ZSI6MTIwMDAwMDAwMDAwMH19",
          "dependencies": [
            "module.core.data.google_compute_default_service_account.default",
            "module.core.data.sentry_key.backend",
            "module.core.data.sentry_key.frontend",
            "module.core.google_cloud_run_v2_service.backend",
            "module.core.google_project_iam_member.run_secret_access",
            "module.core.google_project_iam_member.run_sql_client",
            "module.core.google_project_service.apis",
            "module.core.google_project_service.extra_apis",
            "module.core.google_secret_manager_secret.db_password_secret",
            "module.core.google_sql_database.database",
            "module.core.google_sql_database_instance.postgres",
            "module.core.google_sql_user.users",
            "module.core.random_id.suffix",
            "module.core.random_password.db_password",
            "module.core.sentry_project.backend",
            "module.core.sentry_project.frontend",
            "module.core.sentry_team.main"
          ]
        }
      ]
    },
    {
      "module": "module.core",
      "mode": "managed",
      "type": "google_cloud_scheduler_job",
      "name": "ingest_earthquakes_trigger",
      "provider": "provider[\"registry.terraform.io/hashicorp/google\"]",
      "instances": [
        {
          "schema_version": 0,
          "attributes": {
            "app_engine_http_target": [],
            "attempt_deadline": "320s",
            "description": "Trigger Cloud Run Job to ingest earthquake data (Every 15 mins)",
            "http_target": [
              {
                "body": "",
                "headers": {},
                "http_method": "POST",
                "oauth_token": [
                  {
                    "scope": "https://www.googleapis.com/auth/cloud-platform",
                    "service_account_email": "job-runner-staging@celestial-biome-480601.iam.gserviceaccount.com"
                  }
                ],
                "oidc_token": [],
                "uri": "https://asia-northeast1-run.googleapis.com/apis/run.googleapis.com/v1/namespaces/celestial-biome-480601/jobs/ingest-earthquakes-job-staging:run"
              }
            ],
            "id": "projects/celestial-biome-480601/locations/asia-northeast1/jobs/schedule-ingest-earthquakes-staging",
            "name": "schedule-ingest-earthquakes-staging",
            "paused": false,
            "project": "celestial-biome-480601",
            "pubsub_target": [],
            "region": "asia-northeast1",
            "retry_config": [],
            "schedule": "*/15 * * * *",
            "state": "ENABLED",
            "time_zone": "Asia/Tokyo",
            "timeouts": null
          },
          "sensitive_attributes": [],
          "identity_schema_version": 0,
          "private": "eyJlMmJmYjczMC1lY2FhLTExZTYtOGY4OC0zNDM2M2JjN2M0YzAiOnsiY3JlYXRlIjoxMjAwMDAwMDAwMDAwLCJkZWxldGUiOjEyMDAwMDAwMDAwMDAsInVwZGF0ZSI6MTIwMDAwMDAwMDAwMH19",
          "dependencies": [
            "module.core.google_cloud_run_v2_job.ingest_earthquakes_job",
            "module.core.google_project_service.extra_apis",
            "module.core.google_secret_manager_secret.db_password_secret",
            "module.core.google_service_account.job_runner",
            "module.core.google_sql_database.database",
            "module.core.google_sql_database_instance.postgres",
            "module.core.google_sql_user.users",
            "module.core.random_id.suffix",
            "module.core.random_password.db_password"
          ]
        }
      ]
    },
    {
      "module": "module.core",
      "mode": "managed",
      "type": "google_cloud_scheduler_job",
      "name": "ingest_economy_trigger",
      "provider": "provider[\"registry.terraform.io/hashicorp/google\"]",
      "instances": [
        {
          "schema_version": 0,
          "attributes": {
            "app_engine_http_target": [],
            "attempt_deadline": "320s",
            "description": "Trigger Cloud Run Job to ingest economy data (Daily 07:00 JST)",
            "http_target": [
              {
                "body": "",
                "headers": {},
                "http_method": "POST",
                "oauth_token": [
                  {
                    "scope": "https://www.googleapis.com/auth/cloud-platform",
                    "service_account_email": "job-runner-staging@celestial-biome-480601.iam.gserviceaccount.com"
                  }
                ],
                "oidc_token": [],
                "uri": "https://asia-northeast1-run.googleapis.com/apis/run.googleapis.com/v1/namespaces/celestial-biome-480601/jobs/ingest-economy-job-staging:run"
              }
            ],
            "id": "projects/celestial-biome-480601/locations/asia-northeast1/jobs/schedule-ingest-economy-staging",
            "name": "schedule-ingest-economy-staging",
            "paused": false,
            "project": "celestial-biome-480601",
            "pubsub_target": [],
            "region": "asia-northeast1",
            "retry_config": [],
            "schedule": "0 7 * * *",
            "state": "ENABLED",
            "time_zone": "Asia/Tokyo",
            "timeouts": null
          },
          "sensitive_attributes": [],
          "identity_schema_version": 0,
          "private": "eyJlMmJmYjczMC1lY2FhLTExZTYtOGY4OC0zNDM2M2JjN2M0YzAiOnsiY3JlYXRlIjoxMjAwMDAwMDAwMDAwLCJkZWxldGUiOjEyMDAwMDAwMDAwMDAsInVwZGF0ZSI6MTIwMDAwMDAwMDAwMH19",
          "dependencies": [
            "module.core.google_cloud_run_v2_job.ingest_economy_job",
            "module.core.google_project_service.extra_apis",
            "module.core.google_secret_manager_secret.db_password_secret",
            "module.core.google_service_account.job_runner",
            "module.core.google_sql_database.database",
            "module.core.google_sql_database_instance.postgres",
            "module.core.google_sql_user.users",
            "module.core.random_id.suffix",
            "module.core.random_password.db_password"
          ]
        }
      ]
    },
    {
      "module": "module.core",
      "mode": "managed",
      "type": "google_cloud_scheduler_job",
      "name": "ingest_schedule",
      "provider": "provider[\"registry.terraform.io/hashicorp/google\"]",
      "instances": [
        {
          "schema_version": 0,
          "attributes": {
            "app_engine_http_target": [],
            "attempt_deadline": "320s",
            "description": "Trigger Cloud Run Job to ingest space weather data",
            "http_target": [
              {
                "body": "",
                "headers": {},
                "http_method": "POST",
                "oauth_token": [
                  {
                    "scope": "https://www.googleapis.com/auth/cloud-platform",
                    "service_account_email": "job-runner-staging@celestial-biome-480601.iam.gserviceaccount.com"
                  }
                ],
                "oidc_token": [],
                "uri": "https://asia-northeast1-run.googleapis.com/apis/run.googleapis.com/v1/namespaces/celestial-biome-480601/jobs/ingest-space-weather-job-staging:run"
              }
            ],
            "id": "projects/celestial-biome-480601/locations/asia-northeast1/jobs/schedule-space-weather-staging",
            "name": "schedule-space-weather-staging",
            "paused": false,
            "project": "celestial-biome-480601",
            "pubsub_target": [],
            "region": "asia-northeast1",
            "retry_config": [],
            "schedule": "0 * * * *",
            "state": "ENABLED",
            "time_zone": "Asia/Tokyo",
            "timeouts": null
          },
          "sensitive_attributes": [],
          "identity_schema_version": 0,
          "private": "eyJlMmJmYjczMC1lY2FhLTExZTYtOGY4OC0zNDM2M2JjN2M0YzAiOnsiY3JlYXRlIjoxMjAwMDAwMDAwMDAwLCJkZWxldGUiOjEyMDAwMDAwMDAwMDAsInVwZGF0ZSI6MTIwMDAwMDAwMDAwMH19",
          "dependencies": [
            "module.core.google_cloud_run_v2_job.ingest_job",
            "module.core.google_project_service.extra_apis",
            "module.core.google_secret_manager_secret.db_password_secret",
            "module.core.google_service_account.job_runner",
            "module.core.google_sql_database.database",
            "module.core.google_sql_database_instance.postgres",
            "module.core.google_sql_user.users",
            "module.core.random_id.suffix",
            "module.core.random_password.db_password"
          ]
        }
      ]
    },
    {
      "module": "module.core",
      "mode": "managed",
      "type": "google_cloud_scheduler_job",
      "name": "sync_earthquakes_trigger",
      "provider": "provider[\"registry.terraform.io/hashicorp/google\"]",
      "instances": [
        {
          "schema_version": 0,
          "attributes": {
            "app_engine_http_target": [],
            "attempt_deadline": "320s",
            "description": "Trigger Cloud Run Job to sync earthquake data to DB",
            "http_target": [
              {
                "body": "",
                "headers": {},
                "http_method": "POST",
                "oauth_token": [
                  {
                    "scope": "https://www.googleapis.com/auth/cloud-platform",
                    "service_account_email": "job-runner-staging@celestial-biome-480601.iam.gserviceaccount.com"
                  }
                ],
                "oidc_token": [],
                "uri": "https://asia-northeast1-run.googleapis.com/apis/run.googleapis.com/v1/namespaces/celestial-biome-480601/jobs/sync-earthquakes-db-job-staging:run"
              }
            ],
            "id": "projects/celestial-biome-480601/locations/asia-northeast1/jobs/schedule-sync-earthquakes-staging",
            "name": "schedule-sync-earthquakes-staging",
            "paused": false,
            "project": "celestial-biome-480601",
            "pubsub_target": [],
            "region": "asia-northeast1",
            "retry_config": [],
            "schedule": "5,20,35,50 * * * *",
            "state": "ENABLED",
            "time_zone": "Asia/Tokyo",
            "timeouts": null
          },
          "sensitive_attributes": [],
          "identity_schema_version": 0,
          "private": "eyJlMmJmYjczMC1lY2FhLTExZTYtOGY4OC0zNDM2M2JjN2M0YzAiOnsiY3JlYXRlIjoxMjAwMDAwMDAwMDAwLCJkZWxldGUiOjEyMDAwMDAwMDAwMDAsInVwZGF0ZSI6MTIwMDAwMDAwMDAwMH19",
          "dependencies": [
            "module.core.google_cloud_run_v2_job.sync_earthquakes_job",
            "module.core.google_project_service.extra_apis",
            "module.core.google_secret_manager_secret.db_password_secret",
            "module.core.google_service_account.job_runner",
            "module.core.google_sql_database.database",
            "module.core.google_sql_database_instance.postgres",
            "module.core.google_sql_user.users",
            "module.core.random_id.suffix",
            "module.core.random_password.db_password"
          ]
        }
      ]
    },
    {
      "module": "module.core",
      "mode": "managed",
      "type": "google_cloud_scheduler_job",
      "name": "sync_economy_trigger",
      "provider": "provider[\"registry.terraform.io/hashicorp/google\"]",
      "instances": [
        {
          "schema_version": 0,
          "attributes": {
            "app_engine_http_target": [],
            "attempt_deadline": "320s",
            "description": "Trigger Cloud Run Job to sync economy data to DB (Daily 07:30 JST)",
            "http_target": [
              {
                "body": "",
                "headers": {},
                "http_method": "POST",
                "oauth_token": [
                  {
                    "scope": "https://www.googleapis.com/auth/cloud-platform",
                    "service_account_email": "job-runner-staging@celestial-biome-480601.iam.gserviceaccount.com"
                  }
                ],
                "oidc_token": [],
                "uri": "https://asia-northeast1-run.googleapis.com/apis/run.googleapis.com/v1/namespaces/celestial-biome-480601/jobs/sync-economy-db-job-staging:run"
              }
            ],
            "id": "projects/celestial-biome-480601/locations/asia-northeast1/jobs/schedule-sync-economy-staging",
            "name": "schedule-sync-economy-staging",
            "paused": false,
            "project": "celestial-biome-480601",
            "pubsub_target": [],
            "region": "asia-northeast1",
            "retry_config": [],
            "schedule": "30 7 * * *",
            "state": "ENABLED",
            "time_zone": "Asia/Tokyo",
            "timeouts": null
          },
          "sensitive_attributes": [],
          "identity_schema_version": 0,
          "private": "eyJlMmJmYjczMC1lY2FhLTExZTYtOGY4OC0zNDM2M2JjN2M0YzAiOnsiY3JlYXRlIjoxMjAwMDAwMDAwMDAwLCJkZWxldGUiOjEyMDAwMDAwMDAwMDAsInVwZGF0ZSI6MTIwMDAwMDAwMDAwMH19",
          "dependencies": [
            "module.core.google_cloud_run_v2_job.sync_economy_job",
            "module.core.google_project_service.extra_apis",
            "module.core.google_secret_manager_secret.db_password_secret",
            "module.core.google_service_account.job_runner",
            "module.core.google_sql_database.database",
            "module.core.google_sql_database_instance.postgres",
            "module.core.google_sql_user.users",
            "module.core.random_id.suffix",
            "module.core.random_password.db_password"
          ]
        }
      ]
    },
    {
      "module": "module.core",
      "mode": "managed",
      "type": "google_cloud_scheduler_job",
      "name": "sync_schedule",
      "provider": "provider[\"registry.terraform.io/hashicorp/google\"]",
      "instances": [
        {
          "schema_version": 0,
          "attributes": {
            "app_engine_http_target": [],
            "attempt_deadline": "320s",
            "description": "Trigger Cloud Run Job to sync space weather data from BQ to DB",
            "http_target": [
              {
                "body": "",
                "headers": {},
                "http_method": "POST",
                "oauth_token": [
                  {
                    "scope": "https://www.googleapis.com/auth/cloud-platform",
                    "service_account_email": "job-runner-staging@celestial-biome-480601.iam.gserviceaccount.com"
                  }
                ],
                "oidc_token": [],
                "uri": "https://asia-northeast1-run.googleapis.com/apis/run.googleapis.com/v1/namespaces/celestial-biome-480601/jobs/sync-space-weather-db-job-staging:run"
              }
            ],
            "id": "projects/celestial-biome-480601/locations/asia-northeast1/jobs/schedule-sync-space-weather-staging",
            "name": "schedule-sync-space-weather-staging",
            "paused": false,
            "project": "celestial-biome-480601",
            "pubsub_target": [],
            "region": "asia-northeast1",
            "retry_config": [],
            "schedule": "5 * * * *",
            "state": "ENABLED",
            "time_zone": "Asia/Tokyo",
            "timeouts": null
          },
          "sensitive_attributes": [],
          "identity_schema_version": 0,
          "private": "eyJlMmJmYjczMC1lY2FhLTExZTYtOGY4OC0zNDM2M2JjN2M0YzAiOnsiY3JlYXRlIjoxMjAwMDAwMDAwMDAwLCJkZWxldGUiOjEyMDAwMDAwMDAwMDAsInVwZGF0ZSI6MTIwMDAwMDAwMDAwMH19",
          "dependencies": [
            "module.core.google_cloud_run_v2_job.sync_db_job",
            "module.core.google_project_service.extra_apis",
            "module.core.google_secret_manager_secret.db_password_secret",
            "module.core.google_service_account.job_runner",
            "module.core.google_sql_database.database",
            "module.core.google_sql_database_instance.postgres",
            "module.core.google_sql_user.users",
            "module.core.random_id.suffix",
            "module.core.random_password.db_password"
          ]
        }
      ]
    },
    {
      "module": "module.core",
      "mode": "managed",
      "type": "google_firebase_project",
      "name": "default",
      "provider": "provider[\"registry.terraform.io/hashicorp/google-beta\"]",
      "instances": [
        {
          "schema_version": 0,
          "attributes": {
            "display_name": "Celestial Biome",
            "id": "projects/celestial-biome-480601",
            "project": "celestial-biome-480601",
            "project_number": "617827263662",
            "timeouts": null
          },
          "sensitive_attributes": [],
          "identity_schema_version": 0,
          "private": "eyJlMmJmYjczMC1lY2FhLTExZTYtOGY4OC0zNDM2M2JjN2M0YzAiOnsiY3JlYXRlIjoxMjAwMDAwMDAwMDAwLCJkZWxldGUiOjEyMDAwMDAwMDAwMDB9fQ==",
          "dependencies": [
            "module.core.google_project_service.apis"
          ]
        }
      ]
    },
    {
      "module": "module.core",
      "mode": "managed",
      "type": "google_firebase_web_app",
      "name": "frontend",
      "provider": "provider[\"registry.terraform.io/hashicorp/google-beta\"]",
      "instances": [
        {
          "schema_version": 0,
          "attributes": {
            "api_key_id": "67a4e952-022d-4428-90e5-d0964a9baea5",
            "app_id": "1:617827263662:web:4bd9899d887d790075f93f",
            "app_urls": [],
            "deletion_policy": "DELETE",
            "display_name": "Celestial Biome Frontend (staging)",
            "id": "projects/celestial-biome-480601/webApps/1:617827263662:web:4bd9899d887d790075f93f",
            "name": "projects/celestial-biome-480601/webApps/1:617827263662:web:4bd9899d887d790075f93f",
            "project": "celestial-biome-480601",
            "timeouts": null
          },
          "sensitive_attributes": [],
          "identity_schema_version": 0,
          "private": "eyJlMmJmYjczMC1lY2FhLTExZTYtOGY4OC0zNDM2M2JjN2M0YzAiOnsiY3JlYXRlIjoxMjAwMDAwMDAwMDAwLCJkZWxldGUiOjEyMDAwMDAwMDAwMDAsInVwZGF0ZSI6MTIwMDAwMDAwMDAwMH19",
          "dependencies": [
            "module.core.google_firebase_project.default",
            "module.core.google_project_service.apis"
          ]
        }
      ]
    },
    {
      "module": "module.core",
      "mode": "managed",
      "type": "google_iam_workload_identity_pool",
      "name": "github_pool",
      "provider": "provider[\"registry.terraform.io/hashicorp/google\"]",
      "instances": [
        {
          "schema_version": 0,
          "attributes": {
            "description": "",
            "disabled": false,
            "display_name": "GitHub Actions Pool",
            "id": "projects/celestial-biome-480601/locations/global/workloadIdentityPools/celestial-pool-staging",
            "name": "projects/617827263662/locations/global/workloadIdentityPools/celestial-pool-staging",
            "project": "celestial-biome-480601",
            "state": "ACTIVE",
            "timeouts": null,
            "workload_identity_pool_id": "celestial-pool-staging"
          },
          "sensitive_attributes": [],
          "identity_schema_version": 0,
          "private": "eyJlMmJmYjczMC1lY2FhLTExZTYtOGY4OC0zNDM2M2JjN2M0YzAiOnsiY3JlYXRlIjoxMjAwMDAwMDAwMDAwLCJkZWxldGUiOjEyMDAwMDAwMDAwMDAsInVwZGF0ZSI6MTIwMDAwMDAwMDAwMH19",
          "dependencies": [
            "module.core.google_project_service.apis"
          ]
        }
      ]
    },
    {
      "module": "module.core",
      "mode": "managed",
      "type": "google_iam_workload_identity_pool_provider",
      "name": "github_provider",
      "provider": "provider[\"registry.terraform.io/hashicorp/google\"]",
      "instances": [
        {
          "schema_version": 0,
          "attributes": {
            "attribute_condition": "assertion.sub.startsWith('repo:')",
            "attribute_mapping": {
              "attribute.repository": "assertion.repository",
              "google.subject": "assertion.sub"
            },
            "aws": [],
            "description": "",
            "disabled": false,
            "display_name": "GitHub Actions Provider",
            "id": "projects/celestial-biome-480601/locations/global/workloadIdentityPools/celestial-pool-staging/providers/gh-provider-cloudshell",
            "name": "projects/617827263662/locations/global/workloadIdentityPools/celestial-pool-staging/providers/gh-provider-cloudshell",
            "oidc": [
              {
                "allowed_audiences": [],
                "issuer_uri": "https://token.actions.githubusercontent.com",
                "jwks_json": ""
              }
            ],
            "project": "celestial-biome-480601",
            "saml": [],
            "state": "ACTIVE",
            "timeouts": null,
            "workload_identity_pool_id": "celestial-pool-staging",
            "workload_identity_pool_provider_id": "gh-provider-cloudshell",
            "x509": []
          },
          "sensitive_attributes": [],
          "identity_schema_version": 0,
          "private": "eyJlMmJmYjczMC1lY2FhLTExZTYtOGY4OC0zNDM2M2JjN2M0YzAiOnsiY3JlYXRlIjoxMjAwMDAwMDAwMDAwLCJkZWxldGUiOjEyMDAwMDAwMDAwMDAsInVwZGF0ZSI6MTIwMDAwMDAwMDAwMH19",
          "dependencies": [
            "module.core.google_iam_workload_identity_pool.github_pool",
            "module.core.google_project_service.apis"
          ]
        }
      ]
    },
    {
      "module": "module.core",
      "mode": "managed",
      "type": "google_project_iam_member",
      "name": "backend_bq_user",
      "provider": "provider[\"registry.terraform.io/hashicorp/google\"]",
      "instances": [
        {
          "schema_version": 0,
          "attributes": {
            "condition": [],
            "etag": "BwZIuBTPvmI=",
            "id": "celestial-biome-480601/roles/bigquery.jobUser/serviceAccount:617827263662-compute@developer.gserviceaccount.com",
            "member": "serviceAccount:617827263662-compute@developer.gserviceaccount.com",
            "project": "celestial-biome-480601",
            "role": "roles/bigquery.jobUser"
          },
          "sensitive_attributes": [],
          "identity_schema_version": 0,
          "private": "bnVsbA==",
          "dependencies": [
            "module.core.data.google_compute_default_service_account.default",
            "module.core.google_project_service.apis"
          ]
        }
      ]
    },
    {
      "module": "module.core",
      "mode": "managed",
      "type": "google_project_iam_member",
      "name": "backend_bq_viewer",
      "provider": "provider[\"registry.terraform.io/hashicorp/google\"]",
      "instances": [
        {
          "schema_version": 0,
          "attributes": {
            "condition": [],
            "etag": "BwZIuBTPvmI=",
            "id": "celestial-biome-480601/roles/bigquery.dataViewer/serviceAccount:617827263662-compute@developer.gserviceaccount.com",
            "member": "serviceAccount:617827263662-compute@developer.gserviceaccount.com",
            "project": "celestial-biome-480601",
            "role": "roles/bigquery.dataViewer"
          },
          "sensitive_attributes": [],
          "identity_schema_version": 0,
          "private": "bnVsbA==",
          "dependencies": [
            "module.core.data.google_compute_default_service_account.default",
            "module.core.google_project_service.apis"
          ]
        }
      ]
    },
    {
      "module": "module.core",
      "mode": "managed",
      "type": "google_project_iam_member",
      "name": "backend_firebase_viewer",
      "provider": "provider[\"registry.terraform.io/hashicorp/google\"]",
      "instances": [
        {
          "schema_version": 0,
          "attributes": {
            "condition": [],
            "etag": "BwZIuBTPvmI=",
            "id": "celestial-biome-480601/roles/firebaseauth.viewer/serviceAccount:617827263662-compute@developer.gserviceaccount.com",
            "member": "serviceAccount:617827263662-compute@developer.gserviceaccount.com",
            "project": "celestial-biome-480601",
            "role": "roles/firebaseauth.viewer"
          },
          "sensitive_attributes": [],
          "identity_schema_version": 0,
          "private": "bnVsbA==",
          "dependencies": [
            "module.core.data.google_compute_default_service_account.default",
            "module.core.google_project_service.apis"
          ]
        }
      ]
    },
    {
      "module": "module.core",
      "mode": "managed",
      "type": "google_project_iam_member",
      "name": "job_bq_editor",
      "provider": "provider[\"registry.terraform.io/hashicorp/google\"]",
      "instances": [
        {
          "schema_version": 0,
          "attributes": {
            "condition": [],
            "etag": "BwZIuBTPvmI=",
            "id": "celestial-biome-480601/roles/bigquery.dataEditor/serviceAccount:job-runner-staging@celestial-biome-480601.iam.gserviceaccount.com",
            "member": "serviceAccount:job-runner-staging@celestial-biome-480601.iam.gserviceaccount.com",
            "project": "celestial-biome-480601",
            "role": "roles/bigquery.dataEditor"
          },
          "sensitive_attributes": [],
          "identity_schema_version": 0,
          "private": "bnVsbA==",
          "dependencies": [
            "module.core.google_service_account.job_runner"
          ]
        }
      ]
    },
    {
      "module": "module.core",
      "mode": "managed",
      "type": "google_project_iam_member",
      "name": "job_bq_user",
      "provider": "provider[\"registry.terraform.io/hashicorp/google\"]",
      "instances": [
        {
          "schema_version": 0,
          "attributes": {
            "condition": [],
            "etag": "BwZIuBTPvmI=",
            "id": "celestial-biome-480601/roles/bigquery.jobUser/serviceAccount:job-runner-staging@celestial-biome-480601.iam.gserviceaccount.com",
            "member": "serviceAccount:job-runner-staging@celestial-biome-480601.iam.gserviceaccount.com",
            "project": "celestial-biome-480601",
            "role": "roles/bigquery.jobUser"
          },
          "sensitive_attributes": [],
          "identity_schema_version": 0,
          "private": "bnVsbA==",
          "dependencies": [
            "module.core.google_service_account.job_runner"
          ]
        }
      ]
    },
    {
      "module": "module.core",
      "mode": "managed",
      "type": "google_project_iam_member",
      "name": "job_invoker",
      "provider": "provider[\"registry.terraform.io/hashicorp/google\"]",
      "instances": [
        {
          "schema_version": 0,
          "attributes": {
            "condition": [],
            "etag": "BwZIuBTPvmI=",
            "id": "celestial-biome-480601/roles/run.invoker/serviceAccount:job-runner-staging@celestial-biome-480601.iam.gserviceaccount.com",
            "member": "serviceAccount:job-runner-staging@celestial-biome-480601.iam.gserviceaccount.com",
            "project": "celestial-biome-480601",
            "role": "roles/run.invoker"
          },
          "sensitive_attributes": [],
          "identity_schema_version": 0,
          "private": "bnVsbA==",
          "dependencies": [
            "module.core.google_service_account.job_runner"
          ]
        }
      ]
    },
    {
      "module": "module.core",
      "mode": "managed",
      "type": "google_project_iam_member",
      "name": "job_secret_accessor",
      "provider": "provider[\"registry.terraform.io/hashicorp/google\"]",
      "instances": [
        {
          "schema_version": 0,
          "attributes": {
            "condition": [],
            "etag": "BwZIuBTPvmI=",
            "id": "celestial-biome-480601/roles/secretmanager.secretAccessor/serviceAccount:job-runner-staging@celestial-biome-480601.iam.gserviceaccount.com",
            "member": "serviceAccount:job-runner-staging@celestial-biome-480601.iam.gserviceaccount.com",
            "project": "celestial-biome-480601",
            "role": "roles/secretmanager.secretAccessor"
          },
          "sensitive_attributes": [],
          "identity_schema_version": 0,
          "private": "bnVsbA==",
          "dependencies": [
            "module.core.google_service_account.job_runner"
          ]
        }
      ]
    },
    {
      "module": "module.core",
      "mode": "managed",
      "type": "google_project_iam_member",
      "name": "job_sql_client",
      "provider": "provider[\"registry.terraform.io/hashicorp/google\"]",
      "instances": [
        {
          "schema_version": 0,
          "attributes": {
            "condition": [],
            "etag": "BwZIuBTPvmI=",
            "id": "celestial-biome-480601/roles/cloudsql.client/serviceAccount:job-runner-staging@celestial-biome-480601.iam.gserviceaccount.com",
            "member": "serviceAccount:job-runner-staging@celestial-biome-480601.iam.gserviceaccount.com",
            "project": "celestial-biome-480601",
            "role": "roles/cloudsql.client"
          },
          "sensitive_attributes": [],
          "identity_schema_version": 0,
          "private": "bnVsbA==",
          "dependencies": [
            "module.core.google_service_account.job_runner"
          ]
        }
      ]
    },
    {
      "module": "module.core",
      "mode": "managed",
      "type": "google_project_iam_member",
      "name": "run_secret_access",
      "provider": "provider[\"registry.terraform.io/hashicorp/google\"]",
      "instances": [
        {
          "schema_version": 0,
          "attributes": {
            "condition": [],
            "etag": "BwZIuBTPvmI=",
            "id": "celestial-biome-480601/roles/secretmanager.secretAccessor/serviceAccount:617827263662-compute@developer.gserviceaccount.com",
            "member": "serviceAccount:617827263662-compute@developer.gserviceaccount.com",
            "project": "celestial-biome-480601",
            "role": "roles/secretmanager.secretAccessor"
          },
          "sensitive_attributes": [],
          "identity_schema_version": 0,
          "private": "bnVsbA==",
          "dependencies": [
            "module.core.data.google_compute_default_service_account.default",
            "module.core.google_project_service.apis"
          ]
        }
      ]
    },
    {
      "module": "module.core",
      "mode": "managed",
      "type": "google_project_iam_member",
      "name": "run_sql_client",
      "provider": "provider[\"registry.terraform.io/hashicorp/google\"]",
      "instances": [
        {
          "schema_version": 0,
          "attributes": {
            "condition": [],
            "etag": "BwZIuBTPvmI=",
            "id": "celestial-biome-480601/roles/cloudsql.client/serviceAccount:617827263662-compute@developer.gserviceaccount.com",
            "member": "serviceAccount:617827263662-compute@developer.gserviceaccount.com",
            "project": "celestial-biome-480601",
            "role": "roles/cloudsql.client"
          },
          "sensitive_attributes": [],
          "identity_schema_version": 0,
          "private": "bnVsbA==",
          "dependencies": [
            "module.core.data.google_compute_default_service_account.default",
            "module.core.google_project_service.apis"
          ]
        }
      ]
    },
    {
      "module": "module.core",
      "mode": "managed",
      "type": "google_project_iam_member",
      "name": "sa_roles",
      "provider": "provider[\"registry.terraform.io/hashicorp/google\"]",
      "instances": [
        {
          "index_key": "roles/artifactregistry.writer",
          "schema_version": 0,
          "attributes": {
            "condition": [],
            "etag": "BwZIuBTPvmI=",
            "id": "celestial-biome-480601/roles/artifactregistry.writer/serviceAccount:github-actions-sa-staging@celestial-biome-480601.iam.gserviceaccount.com",
            "member": "serviceAccount:github-actions-sa-staging@celestial-biome-480601.iam.gserviceaccount.com",
            "project": "celestial-biome-480601",
            "role": "roles/artifactregistry.writer"
          },
          "sensitive_attributes": [],
          "identity_schema_version": 0,
          "private": "bnVsbA==",
          "dependencies": [
            "module.core.google_service_account.github_actions"
          ]
        },
        {
          "index_key": "roles/iam.serviceAccountUser",
          "schema_version": 0,
          "attributes": {
            "condition": [],
            "etag": "BwZIuBTPvmI=",
            "id": "celestial-biome-480601/roles/iam.serviceAccountUser/serviceAccount:github-actions-sa-staging@celestial-biome-480601.iam.gserviceaccount.com",
            "member": "serviceAccount:github-actions-sa-staging@celestial-biome-480601.iam.gserviceaccount.com",
            "project": "celestial-biome-480601",
            "role": "roles/iam.serviceAccountUser"
          },
          "sensitive_attributes": [],
          "identity_schema_version": 0,
          "private": "bnVsbA==",
          "dependencies": [
            "module.core.google_service_account.github_actions"
          ]
        },
        {
          "index_key": "roles/run.admin",
          "schema_version": 0,
          "attributes": {
            "condition": [],
            "etag": "BwZIuBTPvmI=",
            "id": "celestial-biome-480601/roles/run.admin/serviceAccount:github-actions-sa-staging@celestial-biome-480601.iam.gserviceaccount.com",
            "member": "serviceAccount:github-actions-sa-staging@celestial-biome-480601.iam.gserviceaccount.com",
            "project": "celestial-biome-480601",
            "role": "roles/run.admin"
          },
          "sensitive_attributes": [],
          "identity_schema_version": 0,
          "private": "bnVsbA==",
          "dependencies": [
            "module.core.google_service_account.github_actions"
          ]
        }
      ]
    },
    {
      "module": "module.core",
      "mode": "managed",
      "type": "google_project_service",
      "name": "apis",
      "provider": "provider[\"registry.terraform.io/hashicorp/google\"]",
      "instances": [
        {
          "index_key": "artifactregistry.googleapis.com",
          "schema_version": 0,
          "attributes": {
            "disable_dependent_services": null,
            "disable_on_destroy": false,
            "id": "celestial-biome-480601/artifactregistry.googleapis.com",
            "project": "celestial-biome-480601",
            "service": "artifactregistry.googleapis.com",
            "timeouts": null
          },
          "sensitive_attributes": [],
          "identity_schema_version": 0,
          "private": "eyJlMmJmYjczMC1lY2FhLTExZTYtOGY4OC0zNDM2M2JjN2M0YzAiOnsiY3JlYXRlIjoxMjAwMDAwMDAwMDAwLCJkZWxldGUiOjEyMDAwMDAwMDAwMDAsInJlYWQiOjYwMDAwMDAwMDAwMCwidXBkYXRlIjoxMjAwMDAwMDAwMDAwfX0="
        },
        {
          "index_key": "cloudresourcemanager.googleapis.com",
          "schema_version": 0,
          "attributes": {
            "disable_dependent_services": null,
            "disable_on_destroy": false,
            "id": "celestial-biome-480601/cloudresourcemanager.googleapis.com",
            "project": "celestial-biome-480601",
            "service": "cloudresourcemanager.googleapis.com",
            "timeouts": null
          },
          "sensitive_attributes": [],
          "identity_schema_version": 0,
          "private": "eyJlMmJmYjczMC1lY2FhLTExZTYtOGY4OC0zNDM2M2JjN2M0YzAiOnsiY3JlYXRlIjoxMjAwMDAwMDAwMDAwLCJkZWxldGUiOjEyMDAwMDAwMDAwMDAsInJlYWQiOjYwMDAwMDAwMDAwMCwidXBkYXRlIjoxMjAwMDAwMDAwMDAwfX0="
        },
        {
          "index_key": "compute.googleapis.com",
          "schema_version": 0,
          "attributes": {
            "disable_dependent_services": null,
            "disable_on_destroy": false,
            "id": "celestial-biome-480601/compute.googleapis.com",
            "project": "celestial-biome-480601",
            "service": "compute.googleapis.com",
            "timeouts": null
          },
          "sensitive_attributes": [],
          "identity_schema_version": 0,
          "private": "eyJlMmJmYjczMC1lY2FhLTExZTYtOGY4OC0zNDM2M2JjN2M0YzAiOnsiY3JlYXRlIjoxMjAwMDAwMDAwMDAwLCJkZWxldGUiOjEyMDAwMDAwMDAwMDAsInJlYWQiOjYwMDAwMDAwMDAwMCwidXBkYXRlIjoxMjAwMDAwMDAwMDAwfX0="
        },
        {
          "index_key": "firebase.googleapis.com",
          "schema_version": 0,
          "attributes": {
            "disable_dependent_services": null,
            "disable_on_destroy": false,
            "id": "celestial-biome-480601/firebase.googleapis.com",
            "project": "celestial-biome-480601",
            "service": "firebase.googleapis.com",
            "timeouts": null
          },
          "sensitive_attributes": [],
          "identity_schema_version": 0,
          "private": "eyJlMmJmYjczMC1lY2FhLTExZTYtOGY4OC0zNDM2M2JjN2M0YzAiOnsiY3JlYXRlIjoxMjAwMDAwMDAwMDAwLCJkZWxldGUiOjEyMDAwMDAwMDAwMDAsInJlYWQiOjYwMDAwMDAwMDAwMCwidXBkYXRlIjoxMjAwMDAwMDAwMDAwfX0="
        },
        {
          "index_key": "iamcredentials.googleapis.com",
          "schema_version": 0,
          "attributes": {
            "disable_dependent_services": null,
            "disable_on_destroy": false,
            "id": "celestial-biome-480601/iamcredentials.googleapis.com",
            "project": "celestial-biome-480601",
            "service": "iamcredentials.googleapis.com",
            "timeouts": null
          },
          "sensitive_attributes": [],
          "identity_schema_version": 0,
          "private": "eyJlMmJmYjczMC1lY2FhLTExZTYtOGY4OC0zNDM2M2JjN2M0YzAiOnsiY3JlYXRlIjoxMjAwMDAwMDAwMDAwLCJkZWxldGUiOjEyMDAwMDAwMDAwMDAsInJlYWQiOjYwMDAwMDAwMDAwMCwidXBkYXRlIjoxMjAwMDAwMDAwMDAwfX0="
        },
        {
          "index_key": "identitytoolkit.googleapis.com",
          "schema_version": 0,
          "attributes": {
            "disable_dependent_services": null,
            "disable_on_destroy": false,
            "id": "celestial-biome-480601/identitytoolkit.googleapis.com",
            "project": "celestial-biome-480601",
            "service": "identitytoolkit.googleapis.com",
            "timeouts": null
          },
          "sensitive_attributes": [],
          "identity_schema_version": 0,
          "private": "eyJlMmJmYjczMC1lY2FhLTExZTYtOGY4OC0zNDM2M2JjN2M0YzAiOnsiY3JlYXRlIjoxMjAwMDAwMDAwMDAwLCJkZWxldGUiOjEyMDAwMDAwMDAwMDAsInJlYWQiOjYwMDAwMDAwMDAwMCwidXBkYXRlIjoxMjAwMDAwMDAwMDAwfX0="
        },
        {
          "index_key": "run.googleapis.com",
          "schema_version": 0,
          "attributes": {
            "disable_dependent_services": null,
            "disable_on_destroy": false,
            "id": "celestial-biome-480601/run.googleapis.com",
            "project": "celestial-biome-480601",
            "service": "run.googleapis.com",
            "timeouts": null
          },
          "sensitive_attributes": [],
          "identity_schema_version": 0,
          "private": "eyJlMmJmYjczMC1lY2FhLTExZTYtOGY4OC0zNDM2M2JjN2M0YzAiOnsiY3JlYXRlIjoxMjAwMDAwMDAwMDAwLCJkZWxldGUiOjEyMDAwMDAwMDAwMDAsInJlYWQiOjYwMDAwMDAwMDAwMCwidXBkYXRlIjoxMjAwMDAwMDAwMDAwfX0="
        },
        {
          "index_key": "sqladmin.googleapis.com",
          "schema_version": 0,
          "attributes": {
            "disable_dependent_services": null,
            "disable_on_destroy": false,
            "id": "celestial-biome-480601/sqladmin.googleapis.com",
            "project": "celestial-biome-480601",
            "service": "sqladmin.googleapis.com",
            "timeouts": null
          },
          "sensitive_attributes": [],
          "identity_schema_version": 0,
          "private": "eyJlMmJmYjczMC1lY2FhLTExZTYtOGY4OC0zNDM2M2JjN2M0YzAiOnsiY3JlYXRlIjoxMjAwMDAwMDAwMDAwLCJkZWxldGUiOjEyMDAwMDAwMDAwMDAsInJlYWQiOjYwMDAwMDAwMDAwMCwidXBkYXRlIjoxMjAwMDAwMDAwMDAwfX0="
        }
      ]
    },
    {
      "module": "module.core",
      "mode": "managed",
      "type": "google_project_service",
      "name": "extra_apis",
      "provider": "provider[\"registry.terraform.io/hashicorp/google\"]",
      "instances": [
        {
          "index_key": "cloudscheduler.googleapis.com",
          "schema_version": 0,
          "attributes": {
            "disable_dependent_services": null,
            "disable_on_destroy": false,
            "id": "celestial-biome-480601/cloudscheduler.googleapis.com",
            "project": "celestial-biome-480601",
            "service": "cloudscheduler.googleapis.com",
            "timeouts": null
          },
          "sensitive_attributes": [],
          "identity_schema_version": 0,
          "private": "eyJlMmJmYjczMC1lY2FhLTExZTYtOGY4OC0zNDM2M2JjN2M0YzAiOnsiY3JlYXRlIjoxMjAwMDAwMDAwMDAwLCJkZWxldGUiOjEyMDAwMDAwMDAwMDAsInJlYWQiOjYwMDAwMDAwMDAwMCwidXBkYXRlIjoxMjAwMDAwMDAwMDAwfX0="
        },
        {
          "index_key": "secretmanager.googleapis.com",
          "schema_version": 0,
          "attributes": {
            "disable_dependent_services": null,
            "disable_on_destroy": false,
            "id": "celestial-biome-480601/secretmanager.googleapis.com",
            "project": "celestial-biome-480601",
            "service": "secretmanager.googleapis.com",
            "timeouts": null
          },
          "sensitive_attributes": [],
          "identity_schema_version": 0,
          "private": "eyJlMmJmYjczMC1lY2FhLTExZTYtOGY4OC0zNDM2M2JjN2M0YzAiOnsiY3JlYXRlIjoxMjAwMDAwMDAwMDAwLCJkZWxldGUiOjEyMDAwMDAwMDAwMDAsInJlYWQiOjYwMDAwMDAwMDAwMCwidXBkYXRlIjoxMjAwMDAwMDAwMDAwfX0="
        },
        {
          "index_key": "sqladmin.googleapis.com",
          "schema_version": 0,
          "attributes": {
            "disable_dependent_services": null,
            "disable_on_destroy": false,
            "id": "celestial-biome-480601/sqladmin.googleapis.com",
            "project": "celestial-biome-480601",
            "service": "sqladmin.googleapis.com",
            "timeouts": null
          },
          "sensitive_attributes": [],
          "identity_schema_version": 0,
          "private": "eyJlMmJmYjczMC1lY2FhLTExZTYtOGY4OC0zNDM2M2JjN2M0YzAiOnsiY3JlYXRlIjoxMjAwMDAwMDAwMDAwLCJkZWxldGUiOjEyMDAwMDAwMDAwMDAsInJlYWQiOjYwMDAwMDAwMDAwMCwidXBkYXRlIjoxMjAwMDAwMDAwMDAwfX0="
        }
      ]
    },
    {
      "module": "module.core",
      "mode": "managed",
      "type": "google_secret_manager_secret",
      "name": "admin_password_secret",
      "provider": "provider[\"registry.terraform.io/hashicorp/google\"]",
      "instances": [
        {
          "schema_version": 0,
          "attributes": {
            "annotations": {},
            "create_time": "2026-01-18T11:23:57.896219Z",
            "deletion_protection": false,
            "effective_annotations": {},
            "effective_labels": {
              "goog-terraform-provisioned": "true"
            },
            "expire_time": "",
            "id": "projects/celestial-biome-480601/secrets/admin-password-staging",
            "labels": {},
            "name": "projects/617827263662/secrets/admin-password-staging",
            "project": "celestial-biome-480601",
            "replication": [
              {
                "auto": [
                  {
                    "customer_managed_encryption": []
                  }
                ],
                "user_managed": []
              }
            ],
            "rotation": [],
            "secret_id": "admin-password-staging",
            "tags": null,
            "terraform_labels": {
              "goog-terraform-provisioned": "true"
            },
            "timeouts": null,
            "topics": [],
            "ttl": null,
            "version_aliases": {},
            "version_destroy_ttl": ""
          },
          "sensitive_attributes": [],
          "identity_schema_version": 0,
          "private": "eyJlMmJmYjczMC1lY2FhLTExZTYtOGY4OC0zNDM2M2JjN2M0YzAiOnsiY3JlYXRlIjoxMjAwMDAwMDAwMDAwLCJkZWxldGUiOjEyMDAwMDAwMDAwMDAsInVwZGF0ZSI6MTIwMDAwMDAwMDAwMH19",
          "dependencies": [
            "module.core.google_project_service.extra_apis"
          ]
        }
      ]
    },
    {
      "module": "module.core",
      "mode": "managed",
      "type": "google_secret_manager_secret",
      "name": "db_password_secret",
      "provider": "provider[\"registry.terraform.io/hashicorp/google\"]",
      "instances": [
        {
          "schema_version": 0,
          "attributes": {
            "annotations": {},
            "create_time": "2026-01-17T15:37:46.728045Z",
            "deletion_protection": false,
            "effective_annotations": {},
            "effective_labels": {
              "goog-terraform-provisioned": "true"
            },
            "expire_time": "",
            "id": "projects/celestial-biome-480601/secrets/db-password-staging",
            "labels": {},
            "name": "projects/617827263662/secrets/db-password-staging",
            "project": "celestial-biome-480601",
            "replication": [
              {
                "auto": [
                  {
                    "customer_managed_encryption": []
                  }
                ],
                "user_managed": []
              }
            ],
            "rotation": [],
            "secret_id": "db-password-staging",
            "tags": null,
            "terraform_labels": {
              "goog-terraform-provisioned": "true"
            },
            "timeouts": null,
            "topics": [],
            "ttl": null,
            "version_aliases": {},
            "version_destroy_ttl": ""
          },
          "sensitive_attributes": [],
          "identity_schema_version": 0,
          "private": "eyJlMmJmYjczMC1lY2FhLTExZTYtOGY4OC0zNDM2M2JjN2M0YzAiOnsiY3JlYXRlIjoxMjAwMDAwMDAwMDAwLCJkZWxldGUiOjEyMDAwMDAwMDAwMDAsInVwZGF0ZSI6MTIwMDAwMDAwMDAwMH19",
          "dependencies": [
            "module.core.google_project_service.extra_apis"
          ]
        }
      ]
    },
    {
      "module": "module.core",
      "mode": "managed",
      "type": "google_secret_manager_secret_version",
      "name": "admin_password_version",
      "provider": "provider[\"registry.terraform.io/hashicorp/google\"]",
      "instances": [
        {
          "schema_version": 0,
          "attributes": {
            "create_time": "2026-01-18T11:24:01.599748Z",
            "deletion_policy": "DELETE",
            "destroy_time": "",
            "enabled": true,
            "id": "projects/617827263662/secrets/admin-password-staging/versions/1",
            "is_secret_data_base64": false,
            "name": "projects/617827263662/secrets/admin-password-staging/versions/1",
            "secret": "projects/celestial-biome-480601/secrets/admin-password-staging",
            "secret_data": "OtJryNXcKkfe1Cn6",
            "secret_data_wo": null,
            "secret_data_wo_version": 0,
            "timeouts": null,
            "version": "1"
          },
          "sensitive_attributes": [
            [
              {
                "type": "get_attr",
                "value": "secret_data"
              }
            ]
          ],
          "identity_schema_version": 0,
          "private": "eyJlMmJmYjczMC1lY2FhLTExZTYtOGY4OC0zNDM2M2JjN2M0YzAiOnsiY3JlYXRlIjoxMjAwMDAwMDAwMDAwLCJkZWxldGUiOjEyMDAwMDAwMDAwMDAsInVwZGF0ZSI6MTIwMDAwMDAwMDAwMH19",
          "dependencies": [
            "module.core.google_project_service.extra_apis",
            "module.core.google_secret_manager_secret.admin_password_secret",
            "module.core.random_password.admin_password"
          ]
        }
      ]
    },
    {
      "module": "module.core",
      "mode": "managed",
      "type": "google_secret_manager_secret_version",
      "name": "db_password_version",
      "provider": "provider[\"registry.terraform.io/hashicorp/google\"]",
      "instances": [
        {
          "schema_version": 0,
          "attributes": {
            "create_time": "2026-01-17T15:37:50.891217Z",
            "deletion_policy": "DELETE",
            "destroy_time": "",
            "enabled": true,
            "id": "projects/617827263662/secrets/db-password-staging/versions/1",
            "is_secret_data_base64": false,
            "name": "projects/617827263662/secrets/db-password-staging/versions/1",
            "secret": "projects/celestial-biome-480601/secrets/db-password-staging",
            "secret_data": "0NmNPCwlv67zccZ4",
            "secret_data_wo": null,
            "secret_data_wo_version": 0,
            "timeouts": null,
            "version": "1"
          },
          "sensitive_attributes": [
            [
              {
                "type": "get_attr",
                "value": "secret_data"
              }
            ]
          ],
          "identity_schema_version": 0,
          "private": "eyJlMmJmYjczMC1lY2FhLTExZTYtOGY4OC0zNDM2M2JjN2M0YzAiOnsiY3JlYXRlIjoxMjAwMDAwMDAwMDAwLCJkZWxldGUiOjEyMDAwMDAwMDAwMDAsInVwZGF0ZSI6MTIwMDAwMDAwMDAwMH19",
          "dependencies": [
            "module.core.google_project_service.extra_apis",
            "module.core.google_secret_manager_secret.db_password_secret",
            "module.core.random_password.db_password"
          ]
        }
      ]
    },
    {
      "module": "module.core",
      "mode": "managed",
      "type": "google_service_account",
      "name": "github_actions",
      "provider": "provider[\"registry.terraform.io/hashicorp/google\"]",
      "instances": [
        {
          "schema_version": 0,
          "attributes": {
            "account_id": "github-actions-sa-staging",
            "create_ignore_already_exists": null,
            "description": "",
            "disabled": false,
            "display_name": "Service Account for GitHub Actions",
            "email": "github-actions-sa-staging@celestial-biome-480601.iam.gserviceaccount.com",
            "id": "projects/celestial-biome-480601/serviceAccounts/github-actions-sa-staging@celestial-biome-480601.iam.gserviceaccount.com",
            "member": "serviceAccount:github-actions-sa-staging@celestial-biome-480601.iam.gserviceaccount.com",
            "name": "projects/celestial-biome-480601/serviceAccounts/github-actions-sa-staging@celestial-biome-480601.iam.gserviceaccount.com",
            "project": "celestial-biome-480601",
            "timeouts": null,
            "unique_id": "101039749871148558016"
          },
          "sensitive_attributes": [],
          "identity_schema_version": 0,
          "private": "eyJlMmJmYjczMC1lY2FhLTExZTYtOGY4OC0zNDM2M2JjN2M0YzAiOnsiY3JlYXRlIjozMDAwMDAwMDAwMDB9fQ=="
        }
      ]
    },
    {
      "module": "module.core",
      "mode": "managed",
      "type": "google_service_account",
      "name": "job_runner",
      "provider": "provider[\"registry.terraform.io/hashicorp/google\"]",
      "instances": [
        {
          "schema_version": 0,
          "attributes": {
            "account_id": "job-runner-staging",
            "create_ignore_already_exists": null,
            "description": "",
            "disabled": false,
            "display_name": "Space Weather Job Runner",
            "email": "job-runner-staging@celestial-biome-480601.iam.gserviceaccount.com",
            "id": "projects/celestial-biome-480601/serviceAccounts/job-runner-staging@celestial-biome-480601.iam.gserviceaccount.com",
            "member": "serviceAccount:job-runner-staging@celestial-biome-480601.iam.gserviceaccount.com",
            "name": "projects/celestial-biome-480601/serviceAccounts/job-runner-staging@celestial-biome-480601.iam.gserviceaccount.com",
            "project": "celestial-biome-480601",
            "timeouts": null,
            "unique_id": "116388445284805260639"
          },
          "sensitive_attributes": [],
          "identity_schema_version": 0,
          "private": "eyJlMmJmYjczMC1lY2FhLTExZTYtOGY4OC0zNDM2M2JjN2M0YzAiOnsiY3JlYXRlIjozMDAwMDAwMDAwMDB9fQ=="
        }
      ]
    },
    {
      "module": "module.core",
      "mode": "managed",
      "type": "google_service_account_iam_member",
      "name": "wif_binding",
      "provider": "provider[\"registry.terraform.io/hashicorp/google\"]",
      "instances": [
        {
          "schema_version": 0,
          "attributes": {
            "condition": [],
            "etag": "BwZIlz6bOvo=",
            "id": "projects/celestial-biome-480601/serviceAccounts/github-actions-sa-staging@celestial-biome-480601.iam.gserviceaccount.com/roles/iam.workloadIdentityUser/principalSet://iam.googleapis.com/projects/617827263662/locations/global/workloadIdentityPools/celestial-pool-staging/*",
            "member": "principalSet://iam.googleapis.com/projects/617827263662/locations/global/workloadIdentityPools/celestial-pool-staging/*",
            "role": "roles/iam.workloadIdentityUser",
            "service_account_id": "projects/celestial-biome-480601/serviceAccounts/github-actions-sa-staging@celestial-biome-480601.iam.gserviceaccount.com"
          },
          "sensitive_attributes": [],
          "identity_schema_version": 0,
          "private": "bnVsbA==",
          "dependencies": [
            "module.core.google_iam_workload_identity_pool.github_pool",
            "module.core.google_project_service.apis",
            "module.core.google_service_account.github_actions"
          ]
        }
      ]
    },
    {
      "module": "module.core",
      "mode": "managed",
      "type": "google_sql_database",
      "name": "database",
      "provider": "provider[\"registry.terraform.io/hashicorp/google\"]",
      "instances": [
        {
          "schema_version": 0,
          "attributes": {
            "charset": "UTF8",
            "collation": "en_US.UTF8",
            "deletion_policy": "DELETE",
            "id": "projects/celestial-biome-480601/instances/celestial-db-instance-cf51abb9/databases/celestial_db",
            "instance": "celestial-db-instance-cf51abb9",
            "name": "celestial_db",
            "project": "celestial-biome-480601",
            "self_link": "https://sqladmin.googleapis.com/sql/v1beta4/projects/celestial-biome-480601/instances/celestial-db-instance-cf51abb9/databases/celestial_db",
            "timeouts": null
          },
          "sensitive_attributes": [],
          "identity_schema_version": 0,
          "private": "eyJlMmJmYjczMC1lY2FhLTExZTYtOGY4OC0zNDM2M2JjN2M0YzAiOnsiY3JlYXRlIjoxMjAwMDAwMDAwMDAwLCJkZWxldGUiOjEyMDAwMDAwMDAwMDAsInVwZGF0ZSI6MTIwMDAwMDAwMDAwMH19",
          "dependencies": [
            "module.core.google_project_service.extra_apis",
            "module.core.google_sql_database_instance.postgres",
            "module.core.random_id.suffix"
          ]
        }
      ]
    },
    {
      "module": "module.core",
      "mode": "managed",
      "type": "google_sql_database_instance",
      "name": "postgres",
      "provider": "provider[\"registry.terraform.io/hashicorp/google\"]",
      "instances": [
        {
          "schema_version": 0,
          "attributes": {
            "available_maintenance_versions": [],
            "clone": [],
            "connection_name": "celestial-biome-480601:asia-northeast1:celestial-db-instance-cf51abb9",
            "database_version": "POSTGRES_16",
            "deletion_protection": false,
            "dns_name": "",
            "dns_names": [],
            "encryption_key_name": null,
            "first_ip_address": "35.200.59.3",
            "id": "celestial-db-instance-cf51abb9",
            "instance_type": "CLOUD_SQL_INSTANCE",
            "ip_address": [
              {
                "ip_address": "35.200.59.3",
                "time_to_retire": "",
                "type": "PRIMARY"
              },
              {
                "ip_address": "34.146.72.215",
                "time_to_retire": "",
                "type": "OUTGOING"
              }
            ],
            "maintenance_version": "POSTGRES_16_11.R20251004.01_26",
            "master_instance_name": "",
            "name": "celestial-db-instance-cf51abb9",
            "node_count": 0,
            "private_ip_address": "",
            "project": "celestial-biome-480601",
            "psc_service_attachment_link": "",
            "public_ip_address": "35.200.59.3",
            "region": "asia-northeast1",
            "replica_configuration": [],
            "replica_names": [],
            "replication_cluster": [
              {
                "dr_replica": false,
                "failover_dr_replica_name": "",
                "psa_write_endpoint": ""
              }
            ],
            "restore_backup_context": [],
            "root_password": null,
            "self_link": "https://sqladmin.googleapis.com/sql/v1beta4/projects/celestial-biome-480601/instances/celestial-db-instance-cf51abb9",
            "server_ca_cert": [
              {
                "cert": "-----BEGIN CERTIFICATE-----\nMIIDfzCCAmegAwIBAgIBADANBgkqhkiG9w0BAQsFADB3MS0wKwYDVQQuEyRkY2Zi\nMmI4NS1mZmRiLTRmM2YtODkzZS05MGJlNWQ5MmI2NmMxIzAhBgNVBAMTGkdvb2ds\nZSBDbG91ZCBTUUwgU2VydmVyIENBMRQwEgYDVQQKEwtHb29nbGUsIEluYzELMAkG\nA1UEBhMCVVMwHhcNMjYwMTE3MTY0NzI2WhcNMzYwMTE1MTY0ODI2WjB3MS0wKwYD\nVQQuEyRkY2ZiMmI4NS1mZmRiLTRmM2YtODkzZS05MGJlNWQ5MmI2NmMxIzAhBgNV\nBAMTGkdvb2dsZSBDbG91ZCBTUUwgU2VydmVyIENBMRQwEgYDVQQKEwtHb29nbGUs\nIEluYzELMAkGA1UEBhMCVVMwggEiMA0GCSqGSIb3DQEBAQUAA4IBDwAwggEKAoIB\nAQCG3Rsnt9KBz1ReEToF0zJCuyBTuVmkwM1OZMYyH8c99ykJTHUtc36TPDZPthVL\nH0QPMS75a/PdTRtaP8sEtRK2jlNA3Gd/290rwBtiy72fkdLqRGdeQxSP3WkKp8PZ\ncNN38wRckw55WVMf9s+ukERyVN+ckXHT8M192QUWEbP77XIR0odxPdQ7lo2HFzwu\nI7gIQYse2M0KIykAvc2ywt3Fw2XgGk/t6AeSvxYZRJkSZRCQ2trN6EqYJr9oV+Ug\nAGRefde9byPPwBac/HaRfvCu+8MaNzU7kNyd+AoHbXtEes0AeAnh5fyQj703qD6/\n7ecovecwgjs/PDY3gIrLqCaxAgMBAAGjFjAUMBIGA1UdEwEB/wQIMAYBAf8CAQAw\nDQYJKoZIhvcNAQELBQADggEBADfWWlULuf720JbGbdZg0x4kw8Av6ln/HE5UAIRb\nI3Z3TpvCbwagrYkvAcYYc8McL7meijatVPeky1WE4Pu/FmAl4bFqrTKSeD68/3zQ\nYdTykW4LKvF4Hx+EJg8z+TQlj+02SNTCcXXvYSDM4RcZd00v6DZ/xEZO9pC4E4ja\nGzfapXwSNALevAKNPwh9Ra4VrK/KzCsvoNUcMkM1FD3fZHXrq0h0BW92mppV5Xp0\nhuF6cybqB/lahlJRSxH5Hvx7W6nrFo43yZD/Qz3hHqegYchxViiO69m8tt0nfTMd\njNXnKlkg7MtbvUWZ1lAr9SCQ99Y+2rht3ObMG/GZnBPzo4M=\n-----END CERTIFICATE-----",
                "common_name": "C=US,O=Google\\, Inc,CN=Google Cloud SQL Server CA,dnQualifier=dcfb2b85-ffdb-4f3f-893e-90be5d92b66c",
                "create_time": "2026-01-17T16:47:26.360Z",
                "expiration_time": "2036-01-15T16:48:26.360Z",
                "sha1_fingerprint": "b4ed6aa8f7400af1c3f247934db862009d3a7469"
              }
            ],
            "service_account_email_address": "p617827263662-wd0gzh@gcp-sa-cloud-sql.iam.gserviceaccount.com",
            "settings": [
              {
                "activation_policy": "ALWAYS",
                "active_directory_config": [],
                "advanced_machine_features": [],
                "availability_type": "ZONAL",
                "backup_configuration": [
                  {
                    "backup_retention_settings": [
                      {
                        "retained_backups": 7,
                        "retention_unit": "COUNT"
                      }
                    ],
                    "binary_log_enabled": false,
                    "enabled": false,
                    "location": "",
                    "point_in_time_recovery_enabled": false,
                    "start_time": "08:00",
                    "transaction_log_retention_days": 7
                  }
                ],
                "collation": "",
                "connection_pool_config": [],
                "connector_enforcement": "NOT_REQUIRED",
                "data_cache_config": [
                  {
                    "data_cache_enabled": false
                  }
                ],
                "database_flags": [],
                "deletion_protection_enabled": false,
                "deny_maintenance_period": [],
                "disk_autoresize": true,
                "disk_autoresize_limit": 0,
                "disk_size": 10,
                "disk_type": "PD_SSD",
                "edition": "ENTERPRISE",
                "effective_availability_type": "ZONAL",
                "enable_dataplex_integration": false,
                "enable_google_ml_integration": false,
                "insights_config": [],
                "ip_configuration": [
                  {
                    "allocated_ip_range": "",
                    "authorized_networks": [],
                    "custom_subject_alternative_names": [],
                    "enable_private_path_for_google_cloud_services": false,
                    "ipv4_enabled": true,
                    "private_network": "",
                    "psc_config": [],
                    "server_ca_mode": "GOOGLE_MANAGED_INTERNAL_CA",
                    "server_ca_pool": "",
                    "ssl_mode": "ALLOW_UNENCRYPTED_AND_ENCRYPTED"
                  }
                ],
                "location_preference": [
                  {
                    "follow_gae_application": "",
                    "secondary_zone": "",
                    "zone": "asia-northeast1-b"
                  }
                ],
                "maintenance_window": [],
                "password_validation_policy": [],
                "pricing_plan": "PER_USE",
                "retain_backups_on_delete": false,
                "sql_server_audit_config": [],
                "tier": "db-f1-micro",
                "time_zone": "",
                "user_labels": {},
                "version": 4
              }
            ],
            "timeouts": null
          },
          "sensitive_attributes": [
            [
              {
                "type": "get_attr",
                "value": "root_password"
              }
            ],
            [
              {
                "type": "get_attr",
                "value": "server_ca_cert"
              }
            ]
          ],
          "identity_schema_version": 0,
          "private": "eyJlMmJmYjczMC1lY2FhLTExZTYtOGY4OC0zNDM2M2JjN2M0YzAiOnsiY3JlYXRlIjo1NDAwMDAwMDAwMDAwLCJkZWxldGUiOjU0MDAwMDAwMDAwMDAsInVwZGF0ZSI6NTQwMDAwMDAwMDAwMH19",
          "dependencies": [
            "module.core.google_project_service.extra_apis",
            "module.core.random_id.suffix"
          ]
        }
      ]
    },
    {
      "module": "module.core",
      "mode": "managed",
      "type": "google_sql_user",
      "name": "users",
      "provider": "provider[\"registry.terraform.io/hashicorp/google\"]",
      "instances": [
        {
          "schema_version": 1,
          "attributes": {
            "deletion_policy": null,
            "host": "",
            "id": "celestial_user//celestial-db-instance-cf51abb9",
            "instance": "celestial-db-instance-cf51abb9",
            "name": "celestial_user",
            "password": "0NmNPCwlv67zccZ4",
            "password_policy": [],
            "password_wo": null,
            "password_wo_version": null,
            "project": "celestial-biome-480601",
            "sql_server_user_details": [],
            "timeouts": null,
            "type": ""
          },
          "sensitive_attributes": [
            [
              {
                "type": "get_attr",
                "value": "password"
              }
            ]
          ],
          "identity_schema_version": 0,
          "private": "eyJlMmJmYjczMC1lY2FhLTExZTYtOGY4OC0zNDM2M2JjN2M0YzAiOnsiY3JlYXRlIjo2MDAwMDAwMDAwMDAsImRlbGV0ZSI6NjAwMDAwMDAwMDAwLCJ1cGRhdGUiOjYwMDAwMDAwMDAwMH0sInNjaGVtYV92ZXJzaW9uIjoiMSJ9",
          "dependencies": [
            "module.core.google_project_service.extra_apis",
            "module.core.google_sql_database_instance.postgres",
            "module.core.random_id.suffix",
            "module.core.random_password.db_password"
          ]
        }
      ]
    },
    {
      "module": "module.core",
      "mode": "managed",
      "type": "random_id",
      "name": "suffix",
      "provider": "provider[\"registry.terraform.io/hashicorp/random\"]",
      "instances": [
        {
          "schema_version": 0,
          "attributes": {
            "b64_std": "z1GruQ==",
            "b64_url": "z1GruQ",
            "byte_length": 4,
            "dec": "3478236089",
            "hex": "cf51abb9",
            "id": "z1GruQ",
            "keepers": null,
            "prefix": null
          },
          "sensitive_attributes": [],
          "identity_schema_version": 0
        }
      ]
    },
    {
      "module": "module.core",
      "mode": "managed",
      "type": "random_password",
      "name": "admin_password",
      "provider": "provider[\"registry.terraform.io/hashicorp/random\"]",
      "instances": [
        {
          "schema_version": 3,
          "attributes": {
            "bcrypt_hash": "$2a$10$ITNEQFS5XcAtwX8Qz/iUhe/IhjKUf6ov0EAspNdWjQ4K/BwFCDaxe",
            "id": "none",
            "keepers": null,
            "length": 16,
            "lower": true,
            "min_lower": 0,
            "min_numeric": 0,
            "min_special": 0,
            "min_upper": 0,
            "number": true,
            "numeric": true,
            "override_special": null,
            "result": "OtJryNXcKkfe1Cn6",
            "special": false,
            "upper": true
          },
          "sensitive_attributes": [
            [
              {
                "type": "get_attr",
                "value": "bcrypt_hash"
              }
            ],
            [
              {
                "type": "get_attr",
                "value": "result"
              }
            ]
          ],
          "identity_schema_version": 0
        }
      ]
    },
    {
      "module": "module.core",
      "mode": "managed",
      "type": "random_password",
      "name": "db_password",
      "provider": "provider[\"registry.terraform.io/hashicorp/random\"]",
      "instances": [
        {
          "schema_version": 3,
          "attributes": {
            "bcrypt_hash": "$2a$10$NzULGyhddftv393YLGaldOWG6aUq8PB5jN/XANxsPaT/JhIa5oche",
            "id": "none",
            "keepers": null,
            "length": 16,
            "lower": true,
            "min_lower": 0,
            "min_numeric": 0,
            "min_special": 0,
            "min_upper": 0,
            "number": true,
            "numeric": true,
            "override_special": null,
            "result": "0NmNPCwlv67zccZ4",
            "special": false,
            "upper": true
          },
          "sensitive_attributes": [
            [
              {
                "type": "get_attr",
                "value": "bcrypt_hash"
              }
            ],
            [
              {
                "type": "get_attr",
                "value": "result"
              }
            ]
          ],
          "identity_schema_version": 0
        }
      ]
    },
    {
      "module": "module.core",
      "mode": "managed",
      "type": "sentry_project",
      "name": "backend",
      "provider": "provider[\"registry.terraform.io/jianyuan/sentry\"]",
      "instances": [
        {
          "schema_version": 0,
          "attributes": {
            "client_security": {
              "allowed_domains": [
                "*"
              ],
              "scrape_javascript": true,
              "security_token": "3b9804aaf3c411f0ba8afa1341a806c0",
              "security_token_header": "",
              "verify_tls_ssl": false
            },
            "default_key": null,
            "default_rules": null,
            "digests_max_delay": 1800,
            "digests_min_delay": 300,
            "features": [
              "alert-filters",
              "custom-inbound-filters",
              "data-forwarding",
              "discard-groups",
              "profile-functions-metrics-eap-ingestion",
              "project-detail-apple-app-hang-rate",
              "rate-limits",
              "releases",
              "servicehooks",
              "similarity-embeddings",
              "similarity-indexing",
              "similarity-view",
              "span-metrics-extraction",
              "span-metrics-extraction-addons"
            ],
            "filters": {
              "blacklisted_ips": [],
              "error_messages": [],
              "releases": []
            },
            "fingerprinting_rules": "",
            "grouping_enhancements": "",
            "highlight_tags": [
              "handled",
              "level",
              "url"
            ],
            "id": "celestial-biome-backend-staging",
            "internal_id": "4510726775963649",
            "name": "Celestial Biome Backend-staging",
            "organization": "celestial-biome",
            "platform": "python-django",
            "resolve_age": 720,
            "slug": "celestial-biome-backend-staging",
            "teams": [
              "engineering-staging"
            ]
          },
          "sensitive_attributes": [],
          "identity_schema_version": 0,
          "dependencies": [
            "module.core.sentry_team.main"
          ]
        }
      ]
    },
    {
      "module": "module.core",
      "mode": "managed",
      "type": "sentry_project",
      "name": "frontend",
      "provider": "provider[\"registry.terraform.io/jianyuan/sentry\"]",
      "instances": [
        {
          "schema_version": 0,
          "attributes": {
            "client_security": {
              "allowed_domains": [
                "*"
              ],
              "scrape_javascript": true,
              "security_token": "3baa0056f3c411f0afd5aa15666c6a84",
              "security_token_header": "",
              "verify_tls_ssl": false
            },
            "default_key": null,
            "default_rules": null,
            "digests_max_delay": 1800,
            "digests_min_delay": 300,
            "features": [
              "alert-filters",
              "custom-inbound-filters",
              "data-forwarding",
              "discard-groups",
              "profile-functions-metrics-eap-ingestion",
              "project-detail-apple-app-hang-rate",
              "rate-limits",
              "releases",
              "servicehooks",
              "similarity-embeddings",
              "similarity-indexing",
              "similarity-view",
              "span-metrics-extraction",
              "span-metrics-extraction-addons"
            ],
            "filters": {
              "blacklisted_ips": [],
              "error_messages": [],
              "releases": []
            },
            "fingerprinting_rules": "",
            "grouping_enhancements": "",
            "highlight_tags": [
              "handled",
              "level",
              "url"
            ],
            "id": "celestial-biome-frontend-staging",
            "internal_id": "4510726775963648",
            "name": "Celestial Biome Frontend-staging",
            "organization": "celestial-biome",
            "platform": "javascript-nextjs",
            "resolve_age": 0,
            "slug": "celestial-biome-frontend-staging",
            "teams": [
              "engineering-staging"
            ]
          },
          "sensitive_attributes": [],
          "identity_schema_version": 0,
          "dependencies": [
            "module.core.sentry_team.main"
          ]
        }
      ]
    },
    {
      "module": "module.core",
      "mode": "managed",
      "type": "sentry_team",
      "name": "main",
      "provider": "provider[\"registry.terraform.io/jianyuan/sentry\"]",
      "instances": [
        {
          "schema_version": 0,
          "attributes": {
            "has_access": true,
            "id": "engineering-staging",
            "internal_id": "4510726775898112",
            "is_member": true,
            "is_pending": false,
            "name": "Celestial Engineering-staging",
            "organization": "celestial-biome",
            "slug": "engineering-staging",
            "team_id": "4510726775898112"
          },
          "sensitive_attributes": [],
          "identity_schema_version": 0,
          "private": "bnVsbA=="
        }
      ]
    }
  ],
  "check_results": null
}
